{
  "version": 4,
  "terraform_version": "1.9.8",
  "serial": 2412,
  "lineage": "ea68e502-a528-57fd-7eb2-cc36d5f588da",
  "outputs": {
    "LoadBalancer_IP": {
      "value": "Terraform-Webserver-ALB-739209996.eu-west-1.elb.amazonaws.com",
      "type": "string"
    },
    "api_gateway_url": {
      "value": "value: https://25ccqzzokg.execute-api.eu-west-1.amazonaws.com/production/upload",
      "type": "string"
    },
    "efs_dns_name": {
      "value": "fs-02ca203053786e8dd.efs.eu-west-1.amazonaws.com",
      "type": "string"
    },
    "sql": {
      "value": "sudo mysql -h 10.0.1.31 -u remote -premote -e 'SELECT * FROM files.file'",
      "type": "string"
    }
  },
  "resources": [
    {
      "mode": "data",
      "type": "aws_region",
      "name": "current",
      "provider": "provider[\"registry.terraform.io/hashicorp/aws\"]",
      "instances": [
        {
          "schema_version": 0,
          "attributes": {
            "description": "Europe (Ireland)",
            "endpoint": "ec2.eu-west-1.amazonaws.com",
            "id": "eu-west-1",
            "name": "eu-west-1"
          },
          "sensitive_attributes": []
        }
      ]
    },
    {
      "mode": "managed",
      "type": "aws_apigatewayv2_api",
      "name": "http_api",
      "provider": "provider[\"registry.terraform.io/hashicorp/aws\"]",
      "instances": [
        {
          "schema_version": 0,
          "attributes": {
            "api_endpoint": "https://25ccqzzokg.execute-api.eu-west-1.amazonaws.com",
            "api_key_selection_expression": "$request.header.x-api-key",
            "arn": "arn:aws:apigateway:eu-west-1::/apis/25ccqzzokg",
            "body": null,
            "cors_configuration": [],
            "credentials_arn": null,
            "description": "",
            "disable_execute_api_endpoint": false,
            "execution_arn": "arn:aws:execute-api:eu-west-1:491085428405:25ccqzzokg",
            "fail_on_warnings": null,
            "id": "25ccqzzokg",
            "name": "LambdaHTTPAPI",
            "protocol_type": "HTTP",
            "route_key": null,
            "route_selection_expression": "$request.method $request.path",
            "tags": {
              "Name": "HTTPAPITrigger"
            },
            "tags_all": {
              "Name": "HTTPAPITrigger"
            },
            "target": null,
            "version": ""
          },
          "sensitive_attributes": [],
          "private": "bnVsbA=="
        }
      ]
    },
    {
      "mode": "managed",
      "type": "aws_apigatewayv2_integration",
      "name": "lambda_integration",
      "provider": "provider[\"registry.terraform.io/hashicorp/aws\"]",
      "instances": [
        {
          "schema_version": 0,
          "attributes": {
            "api_id": "25ccqzzokg",
            "connection_id": "",
            "connection_type": "INTERNET",
            "content_handling_strategy": "",
            "credentials_arn": "",
            "description": "",
            "id": "1qailae",
            "integration_method": "POST",
            "integration_response_selection_expression": "",
            "integration_subtype": "",
            "integration_type": "AWS_PROXY",
            "integration_uri": "arn:aws:lambda:eu-west-1:491085428405:function:uploadFileToS3",
            "passthrough_behavior": "",
            "payload_format_version": "1.0",
            "request_parameters": null,
            "request_templates": null,
            "response_parameters": [],
            "template_selection_expression": "",
            "timeout_milliseconds": 30000,
            "tls_config": []
          },
          "sensitive_attributes": [],
          "private": "bnVsbA==",
          "dependencies": [
            "aws_apigatewayv2_api.http_api",
            "aws_iam_role.lambda_role",
            "aws_lambda_function.upload_file_lambda",
            "aws_s3_bucket.Terraform-Bucket"
          ]
        }
      ]
    },
    {
      "mode": "managed",
      "type": "aws_apigatewayv2_route",
      "name": "http_route",
      "provider": "provider[\"registry.terraform.io/hashicorp/aws\"]",
      "instances": [
        {
          "schema_version": 0,
          "attributes": {
            "api_id": "25ccqzzokg",
            "api_key_required": false,
            "authorization_scopes": null,
            "authorization_type": "NONE",
            "authorizer_id": "",
            "id": "d7ksl3o",
            "model_selection_expression": "",
            "operation_name": "",
            "request_models": null,
            "request_parameter": [],
            "route_key": "POST /upload",
            "route_response_selection_expression": "",
            "target": "integrations/1qailae"
          },
          "sensitive_attributes": [],
          "private": "bnVsbA==",
          "dependencies": [
            "aws_apigatewayv2_api.http_api",
            "aws_apigatewayv2_integration.lambda_integration",
            "aws_iam_role.lambda_role",
            "aws_lambda_function.upload_file_lambda",
            "aws_s3_bucket.Terraform-Bucket"
          ]
        }
      ]
    },
    {
      "mode": "managed",
      "type": "aws_apigatewayv2_stage",
      "name": "production_stage",
      "provider": "provider[\"registry.terraform.io/hashicorp/aws\"]",
      "instances": [
        {
          "schema_version": 0,
          "attributes": {
            "access_log_settings": [],
            "api_id": "25ccqzzokg",
            "arn": "arn:aws:apigateway:eu-west-1::/apis/25ccqzzokg/stages/production",
            "auto_deploy": true,
            "client_certificate_id": "",
            "default_route_settings": [
              {
                "data_trace_enabled": false,
                "detailed_metrics_enabled": false,
                "logging_level": "",
                "throttling_burst_limit": 0,
                "throttling_rate_limit": 0
              }
            ],
            "deployment_id": "",
            "description": "",
            "execution_arn": "arn:aws:execute-api:eu-west-1:491085428405:25ccqzzokg/production",
            "id": "production",
            "invoke_url": "https://25ccqzzokg.execute-api.eu-west-1.amazonaws.com/production",
            "name": "production",
            "route_settings": [],
            "stage_variables": null,
            "tags": {
              "Name": "ProductionStage"
            },
            "tags_all": {
              "Name": "ProductionStage"
            }
          },
          "sensitive_attributes": [],
          "private": "bnVsbA==",
          "dependencies": [
            "aws_apigatewayv2_api.http_api"
          ]
        }
      ]
    },
    {
      "mode": "managed",
      "type": "aws_efs_file_system",
      "name": "terraform_efs",
      "provider": "provider[\"registry.terraform.io/hashicorp/aws\"]",
      "instances": [
        {
          "schema_version": 0,
          "attributes": {
            "arn": "arn:aws:elasticfilesystem:eu-west-1:491085428405:file-system/fs-02ca203053786e8dd",
            "availability_zone_id": "",
            "availability_zone_name": "",
            "creation_token": "terraform-efs",
            "dns_name": "fs-02ca203053786e8dd.efs.eu-west-1.amazonaws.com",
            "encrypted": false,
            "id": "fs-02ca203053786e8dd",
            "kms_key_id": "",
            "lifecycle_policy": [],
            "name": "Terraform-EFS",
            "number_of_mount_targets": 0,
            "owner_id": "491085428405",
            "performance_mode": "generalPurpose",
            "protection": [
              {
                "replication_overwrite": "ENABLED"
              }
            ],
            "provisioned_throughput_in_mibps": 0,
            "size_in_bytes": [
              {
                "value": 6144,
                "value_in_ia": 0,
                "value_in_standard": 6144
              }
            ],
            "tags": {
              "Name": "Terraform-EFS"
            },
            "tags_all": {
              "Name": "Terraform-EFS"
            },
            "throughput_mode": "bursting"
          },
          "sensitive_attributes": [],
          "private": "bnVsbA=="
        }
      ]
    },
    {
      "mode": "managed",
      "type": "aws_efs_mount_target",
      "name": "subnet1_mount_target",
      "provider": "provider[\"registry.terraform.io/hashicorp/aws\"]",
      "instances": [
        {
          "schema_version": 0,
          "attributes": {
            "availability_zone_id": "euw1-az3",
            "availability_zone_name": "eu-west-1a",
            "dns_name": "fs-02ca203053786e8dd.efs.eu-west-1.amazonaws.com",
            "file_system_arn": "arn:aws:elasticfilesystem:eu-west-1:491085428405:file-system/fs-02ca203053786e8dd",
            "file_system_id": "fs-02ca203053786e8dd",
            "id": "fsmt-0bf94594fae8e5599",
            "ip_address": "10.0.1.22",
            "mount_target_dns_name": "eu-west-1a.fs-02ca203053786e8dd.efs.eu-west-1.amazonaws.com",
            "network_interface_id": "eni-0cff9b4258b64e614",
            "owner_id": "491085428405",
            "security_groups": [
              "sg-0d420651c0edcb7e1"
            ],
            "subnet_id": "subnet-030e55e746d1be52e",
            "timeouts": null
          },
          "sensitive_attributes": [],
          "private": "eyJlMmJmYjczMC1lY2FhLTExZTYtOGY4OC0zNDM2M2JjN2M0YzAiOnsiY3JlYXRlIjoxODAwMDAwMDAwMDAwLCJkZWxldGUiOjYwMDAwMDAwMDAwMH19",
          "dependencies": [
            "aws_efs_file_system.terraform_efs",
            "aws_security_group.terraform_efs_sg",
            "aws_subnet.subnet1",
            "aws_vpc.Terraform-VPC-test"
          ]
        }
      ]
    },
    {
      "mode": "managed",
      "type": "aws_efs_mount_target",
      "name": "subnet2_mount_target",
      "provider": "provider[\"registry.terraform.io/hashicorp/aws\"]",
      "instances": [
        {
          "schema_version": 0,
          "attributes": {
            "availability_zone_id": "euw1-az1",
            "availability_zone_name": "eu-west-1b",
            "dns_name": "fs-02ca203053786e8dd.efs.eu-west-1.amazonaws.com",
            "file_system_arn": "arn:aws:elasticfilesystem:eu-west-1:491085428405:file-system/fs-02ca203053786e8dd",
            "file_system_id": "fs-02ca203053786e8dd",
            "id": "fsmt-06aaf9c2c1678ed2c",
            "ip_address": "10.0.2.113",
            "mount_target_dns_name": "eu-west-1b.fs-02ca203053786e8dd.efs.eu-west-1.amazonaws.com",
            "network_interface_id": "eni-02418f74e2c0aef94",
            "owner_id": "491085428405",
            "security_groups": [
              "sg-0d420651c0edcb7e1"
            ],
            "subnet_id": "subnet-0d5b79e57d1a3b633",
            "timeouts": null
          },
          "sensitive_attributes": [],
          "private": "eyJlMmJmYjczMC1lY2FhLTExZTYtOGY4OC0zNDM2M2JjN2M0YzAiOnsiY3JlYXRlIjoxODAwMDAwMDAwMDAwLCJkZWxldGUiOjYwMDAwMDAwMDAwMH19",
          "dependencies": [
            "aws_efs_file_system.terraform_efs",
            "aws_security_group.terraform_efs_sg",
            "aws_subnet.subnet2",
            "aws_vpc.Terraform-VPC-test"
          ]
        }
      ]
    },
    {
      "mode": "managed",
      "type": "aws_iam_instance_profile",
      "name": "terraform_instance_profile",
      "provider": "provider[\"registry.terraform.io/hashicorp/aws\"]",
      "instances": [
        {
          "schema_version": 0,
          "attributes": {
            "arn": "arn:aws:iam::491085428405:instance-profile/terraform-instance-profile",
            "create_date": "2024-12-15T14:46:22Z",
            "id": "terraform-instance-profile",
            "name": "terraform-instance-profile",
            "name_prefix": "",
            "path": "/",
            "role": "terraform-role",
            "tags": null,
            "tags_all": {},
            "unique_id": "AIPAXEVXY622VU2EESPPB"
          },
          "sensitive_attributes": [],
          "private": "bnVsbA==",
          "dependencies": [
            "aws_iam_role.terraform_role"
          ]
        }
      ]
    },
    {
      "mode": "managed",
      "type": "aws_iam_policy",
      "name": "lambda_s3_policy",
      "provider": "provider[\"registry.terraform.io/hashicorp/aws\"]",
      "instances": [
        {
          "schema_version": 0,
          "attributes": {
            "arn": "arn:aws:iam::491085428405:policy/lambda-s3-policy",
            "attachment_count": 0,
            "description": "Allow Lambda to access S3",
            "id": "arn:aws:iam::491085428405:policy/lambda-s3-policy",
            "name": "lambda-s3-policy",
            "name_prefix": "",
            "path": "/",
            "policy": "{\"Statement\":[{\"Action\":[\"s3:PutObject\",\"s3:GetObject\"],\"Effect\":\"Allow\",\"Resource\":\"arn:aws:s3:::r0938274-terraform-file-upload-bucket/*\"}],\"Version\":\"2012-10-17\"}",
            "policy_id": "ANPAXEVXY6226HWHBO7FT",
            "tags": null,
            "tags_all": {}
          },
          "sensitive_attributes": [],
          "private": "bnVsbA==",
          "dependencies": [
            "aws_s3_bucket.Terraform-Bucket"
          ]
        }
      ]
    },
    {
      "mode": "managed",
      "type": "aws_iam_policy",
      "name": "terraform_s3_policy",
      "provider": "provider[\"registry.terraform.io/hashicorp/aws\"]",
      "instances": [
        {
          "schema_version": 0,
          "attributes": {
            "arn": "arn:aws:iam::491085428405:policy/TerraformS3Policy",
            "attachment_count": 0,
            "description": "S3 permissions for Terraform",
            "id": "arn:aws:iam::491085428405:policy/TerraformS3Policy",
            "name": "TerraformS3Policy",
            "name_prefix": "",
            "path": "/",
            "policy": "{\"Statement\":[{\"Action\":[\"s3:ListBucket\",\"s3:GetObject\",\"s3:PutObject\"],\"Effect\":\"Allow\",\"Resource\":[\"arn:aws:s3:::r0938274-terraform-file-upload-bucket\",\"arn:aws:s3:::r0938274-terraform-file-upload-bucket/*\"]}],\"Version\":\"2012-10-17\"}",
            "policy_id": "ANPAXEVXY62233BR2QTFL",
            "tags": null,
            "tags_all": {}
          },
          "sensitive_attributes": [],
          "private": "bnVsbA=="
        }
      ]
    },
    {
      "mode": "managed",
      "type": "aws_iam_role",
      "name": "lambda_role",
      "provider": "provider[\"registry.terraform.io/hashicorp/aws\"]",
      "instances": [
        {
          "schema_version": 0,
          "attributes": {
            "arn": "arn:aws:iam::491085428405:role/terraform-lambda-role",
            "assume_role_policy": "{\"Statement\":[{\"Action\":\"sts:AssumeRole\",\"Effect\":\"Allow\",\"Principal\":{\"Service\":\"lambda.amazonaws.com\"}}],\"Version\":\"2012-10-17\"}",
            "create_date": "2024-12-15T14:46:22Z",
            "description": "",
            "force_detach_policies": false,
            "id": "terraform-lambda-role",
            "inline_policy": [],
            "managed_policy_arns": [],
            "max_session_duration": 3600,
            "name": "terraform-lambda-role",
            "name_prefix": "",
            "path": "/",
            "permissions_boundary": "",
            "tags": {
              "Name": "LambdaRole"
            },
            "tags_all": {
              "Name": "LambdaRole"
            },
            "unique_id": "AROAXEVXY622SLCWUYC52"
          },
          "sensitive_attributes": [],
          "private": "bnVsbA=="
        }
      ]
    },
    {
      "mode": "managed",
      "type": "aws_iam_role",
      "name": "terraform_role",
      "provider": "provider[\"registry.terraform.io/hashicorp/aws\"]",
      "instances": [
        {
          "schema_version": 0,
          "attributes": {
            "arn": "arn:aws:iam::491085428405:role/terraform-role",
            "assume_role_policy": "{\"Statement\":[{\"Action\":\"sts:AssumeRole\",\"Effect\":\"Allow\",\"Principal\":{\"Service\":\"ec2.amazonaws.com\"},\"Sid\":\"\"}],\"Version\":\"2012-10-17\"}",
            "create_date": "2024-12-15T14:46:22Z",
            "description": "",
            "force_detach_policies": false,
            "id": "terraform-role",
            "inline_policy": [],
            "managed_policy_arns": [],
            "max_session_duration": 3600,
            "name": "terraform-role",
            "name_prefix": "",
            "path": "/",
            "permissions_boundary": "",
            "tags": null,
            "tags_all": {},
            "unique_id": "AROAXEVXY622QIQ2AOGIZ"
          },
          "sensitive_attributes": [],
          "private": "bnVsbA=="
        }
      ]
    },
    {
      "mode": "managed",
      "type": "aws_iam_role_policy_attachment",
      "name": "attach_s3_policy",
      "provider": "provider[\"registry.terraform.io/hashicorp/aws\"]",
      "instances": [
        {
          "schema_version": 0,
          "attributes": {
            "id": "terraform-role-20241215144602220000000001",
            "policy_arn": "arn:aws:iam::491085428405:policy/TerraformS3Policy",
            "role": "terraform-role"
          },
          "sensitive_attributes": [],
          "private": "bnVsbA==",
          "dependencies": [
            "aws_iam_policy.terraform_s3_policy",
            "aws_iam_role.terraform_role"
          ]
        }
      ]
    },
    {
      "mode": "managed",
      "type": "aws_iam_role_policy_attachment",
      "name": "lambda_s3_policy_attachment",
      "provider": "provider[\"registry.terraform.io/hashicorp/aws\"]",
      "instances": [
        {
          "schema_version": 0,
          "attributes": {
            "id": "terraform-lambda-role-20241215144603824300000002",
            "policy_arn": "arn:aws:iam::491085428405:policy/lambda-s3-policy",
            "role": "terraform-lambda-role"
          },
          "sensitive_attributes": [],
          "private": "bnVsbA==",
          "dependencies": [
            "aws_iam_policy.lambda_s3_policy",
            "aws_iam_role.lambda_role",
            "aws_s3_bucket.Terraform-Bucket"
          ]
        }
      ]
    },
    {
      "mode": "managed",
      "type": "aws_instance",
      "name": "Terraform-API",
      "provider": "provider[\"registry.terraform.io/hashicorp/aws\"]",
      "instances": [
        {
          "schema_version": 1,
          "attributes": {
            "ami": "ami-0d64bb532e0502c46",
            "arn": "arn:aws:ec2:eu-west-1:491085428405:instance/i-090e04921556b8b28",
            "associate_public_ip_address": true,
            "availability_zone": "eu-west-1a",
            "capacity_reservation_specification": [
              {
                "capacity_reservation_preference": "open",
                "capacity_reservation_target": []
              }
            ],
            "cpu_core_count": 1,
            "cpu_options": [
              {
                "amd_sev_snp": "",
                "core_count": 1,
                "threads_per_core": 1
              }
            ],
            "cpu_threads_per_core": 1,
            "credit_specification": [
              {
                "cpu_credits": "standard"
              }
            ],
            "disable_api_stop": false,
            "disable_api_termination": false,
            "ebs_block_device": [],
            "ebs_optimized": false,
            "enclave_options": [
              {
                "enabled": false
              }
            ],
            "ephemeral_block_device": [],
            "get_password_data": false,
            "hibernation": false,
            "host_id": "",
            "host_resource_group_arn": null,
            "iam_instance_profile": "",
            "id": "i-090e04921556b8b28",
            "instance_initiated_shutdown_behavior": "stop",
            "instance_lifecycle": "",
            "instance_market_options": [],
            "instance_state": "running",
            "instance_type": "t2.micro",
            "ipv6_address_count": 0,
            "ipv6_addresses": [],
            "key_name": "terraform-keypair",
            "launch_template": [],
            "maintenance_options": [
              {
                "auto_recovery": "default"
              }
            ],
            "metadata_options": [
              {
                "http_endpoint": "enabled",
                "http_protocol_ipv6": "disabled",
                "http_put_response_hop_limit": 2,
                "http_tokens": "optional",
                "instance_metadata_tags": "disabled"
              }
            ],
            "monitoring": false,
            "network_interface": [],
            "outpost_arn": "",
            "password_data": "",
            "placement_group": "",
            "placement_partition_number": 0,
            "primary_network_interface_id": "eni-006d409e33af16b6c",
            "private_dns": "ip-10-0-1-18.eu-west-1.compute.internal",
            "private_dns_name_options": [
              {
                "enable_resource_name_dns_a_record": false,
                "enable_resource_name_dns_aaaa_record": false,
                "hostname_type": "ip-name"
              }
            ],
            "private_ip": "10.0.1.18",
            "public_dns": "ec2-52-209-53-85.eu-west-1.compute.amazonaws.com",
            "public_ip": "52.209.53.85",
            "root_block_device": [
              {
                "delete_on_termination": true,
                "device_name": "/dev/sda1",
                "encrypted": false,
                "iops": 3000,
                "kms_key_id": "",
                "tags": {},
                "tags_all": {},
                "throughput": 125,
                "volume_id": "vol-052b0fd18d726afd9",
                "volume_size": 8,
                "volume_type": "gp3"
              }
            ],
            "secondary_private_ips": [],
            "security_groups": [],
            "source_dest_check": true,
            "spot_instance_request_id": "",
            "subnet_id": "subnet-030e55e746d1be52e",
            "tags": {
              "Name": "API-Server"
            },
            "tags_all": {
              "Name": "API-Server"
            },
            "tenancy": "default",
            "timeouts": null,
            "user_data": "87766bea3b87f604e4f1774de4b8d147554a9ecf",
            "user_data_base64": null,
            "user_data_replace_on_change": false,
            "volume_tags": null,
            "vpc_security_group_ids": [
              "sg-020e073bd9055e3ad"
            ]
          },
          "sensitive_attributes": [],
          "private": "eyJlMmJmYjczMC1lY2FhLTExZTYtOGY4OC0zNDM2M2JjN2M0YzAiOnsiY3JlYXRlIjo2MDAwMDAwMDAwMDAsImRlbGV0ZSI6MTIwMDAwMDAwMDAwMCwicmVhZCI6OTAwMDAwMDAwMDAwLCJ1cGRhdGUiOjYwMDAwMDAwMDAwMH0sInNjaGVtYV92ZXJzaW9uIjoiMSJ9",
          "dependencies": [
            "aws_security_group.Terraform-SG",
            "aws_subnet.subnet1",
            "aws_vpc.Terraform-VPC-test"
          ]
        }
      ]
    },
    {
      "mode": "managed",
      "type": "aws_instance",
      "name": "Terraform-Apache",
      "provider": "provider[\"registry.terraform.io/hashicorp/aws\"]",
      "instances": [
        {
          "index_key": 0,
          "schema_version": 1,
          "attributes": {
            "ami": "ami-0d64bb532e0502c46",
            "arn": "arn:aws:ec2:eu-west-1:491085428405:instance/i-0ee4efba64a97fdf7",
            "associate_public_ip_address": true,
            "availability_zone": "eu-west-1a",
            "capacity_reservation_specification": [
              {
                "capacity_reservation_preference": "open",
                "capacity_reservation_target": []
              }
            ],
            "cpu_core_count": 1,
            "cpu_options": [
              {
                "amd_sev_snp": "",
                "core_count": 1,
                "threads_per_core": 1
              }
            ],
            "cpu_threads_per_core": 1,
            "credit_specification": [
              {
                "cpu_credits": "standard"
              }
            ],
            "disable_api_stop": false,
            "disable_api_termination": false,
            "ebs_block_device": [],
            "ebs_optimized": false,
            "enclave_options": [
              {
                "enabled": false
              }
            ],
            "ephemeral_block_device": [],
            "get_password_data": false,
            "hibernation": false,
            "host_id": "",
            "host_resource_group_arn": null,
            "iam_instance_profile": "terraform-instance-profile",
            "id": "i-0ee4efba64a97fdf7",
            "instance_initiated_shutdown_behavior": "stop",
            "instance_lifecycle": "",
            "instance_market_options": [],
            "instance_state": "running",
            "instance_type": "t2.micro",
            "ipv6_address_count": 0,
            "ipv6_addresses": [],
            "key_name": "terraform-keypair",
            "launch_template": [],
            "maintenance_options": [
              {
                "auto_recovery": "default"
              }
            ],
            "metadata_options": [
              {
                "http_endpoint": "enabled",
                "http_protocol_ipv6": "disabled",
                "http_put_response_hop_limit": 2,
                "http_tokens": "optional",
                "instance_metadata_tags": "disabled"
              }
            ],
            "monitoring": false,
            "network_interface": [],
            "outpost_arn": "",
            "password_data": "",
            "placement_group": "",
            "placement_partition_number": 0,
            "primary_network_interface_id": "eni-08dd232de90a4e5ed",
            "private_dns": "ip-10-0-1-80.eu-west-1.compute.internal",
            "private_dns_name_options": [
              {
                "enable_resource_name_dns_a_record": false,
                "enable_resource_name_dns_aaaa_record": false,
                "hostname_type": "ip-name"
              }
            ],
            "private_ip": "10.0.1.80",
            "public_dns": "ec2-108-129-158-49.eu-west-1.compute.amazonaws.com",
            "public_ip": "108.129.158.49",
            "root_block_device": [
              {
                "delete_on_termination": true,
                "device_name": "/dev/sda1",
                "encrypted": false,
                "iops": 3000,
                "kms_key_id": "",
                "tags": {},
                "tags_all": {},
                "throughput": 125,
                "volume_id": "vol-08a20fc41369afda7",
                "volume_size": 8,
                "volume_type": "gp3"
              }
            ],
            "secondary_private_ips": [],
            "security_groups": [],
            "source_dest_check": true,
            "spot_instance_request_id": "",
            "subnet_id": "subnet-030e55e746d1be52e",
            "tags": {
              "Name": "Apache-Webserver"
            },
            "tags_all": {
              "Name": "Apache-Webserver"
            },
            "tenancy": "default",
            "timeouts": null,
            "user_data": "821593217ddcbc25318426da6f98163b51599612",
            "user_data_base64": null,
            "user_data_replace_on_change": false,
            "volume_tags": null,
            "vpc_security_group_ids": [
              "sg-020e073bd9055e3ad"
            ]
          },
          "sensitive_attributes": [],
          "private": "eyJlMmJmYjczMC1lY2FhLTExZTYtOGY4OC0zNDM2M2JjN2M0YzAiOnsiY3JlYXRlIjo2MDAwMDAwMDAwMDAsImRlbGV0ZSI6MTIwMDAwMDAwMDAwMCwicmVhZCI6OTAwMDAwMDAwMDAwLCJ1cGRhdGUiOjYwMDAwMDAwMDAwMH0sInNjaGVtYV92ZXJzaW9uIjoiMSJ9",
          "dependencies": [
            "aws_iam_instance_profile.terraform_instance_profile",
            "aws_iam_role.terraform_role",
            "aws_security_group.Terraform-SG",
            "aws_subnet.subnet1",
            "aws_vpc.Terraform-VPC-test"
          ]
        },
        {
          "index_key": 1,
          "schema_version": 1,
          "attributes": {
            "ami": "ami-0d64bb532e0502c46",
            "arn": "arn:aws:ec2:eu-west-1:491085428405:instance/i-09df390eefb321eaa",
            "associate_public_ip_address": true,
            "availability_zone": "eu-west-1a",
            "capacity_reservation_specification": [
              {
                "capacity_reservation_preference": "open",
                "capacity_reservation_target": []
              }
            ],
            "cpu_core_count": 1,
            "cpu_options": [
              {
                "amd_sev_snp": "",
                "core_count": 1,
                "threads_per_core": 1
              }
            ],
            "cpu_threads_per_core": 1,
            "credit_specification": [
              {
                "cpu_credits": "standard"
              }
            ],
            "disable_api_stop": false,
            "disable_api_termination": false,
            "ebs_block_device": [],
            "ebs_optimized": false,
            "enclave_options": [
              {
                "enabled": false
              }
            ],
            "ephemeral_block_device": [],
            "get_password_data": false,
            "hibernation": false,
            "host_id": "",
            "host_resource_group_arn": null,
            "iam_instance_profile": "terraform-instance-profile",
            "id": "i-09df390eefb321eaa",
            "instance_initiated_shutdown_behavior": "stop",
            "instance_lifecycle": "",
            "instance_market_options": [],
            "instance_state": "running",
            "instance_type": "t2.micro",
            "ipv6_address_count": 0,
            "ipv6_addresses": [],
            "key_name": "terraform-keypair",
            "launch_template": [],
            "maintenance_options": [
              {
                "auto_recovery": "default"
              }
            ],
            "metadata_options": [
              {
                "http_endpoint": "enabled",
                "http_protocol_ipv6": "disabled",
                "http_put_response_hop_limit": 2,
                "http_tokens": "optional",
                "instance_metadata_tags": "disabled"
              }
            ],
            "monitoring": false,
            "network_interface": [],
            "outpost_arn": "",
            "password_data": "",
            "placement_group": "",
            "placement_partition_number": 0,
            "primary_network_interface_id": "eni-04cfa450aa05207ff",
            "private_dns": "ip-10-0-1-19.eu-west-1.compute.internal",
            "private_dns_name_options": [
              {
                "enable_resource_name_dns_a_record": false,
                "enable_resource_name_dns_aaaa_record": false,
                "hostname_type": "ip-name"
              }
            ],
            "private_ip": "10.0.1.19",
            "public_dns": "ec2-34-244-201-71.eu-west-1.compute.amazonaws.com",
            "public_ip": "34.244.201.71",
            "root_block_device": [
              {
                "delete_on_termination": true,
                "device_name": "/dev/sda1",
                "encrypted": false,
                "iops": 3000,
                "kms_key_id": "",
                "tags": {},
                "tags_all": {},
                "throughput": 125,
                "volume_id": "vol-02f6722675236e569",
                "volume_size": 8,
                "volume_type": "gp3"
              }
            ],
            "secondary_private_ips": [],
            "security_groups": [],
            "source_dest_check": true,
            "spot_instance_request_id": "",
            "subnet_id": "subnet-030e55e746d1be52e",
            "tags": {
              "Name": "Apache-Webserver"
            },
            "tags_all": {
              "Name": "Apache-Webserver"
            },
            "tenancy": "default",
            "timeouts": null,
            "user_data": "821593217ddcbc25318426da6f98163b51599612",
            "user_data_base64": null,
            "user_data_replace_on_change": false,
            "volume_tags": null,
            "vpc_security_group_ids": [
              "sg-020e073bd9055e3ad"
            ]
          },
          "sensitive_attributes": [],
          "private": "eyJlMmJmYjczMC1lY2FhLTExZTYtOGY4OC0zNDM2M2JjN2M0YzAiOnsiY3JlYXRlIjo2MDAwMDAwMDAwMDAsImRlbGV0ZSI6MTIwMDAwMDAwMDAwMCwicmVhZCI6OTAwMDAwMDAwMDAwLCJ1cGRhdGUiOjYwMDAwMDAwMDAwMH0sInNjaGVtYV92ZXJzaW9uIjoiMSJ9",
          "dependencies": [
            "aws_iam_instance_profile.terraform_instance_profile",
            "aws_iam_role.terraform_role",
            "aws_security_group.Terraform-SG",
            "aws_subnet.subnet1",
            "aws_vpc.Terraform-VPC-test"
          ]
        }
      ]
    },
    {
      "mode": "managed",
      "type": "aws_instance",
      "name": "Terraform-MountClient1",
      "provider": "provider[\"registry.terraform.io/hashicorp/aws\"]",
      "instances": [
        {
          "schema_version": 1,
          "attributes": {
            "ami": "ami-0d64bb532e0502c46",
            "arn": "arn:aws:ec2:eu-west-1:491085428405:instance/i-0f7462b80783fffd5",
            "associate_public_ip_address": true,
            "availability_zone": "eu-west-1a",
            "capacity_reservation_specification": [
              {
                "capacity_reservation_preference": "open",
                "capacity_reservation_target": []
              }
            ],
            "cpu_core_count": 1,
            "cpu_options": [
              {
                "amd_sev_snp": "",
                "core_count": 1,
                "threads_per_core": 1
              }
            ],
            "cpu_threads_per_core": 1,
            "credit_specification": [
              {
                "cpu_credits": "standard"
              }
            ],
            "disable_api_stop": false,
            "disable_api_termination": false,
            "ebs_block_device": [],
            "ebs_optimized": false,
            "enclave_options": [
              {
                "enabled": false
              }
            ],
            "ephemeral_block_device": [],
            "get_password_data": false,
            "hibernation": false,
            "host_id": "",
            "host_resource_group_arn": null,
            "iam_instance_profile": "",
            "id": "i-0f7462b80783fffd5",
            "instance_initiated_shutdown_behavior": "stop",
            "instance_lifecycle": "",
            "instance_market_options": [],
            "instance_state": "running",
            "instance_type": "t2.micro",
            "ipv6_address_count": 0,
            "ipv6_addresses": [],
            "key_name": "terraform-keypair",
            "launch_template": [],
            "maintenance_options": [
              {
                "auto_recovery": "default"
              }
            ],
            "metadata_options": [
              {
                "http_endpoint": "enabled",
                "http_protocol_ipv6": "disabled",
                "http_put_response_hop_limit": 2,
                "http_tokens": "optional",
                "instance_metadata_tags": "disabled"
              }
            ],
            "monitoring": false,
            "network_interface": [],
            "outpost_arn": "",
            "password_data": "",
            "placement_group": "",
            "placement_partition_number": 0,
            "primary_network_interface_id": "eni-0218914fa09be85df",
            "private_dns": "ip-10-0-1-41.eu-west-1.compute.internal",
            "private_dns_name_options": [
              {
                "enable_resource_name_dns_a_record": false,
                "enable_resource_name_dns_aaaa_record": false,
                "hostname_type": "ip-name"
              }
            ],
            "private_ip": "10.0.1.41",
            "public_dns": "ec2-34-243-181-89.eu-west-1.compute.amazonaws.com",
            "public_ip": "34.243.181.89",
            "root_block_device": [
              {
                "delete_on_termination": true,
                "device_name": "/dev/sda1",
                "encrypted": false,
                "iops": 3000,
                "kms_key_id": "",
                "tags": {},
                "tags_all": {},
                "throughput": 125,
                "volume_id": "vol-08a5795f2ffc6ad88",
                "volume_size": 8,
                "volume_type": "gp3"
              }
            ],
            "secondary_private_ips": [],
            "security_groups": [],
            "source_dest_check": true,
            "spot_instance_request_id": "",
            "subnet_id": "subnet-030e55e746d1be52e",
            "tags": {
              "Name": "MountClient1-Server"
            },
            "tags_all": {
              "Name": "MountClient1-Server"
            },
            "tenancy": "default",
            "timeouts": null,
            "user_data": "cd6424f95e14157b7817ebc9806d79bf7ca5d335",
            "user_data_base64": null,
            "user_data_replace_on_change": false,
            "volume_tags": null,
            "vpc_security_group_ids": [
              "sg-020e073bd9055e3ad"
            ]
          },
          "sensitive_attributes": [],
          "private": "eyJlMmJmYjczMC1lY2FhLTExZTYtOGY4OC0zNDM2M2JjN2M0YzAiOnsiY3JlYXRlIjo2MDAwMDAwMDAwMDAsImRlbGV0ZSI6MTIwMDAwMDAwMDAwMCwicmVhZCI6OTAwMDAwMDAwMDAwLCJ1cGRhdGUiOjYwMDAwMDAwMDAwMH0sInNjaGVtYV92ZXJzaW9uIjoiMSJ9",
          "dependencies": [
            "aws_efs_file_system.terraform_efs",
            "aws_security_group.Terraform-SG",
            "aws_subnet.subnet1",
            "aws_vpc.Terraform-VPC-test"
          ]
        }
      ]
    },
    {
      "mode": "managed",
      "type": "aws_instance",
      "name": "Terraform-MountClient2",
      "provider": "provider[\"registry.terraform.io/hashicorp/aws\"]",
      "instances": [
        {
          "schema_version": 1,
          "attributes": {
            "ami": "ami-0d64bb532e0502c46",
            "arn": "arn:aws:ec2:eu-west-1:491085428405:instance/i-047b23f9e282c69c8",
            "associate_public_ip_address": true,
            "availability_zone": "eu-west-1a",
            "capacity_reservation_specification": [
              {
                "capacity_reservation_preference": "open",
                "capacity_reservation_target": []
              }
            ],
            "cpu_core_count": 1,
            "cpu_options": [
              {
                "amd_sev_snp": "",
                "core_count": 1,
                "threads_per_core": 1
              }
            ],
            "cpu_threads_per_core": 1,
            "credit_specification": [
              {
                "cpu_credits": "standard"
              }
            ],
            "disable_api_stop": false,
            "disable_api_termination": false,
            "ebs_block_device": [],
            "ebs_optimized": false,
            "enclave_options": [
              {
                "enabled": false
              }
            ],
            "ephemeral_block_device": [],
            "get_password_data": false,
            "hibernation": false,
            "host_id": "",
            "host_resource_group_arn": null,
            "iam_instance_profile": "",
            "id": "i-047b23f9e282c69c8",
            "instance_initiated_shutdown_behavior": "stop",
            "instance_lifecycle": "",
            "instance_market_options": [],
            "instance_state": "running",
            "instance_type": "t2.micro",
            "ipv6_address_count": 0,
            "ipv6_addresses": [],
            "key_name": "terraform-keypair",
            "launch_template": [],
            "maintenance_options": [
              {
                "auto_recovery": "default"
              }
            ],
            "metadata_options": [
              {
                "http_endpoint": "enabled",
                "http_protocol_ipv6": "disabled",
                "http_put_response_hop_limit": 2,
                "http_tokens": "optional",
                "instance_metadata_tags": "disabled"
              }
            ],
            "monitoring": false,
            "network_interface": [],
            "outpost_arn": "",
            "password_data": "",
            "placement_group": "",
            "placement_partition_number": 0,
            "primary_network_interface_id": "eni-0d050f9506f1a2a36",
            "private_dns": "ip-10-0-1-12.eu-west-1.compute.internal",
            "private_dns_name_options": [
              {
                "enable_resource_name_dns_a_record": false,
                "enable_resource_name_dns_aaaa_record": false,
                "hostname_type": "ip-name"
              }
            ],
            "private_ip": "10.0.1.12",
            "public_dns": "ec2-54-216-65-70.eu-west-1.compute.amazonaws.com",
            "public_ip": "54.216.65.70",
            "root_block_device": [
              {
                "delete_on_termination": true,
                "device_name": "/dev/sda1",
                "encrypted": false,
                "iops": 3000,
                "kms_key_id": "",
                "tags": {},
                "tags_all": {},
                "throughput": 125,
                "volume_id": "vol-05d8b341bdd61f069",
                "volume_size": 8,
                "volume_type": "gp3"
              }
            ],
            "secondary_private_ips": [],
            "security_groups": [],
            "source_dest_check": true,
            "spot_instance_request_id": "",
            "subnet_id": "subnet-030e55e746d1be52e",
            "tags": {
              "Name": "MountClient2-Server"
            },
            "tags_all": {
              "Name": "MountClient2-Server"
            },
            "tenancy": "default",
            "timeouts": null,
            "user_data": "d48ff99d2e8780c696e0d6c7e295aafe76fc62ff",
            "user_data_base64": null,
            "user_data_replace_on_change": false,
            "volume_tags": null,
            "vpc_security_group_ids": [
              "sg-020e073bd9055e3ad"
            ]
          },
          "sensitive_attributes": [],
          "private": "eyJlMmJmYjczMC1lY2FhLTExZTYtOGY4OC0zNDM2M2JjN2M0YzAiOnsiY3JlYXRlIjo2MDAwMDAwMDAwMDAsImRlbGV0ZSI6MTIwMDAwMDAwMDAwMCwicmVhZCI6OTAwMDAwMDAwMDAwLCJ1cGRhdGUiOjYwMDAwMDAwMDAwMH0sInNjaGVtYV92ZXJzaW9uIjoiMSJ9",
          "dependencies": [
            "aws_efs_file_system.terraform_efs",
            "aws_security_group.Terraform-SG",
            "aws_subnet.subnet1",
            "aws_vpc.Terraform-VPC-test"
          ]
        }
      ]
    },
    {
      "mode": "managed",
      "type": "aws_instance",
      "name": "Terraform-MySql",
      "provider": "provider[\"registry.terraform.io/hashicorp/aws\"]",
      "instances": [
        {
          "schema_version": 1,
          "attributes": {
            "ami": "ami-0d64bb532e0502c46",
            "arn": "arn:aws:ec2:eu-west-1:491085428405:instance/i-019708ec2d26d87a0",
            "associate_public_ip_address": true,
            "availability_zone": "eu-west-1a",
            "capacity_reservation_specification": [
              {
                "capacity_reservation_preference": "open",
                "capacity_reservation_target": []
              }
            ],
            "cpu_core_count": 1,
            "cpu_options": [
              {
                "amd_sev_snp": "",
                "core_count": 1,
                "threads_per_core": 1
              }
            ],
            "cpu_threads_per_core": 1,
            "credit_specification": [
              {
                "cpu_credits": "standard"
              }
            ],
            "disable_api_stop": false,
            "disable_api_termination": false,
            "ebs_block_device": [],
            "ebs_optimized": false,
            "enclave_options": [
              {
                "enabled": false
              }
            ],
            "ephemeral_block_device": [],
            "get_password_data": false,
            "hibernation": false,
            "host_id": "",
            "host_resource_group_arn": null,
            "iam_instance_profile": "",
            "id": "i-019708ec2d26d87a0",
            "instance_initiated_shutdown_behavior": "stop",
            "instance_lifecycle": "",
            "instance_market_options": [],
            "instance_state": "running",
            "instance_type": "t2.micro",
            "ipv6_address_count": 0,
            "ipv6_addresses": [],
            "key_name": "terraform-keypair",
            "launch_template": [],
            "maintenance_options": [
              {
                "auto_recovery": "default"
              }
            ],
            "metadata_options": [
              {
                "http_endpoint": "enabled",
                "http_protocol_ipv6": "disabled",
                "http_put_response_hop_limit": 2,
                "http_tokens": "optional",
                "instance_metadata_tags": "disabled"
              }
            ],
            "monitoring": false,
            "network_interface": [],
            "outpost_arn": "",
            "password_data": "",
            "placement_group": "",
            "placement_partition_number": 0,
            "primary_network_interface_id": "eni-0918bf48ae62498ad",
            "private_dns": "ip-10-0-1-31.eu-west-1.compute.internal",
            "private_dns_name_options": [
              {
                "enable_resource_name_dns_a_record": false,
                "enable_resource_name_dns_aaaa_record": false,
                "hostname_type": "ip-name"
              }
            ],
            "private_ip": "10.0.1.31",
            "public_dns": "ec2-3-252-123-241.eu-west-1.compute.amazonaws.com",
            "public_ip": "3.252.123.241",
            "root_block_device": [
              {
                "delete_on_termination": true,
                "device_name": "/dev/sda1",
                "encrypted": false,
                "iops": 3000,
                "kms_key_id": "",
                "tags": {},
                "tags_all": {},
                "throughput": 125,
                "volume_id": "vol-01e52949770381c99",
                "volume_size": 8,
                "volume_type": "gp3"
              }
            ],
            "secondary_private_ips": [],
            "security_groups": [],
            "source_dest_check": true,
            "spot_instance_request_id": "",
            "subnet_id": "subnet-030e55e746d1be52e",
            "tags": {
              "Name": "MySql-Server"
            },
            "tags_all": {
              "Name": "MySql-Server"
            },
            "tenancy": "default",
            "timeouts": null,
            "user_data": "485997ee3e020763245c25b80ecef7311766af8f",
            "user_data_base64": null,
            "user_data_replace_on_change": false,
            "volume_tags": null,
            "vpc_security_group_ids": [
              "sg-020e073bd9055e3ad"
            ]
          },
          "sensitive_attributes": [],
          "private": "eyJlMmJmYjczMC1lY2FhLTExZTYtOGY4OC0zNDM2M2JjN2M0YzAiOnsiY3JlYXRlIjo2MDAwMDAwMDAwMDAsImRlbGV0ZSI6MTIwMDAwMDAwMDAwMCwicmVhZCI6OTAwMDAwMDAwMDAwLCJ1cGRhdGUiOjYwMDAwMDAwMDAwMH0sInNjaGVtYV92ZXJzaW9uIjoiMSJ9",
          "dependencies": [
            "aws_security_group.Terraform-SG",
            "aws_subnet.subnet1",
            "aws_vpc.Terraform-VPC-test"
          ]
        }
      ]
    },
    {
      "mode": "managed",
      "type": "aws_internet_gateway",
      "name": "Terraform-IGW",
      "provider": "provider[\"registry.terraform.io/hashicorp/aws\"]",
      "instances": [
        {
          "schema_version": 0,
          "attributes": {
            "arn": "arn:aws:ec2:eu-west-1:491085428405:internet-gateway/igw-049f4f77c195d5be8",
            "id": "igw-049f4f77c195d5be8",
            "owner_id": "491085428405",
            "tags": {
              "Name": "Terraform-IGW"
            },
            "tags_all": {
              "Name": "Terraform-IGW"
            },
            "timeouts": null,
            "vpc_id": "vpc-05fd3fc7e21fe8670"
          },
          "sensitive_attributes": [],
          "private": "eyJlMmJmYjczMC1lY2FhLTExZTYtOGY4OC0zNDM2M2JjN2M0YzAiOnsiY3JlYXRlIjoxMjAwMDAwMDAwMDAwLCJkZWxldGUiOjEyMDAwMDAwMDAwMDAsInVwZGF0ZSI6MTIwMDAwMDAwMDAwMH19",
          "dependencies": [
            "aws_vpc.Terraform-VPC-test"
          ]
        }
      ]
    },
    {
      "mode": "managed",
      "type": "aws_key_pair",
      "name": "keypair",
      "provider": "provider[\"registry.terraform.io/hashicorp/aws\"]",
      "instances": [
        {
          "schema_version": 1,
          "attributes": {
            "arn": "arn:aws:ec2:eu-west-1:491085428405:key-pair/terraform-keypair",
            "fingerprint": "42:c1:20:97:27:5d:da:10:9e:bd:44:78:76:af:cb:59",
            "id": "terraform-keypair",
            "key_name": "terraform-keypair",
            "key_name_prefix": "",
            "key_pair_id": "key-0fc8d840b837b6014",
            "key_type": "rsa",
            "public_key": "ssh-rsa AAAAB3NzaC1yc2EAAAADAQABAAABAQDHYtSskMlLnVhb1jku70zEQ0UU9JZCBqsN4r+3LdsJ2p7WiND4J1U/atCcEA2Mg/LX0IZPW9DeQQfgHN4J8He6zcyAhFepZJhCC2TXZN3+ieW96uDHFDFsBNU97zm2TXLmZO2Vb1GyDe4mox8wpMdY6CIxVlW0S0JCrDqOm2csb68Ypzw2kGXzz70ktitKScLcoTDhNJT645EyqLHJdPvIVUP9CoBRv5u13YhukzWSNegu8GpxpFVqVxX6utMdBQMgQY4Hul29y8xCJtTReWA+tnDPcWC6ryUO+Co7W59kRPhlaLcNnVMGquIQk5Rjx+daAKrwI0QdOGhWaa8JFT9l",
            "tags": null,
            "tags_all": {}
          },
          "sensitive_attributes": [],
          "private": "eyJzY2hlbWFfdmVyc2lvbiI6IjEifQ==",
          "dependencies": [
            "tls_private_key.Terraform-PrivateKey"
          ]
        }
      ]
    },
    {
      "mode": "managed",
      "type": "aws_key_pair",
      "name": "terraform_key",
      "provider": "provider[\"registry.terraform.io/hashicorp/aws\"]",
      "instances": [
        {
          "schema_version": 1,
          "attributes": {
            "arn": "arn:aws:ec2:eu-west-1:491085428405:key-pair/terraform-key",
            "fingerprint": "5a:2b:8d:2a:9d:da:a5:f7:02:29:d8:f9:6f:96:47:f3",
            "id": "terraform-key",
            "key_name": "terraform-key",
            "key_name_prefix": "",
            "key_pair_id": "key-0d6e4a8e92481821f",
            "key_type": "rsa",
            "public_key": "ssh-rsa AAAAB3NzaC1yc2EAAAADAQABAAABgQC6h/zNsFi2+VArYQwaTjUi2FUUVRcxXKkrJVFd0HuaFi/dl576mwKHnb/VjBbt1sMm0Ht8Js0WjnZbUMyrYOe6YL9uLQ4jLyRzu34vHBSMn0GdiWSPFevcDiTaslgPHF0sEEFpG0HrCG98pHRMEqkCIhoN7ZYGTvF+Yv0/PvQCiTKy9ferc0vTwgdNEH05/eI8FPKihunD+d7rFEoj+ET8IzC4EwTMQsYmTNhPQbZ7uC1hukicNvfhojJMTnOsrvxIZeVGXA6MwYHAocjjNygX0v4KiatmDbyvs/vNEglJ4PbJWuQHxhsoMTmnt12MhvhjKspnkO2n+6VM6SVqisPlr/A1lW0ifC8lNu1rcX7vrj2PWZ4qKNYmqjvwmmNgDOOM+vk0gUj4PZacbSEcC7KEWOdsq1A56hwnTKMEfY9M1rMPL5ITX9Z3iPSupmiX4P9lVyMJPQanAOctK8g8PYI7kVD+oGya4g/32CTOh50uVtrZNtxCTheMD3AhAy+iQjs= musta@MSI",
            "tags": {
              "Name": "Terraform-Key"
            },
            "tags_all": {
              "Name": "Terraform-Key"
            }
          },
          "sensitive_attributes": [],
          "private": "eyJzY2hlbWFfdmVyc2lvbiI6IjEifQ=="
        }
      ]
    },
    {
      "mode": "managed",
      "type": "aws_lambda_function",
      "name": "upload_file_lambda",
      "provider": "provider[\"registry.terraform.io/hashicorp/aws\"]",
      "instances": [
        {
          "schema_version": 0,
          "attributes": {
            "architectures": [
              "x86_64"
            ],
            "arn": "arn:aws:lambda:eu-west-1:491085428405:function:uploadFileToS3",
            "code_sha256": "C/S9jvL/HOwm5811b7TL7+27dpxqSDAg9vtFOSorhXk=",
            "code_signing_config_arn": "",
            "dead_letter_config": [],
            "description": "",
            "environment": [
              {
                "variables": {
                  "BUCKET_NAME": "r0938274-terraform-file-upload-bucket"
                }
              }
            ],
            "ephemeral_storage": [
              {
                "size": 512
              }
            ],
            "file_system_config": [],
            "filename": "lambda_function.zip",
            "function_name": "uploadFileToS3",
            "handler": "lambda_function.lambda_handler",
            "id": "uploadFileToS3",
            "image_config": [],
            "image_uri": "",
            "invoke_arn": "arn:aws:apigateway:eu-west-1:lambda:path/2015-03-31/functions/arn:aws:lambda:eu-west-1:491085428405:function:uploadFileToS3/invocations",
            "kms_key_arn": "",
            "last_modified": "2024-12-15T14:46:32.401+0000",
            "layers": null,
            "logging_config": [
              {
                "application_log_level": "",
                "log_format": "Text",
                "log_group": "/aws/lambda/uploadFileToS3",
                "system_log_level": ""
              }
            ],
            "memory_size": 128,
            "package_type": "Zip",
            "publish": false,
            "qualified_arn": "arn:aws:lambda:eu-west-1:491085428405:function:uploadFileToS3:$LATEST",
            "qualified_invoke_arn": "arn:aws:apigateway:eu-west-1:lambda:path/2015-03-31/functions/arn:aws:lambda:eu-west-1:491085428405:function:uploadFileToS3:$LATEST/invocations",
            "replace_security_groups_on_destroy": null,
            "replacement_security_group_ids": null,
            "reserved_concurrent_executions": -1,
            "role": "arn:aws:iam::491085428405:role/terraform-lambda-role",
            "runtime": "python3.8",
            "s3_bucket": null,
            "s3_key": null,
            "s3_object_version": null,
            "signing_job_arn": "",
            "signing_profile_version_arn": "",
            "skip_destroy": false,
            "snap_start": [],
            "source_code_hash": "C/S9jvL/HOwm5811b7TL7+27dpxqSDAg9vtFOSorhXk=",
            "source_code_size": 822,
            "tags": {
              "Name": "UploadFileToS3"
            },
            "tags_all": {
              "Name": "UploadFileToS3"
            },
            "timeout": 3,
            "timeouts": null,
            "tracing_config": [
              {
                "mode": "PassThrough"
              }
            ],
            "version": "$LATEST",
            "vpc_config": []
          },
          "sensitive_attributes": [],
          "private": "eyJlMmJmYjczMC1lY2FhLTExZTYtOGY4OC0zNDM2M2JjN2M0YzAiOnsiY3JlYXRlIjo2MDAwMDAwMDAwMDAsImRlbGV0ZSI6NjAwMDAwMDAwMDAwLCJ1cGRhdGUiOjYwMDAwMDAwMDAwMH19",
          "dependencies": [
            "aws_iam_role.lambda_role",
            "aws_s3_bucket.Terraform-Bucket"
          ]
        }
      ]
    },
    {
      "mode": "managed",
      "type": "aws_lambda_permission",
      "name": "allow_http_api",
      "provider": "provider[\"registry.terraform.io/hashicorp/aws\"]",
      "instances": [
        {
          "schema_version": 0,
          "attributes": {
            "action": "lambda:InvokeFunction",
            "event_source_token": null,
            "function_name": "uploadFileToS3",
            "function_url_auth_type": null,
            "id": "AllowHttpApiInvoke",
            "principal": "apigateway.amazonaws.com",
            "principal_org_id": null,
            "qualifier": "",
            "source_account": null,
            "source_arn": "arn:aws:execute-api:eu-west-1:491085428405:25ccqzzokg/production/*",
            "statement_id": "AllowHttpApiInvoke",
            "statement_id_prefix": ""
          },
          "sensitive_attributes": [],
          "private": "bnVsbA==",
          "dependencies": [
            "aws_apigatewayv2_api.http_api",
            "aws_iam_role.lambda_role",
            "aws_lambda_function.upload_file_lambda",
            "aws_s3_bucket.Terraform-Bucket"
          ]
        }
      ]
    },
    {
      "mode": "managed",
      "type": "aws_lb",
      "name": "LoadBalancer",
      "provider": "provider[\"registry.terraform.io/hashicorp/aws\"]",
      "instances": [
        {
          "schema_version": 0,
          "attributes": {
            "access_logs": [
              {
                "bucket": "",
                "enabled": false,
                "prefix": ""
              }
            ],
            "arn": "arn:aws:elasticloadbalancing:eu-west-1:491085428405:loadbalancer/app/Terraform-Webserver-ALB/8961a9bd20cec575",
            "arn_suffix": "app/Terraform-Webserver-ALB/8961a9bd20cec575",
            "client_keep_alive": 3600,
            "connection_logs": [
              {
                "bucket": "",
                "enabled": false,
                "prefix": ""
              }
            ],
            "customer_owned_ipv4_pool": "",
            "desync_mitigation_mode": "defensive",
            "dns_name": "Terraform-Webserver-ALB-739209996.eu-west-1.elb.amazonaws.com",
            "dns_record_client_routing_policy": null,
            "drop_invalid_header_fields": false,
            "enable_cross_zone_load_balancing": true,
            "enable_deletion_protection": false,
            "enable_http2": true,
            "enable_tls_version_and_cipher_suite_headers": false,
            "enable_waf_fail_open": false,
            "enable_xff_client_port": false,
            "enable_zonal_shift": false,
            "enforce_security_group_inbound_rules_on_private_link_traffic": "",
            "id": "arn:aws:elasticloadbalancing:eu-west-1:491085428405:loadbalancer/app/Terraform-Webserver-ALB/8961a9bd20cec575",
            "idle_timeout": 60,
            "internal": false,
            "ip_address_type": "ipv4",
            "load_balancer_type": "application",
            "name": "Terraform-Webserver-ALB",
            "name_prefix": "",
            "preserve_host_header": false,
            "security_groups": [
              "sg-020e073bd9055e3ad"
            ],
            "subnet_mapping": [
              {
                "allocation_id": "",
                "ipv6_address": "",
                "outpost_id": "",
                "private_ipv4_address": "",
                "subnet_id": "subnet-030e55e746d1be52e"
              },
              {
                "allocation_id": "",
                "ipv6_address": "",
                "outpost_id": "",
                "private_ipv4_address": "",
                "subnet_id": "subnet-0d5b79e57d1a3b633"
              }
            ],
            "subnets": [
              "subnet-030e55e746d1be52e",
              "subnet-0d5b79e57d1a3b633"
            ],
            "tags": null,
            "tags_all": {},
            "timeouts": null,
            "vpc_id": "vpc-05fd3fc7e21fe8670",
            "xff_header_processing_mode": "append",
            "zone_id": "Z32O12XQLNTSW2"
          },
          "sensitive_attributes": [],
          "private": "eyJlMmJmYjczMC1lY2FhLTExZTYtOGY4OC0zNDM2M2JjN2M0YzAiOnsiY3JlYXRlIjo2MDAwMDAwMDAwMDAsImRlbGV0ZSI6NjAwMDAwMDAwMDAwLCJ1cGRhdGUiOjYwMDAwMDAwMDAwMH19",
          "dependencies": [
            "aws_security_group.Terraform-SG",
            "aws_subnet.subnet1",
            "aws_subnet.subnet2",
            "aws_vpc.Terraform-VPC-test"
          ]
        }
      ]
    },
    {
      "mode": "managed",
      "type": "aws_lb_listener",
      "name": "LoadBalancerListener",
      "provider": "provider[\"registry.terraform.io/hashicorp/aws\"]",
      "instances": [
        {
          "schema_version": 0,
          "attributes": {
            "alpn_policy": null,
            "arn": "arn:aws:elasticloadbalancing:eu-west-1:491085428405:listener/app/Terraform-Webserver-ALB/8961a9bd20cec575/97b4423e32f26518",
            "certificate_arn": null,
            "default_action": [
              {
                "authenticate_cognito": [],
                "authenticate_oidc": [],
                "fixed_response": [],
                "forward": [],
                "order": 1,
                "redirect": [],
                "target_group_arn": "arn:aws:elasticloadbalancing:eu-west-1:491085428405:targetgroup/webserver-target-group/250170014728aec4",
                "type": "forward"
              }
            ],
            "id": "arn:aws:elasticloadbalancing:eu-west-1:491085428405:listener/app/Terraform-Webserver-ALB/8961a9bd20cec575/97b4423e32f26518",
            "load_balancer_arn": "arn:aws:elasticloadbalancing:eu-west-1:491085428405:loadbalancer/app/Terraform-Webserver-ALB/8961a9bd20cec575",
            "mutual_authentication": [],
            "port": 80,
            "protocol": "HTTP",
            "ssl_policy": "",
            "tags": null,
            "tags_all": {},
            "tcp_idle_timeout_seconds": null,
            "timeouts": null
          },
          "sensitive_attributes": [],
          "private": "eyJlMmJmYjczMC1lY2FhLTExZTYtOGY4OC0zNDM2M2JjN2M0YzAiOnsiY3JlYXRlIjozMDAwMDAwMDAwMDAsInVwZGF0ZSI6MzAwMDAwMDAwMDAwfX0=",
          "dependencies": [
            "aws_lb.LoadBalancer",
            "aws_lb_target_group.LoadBalancerTargetGroup",
            "aws_security_group.Terraform-SG",
            "aws_subnet.subnet1",
            "aws_subnet.subnet2",
            "aws_vpc.Terraform-VPC-test"
          ]
        }
      ]
    },
    {
      "mode": "managed",
      "type": "aws_lb_target_group",
      "name": "LoadBalancerTargetGroup",
      "provider": "provider[\"registry.terraform.io/hashicorp/aws\"]",
      "instances": [
        {
          "schema_version": 0,
          "attributes": {
            "arn": "arn:aws:elasticloadbalancing:eu-west-1:491085428405:targetgroup/webserver-target-group/250170014728aec4",
            "arn_suffix": "targetgroup/webserver-target-group/250170014728aec4",
            "connection_termination": null,
            "deregistration_delay": "300",
            "health_check": [
              {
                "enabled": true,
                "healthy_threshold": 3,
                "interval": 30,
                "matcher": "200",
                "path": "/",
                "port": "traffic-port",
                "protocol": "HTTP",
                "timeout": 5,
                "unhealthy_threshold": 3
              }
            ],
            "id": "arn:aws:elasticloadbalancing:eu-west-1:491085428405:targetgroup/webserver-target-group/250170014728aec4",
            "ip_address_type": "ipv4",
            "lambda_multi_value_headers_enabled": false,
            "load_balancer_arns": [],
            "load_balancing_algorithm_type": "round_robin",
            "load_balancing_anomaly_mitigation": "off",
            "load_balancing_cross_zone_enabled": "use_load_balancer_configuration",
            "name": "webserver-target-group",
            "name_prefix": "",
            "port": 80,
            "preserve_client_ip": null,
            "protocol": "HTTP",
            "protocol_version": "HTTP1",
            "proxy_protocol_v2": false,
            "slow_start": 0,
            "stickiness": [
              {
                "cookie_duration": 86400,
                "cookie_name": "",
                "enabled": false,
                "type": "lb_cookie"
              }
            ],
            "tags": null,
            "tags_all": {},
            "target_failover": [
              {
                "on_deregistration": null,
                "on_unhealthy": null
              }
            ],
            "target_group_health": [
              {
                "dns_failover": [
                  {
                    "minimum_healthy_targets_count": "1",
                    "minimum_healthy_targets_percentage": "off"
                  }
                ],
                "unhealthy_state_routing": [
                  {
                    "minimum_healthy_targets_count": 1,
                    "minimum_healthy_targets_percentage": "off"
                  }
                ]
              }
            ],
            "target_health_state": [
              {
                "enable_unhealthy_connection_termination": null,
                "unhealthy_draining_interval": null
              }
            ],
            "target_type": "instance",
            "vpc_id": "vpc-05fd3fc7e21fe8670"
          },
          "sensitive_attributes": [],
          "private": "bnVsbA==",
          "dependencies": [
            "aws_vpc.Terraform-VPC-test"
          ]
        }
      ]
    },
    {
      "mode": "managed",
      "type": "aws_lb_target_group_attachment",
      "name": "LoadBalancerGroupAttachment",
      "provider": "provider[\"registry.terraform.io/hashicorp/aws\"]",
      "instances": [
        {
          "index_key": 0,
          "schema_version": 0,
          "attributes": {
            "availability_zone": null,
            "id": "arn:aws:elasticloadbalancing:eu-west-1:491085428405:targetgroup/webserver-target-group/250170014728aec4-2024121514463702440000000c",
            "port": 80,
            "target_group_arn": "arn:aws:elasticloadbalancing:eu-west-1:491085428405:targetgroup/webserver-target-group/250170014728aec4",
            "target_id": "i-0ee4efba64a97fdf7"
          },
          "sensitive_attributes": [],
          "private": "bnVsbA==",
          "dependencies": [
            "aws_iam_instance_profile.terraform_instance_profile",
            "aws_iam_role.terraform_role",
            "aws_instance.Terraform-Apache",
            "aws_lb_target_group.LoadBalancerTargetGroup",
            "aws_security_group.Terraform-SG",
            "aws_subnet.subnet1",
            "aws_vpc.Terraform-VPC-test"
          ]
        },
        {
          "index_key": 1,
          "schema_version": 0,
          "attributes": {
            "availability_zone": null,
            "id": "arn:aws:elasticloadbalancing:eu-west-1:491085428405:targetgroup/webserver-target-group/250170014728aec4-2024121514463716600000000d",
            "port": 80,
            "target_group_arn": "arn:aws:elasticloadbalancing:eu-west-1:491085428405:targetgroup/webserver-target-group/250170014728aec4",
            "target_id": "i-09df390eefb321eaa"
          },
          "sensitive_attributes": [],
          "private": "bnVsbA==",
          "dependencies": [
            "aws_iam_instance_profile.terraform_instance_profile",
            "aws_iam_role.terraform_role",
            "aws_instance.Terraform-Apache",
            "aws_lb_target_group.LoadBalancerTargetGroup",
            "aws_security_group.Terraform-SG",
            "aws_subnet.subnet1",
            "aws_vpc.Terraform-VPC-test"
          ]
        }
      ]
    },
    {
      "mode": "managed",
      "type": "aws_route",
      "name": "InternetAccess",
      "provider": "provider[\"registry.terraform.io/hashicorp/aws\"]",
      "instances": [
        {
          "schema_version": 0,
          "attributes": {
            "carrier_gateway_id": "",
            "core_network_arn": "",
            "destination_cidr_block": "0.0.0.0/0",
            "destination_ipv6_cidr_block": "",
            "destination_prefix_list_id": "",
            "egress_only_gateway_id": "",
            "gateway_id": "igw-049f4f77c195d5be8",
            "id": "r-rtb-0b77970b8f2f255501080289494",
            "instance_id": "",
            "instance_owner_id": "",
            "local_gateway_id": "",
            "nat_gateway_id": "",
            "network_interface_id": "",
            "origin": "CreateRoute",
            "route_table_id": "rtb-0b77970b8f2f25550",
            "state": "active",
            "timeouts": null,
            "transit_gateway_id": "",
            "vpc_endpoint_id": "",
            "vpc_peering_connection_id": ""
          },
          "sensitive_attributes": [],
          "private": "eyJlMmJmYjczMC1lY2FhLTExZTYtOGY4OC0zNDM2M2JjN2M0YzAiOnsiY3JlYXRlIjozMDAwMDAwMDAwMDAsImRlbGV0ZSI6MzAwMDAwMDAwMDAwLCJ1cGRhdGUiOjEyMDAwMDAwMDAwMH19",
          "dependencies": [
            "aws_internet_gateway.Terraform-IGW",
            "aws_route_table.Terraform-RT",
            "aws_vpc.Terraform-VPC-test"
          ]
        }
      ]
    },
    {
      "mode": "managed",
      "type": "aws_route_table",
      "name": "Terraform-RT",
      "provider": "provider[\"registry.terraform.io/hashicorp/aws\"]",
      "instances": [
        {
          "schema_version": 0,
          "attributes": {
            "arn": "arn:aws:ec2:eu-west-1:491085428405:route-table/rtb-0b77970b8f2f25550",
            "id": "rtb-0b77970b8f2f25550",
            "owner_id": "491085428405",
            "propagating_vgws": [],
            "route": [],
            "tags": {
              "Name": "Terraform-RouteTable"
            },
            "tags_all": {
              "Name": "Terraform-RouteTable"
            },
            "timeouts": null,
            "vpc_id": "vpc-05fd3fc7e21fe8670"
          },
          "sensitive_attributes": [],
          "private": "eyJlMmJmYjczMC1lY2FhLTExZTYtOGY4OC0zNDM2M2JjN2M0YzAiOnsiY3JlYXRlIjozMDAwMDAwMDAwMDAsImRlbGV0ZSI6MzAwMDAwMDAwMDAwLCJ1cGRhdGUiOjEyMDAwMDAwMDAwMH19",
          "dependencies": [
            "aws_vpc.Terraform-VPC-test"
          ]
        }
      ]
    },
    {
      "mode": "managed",
      "type": "aws_route_table_association",
      "name": "Subnet1Association",
      "provider": "provider[\"registry.terraform.io/hashicorp/aws\"]",
      "instances": [
        {
          "schema_version": 0,
          "attributes": {
            "gateway_id": "",
            "id": "rtbassoc-0bed13e10ed624af5",
            "route_table_id": "rtb-0b77970b8f2f25550",
            "subnet_id": "subnet-030e55e746d1be52e",
            "timeouts": null
          },
          "sensitive_attributes": [],
          "private": "eyJlMmJmYjczMC1lY2FhLTExZTYtOGY4OC0zNDM2M2JjN2M0YzAiOnsiY3JlYXRlIjozMDAwMDAwMDAwMDAsImRlbGV0ZSI6MzAwMDAwMDAwMDAwLCJ1cGRhdGUiOjEyMDAwMDAwMDAwMH19",
          "dependencies": [
            "aws_route_table.Terraform-RT",
            "aws_subnet.subnet1",
            "aws_vpc.Terraform-VPC-test"
          ]
        }
      ]
    },
    {
      "mode": "managed",
      "type": "aws_s3_bucket",
      "name": "Terraform-Bucket",
      "provider": "provider[\"registry.terraform.io/hashicorp/aws\"]",
      "instances": [
        {
          "schema_version": 0,
          "attributes": {
            "acceleration_status": "",
            "acl": null,
            "arn": "arn:aws:s3:::r0938274-terraform-file-upload-bucket",
            "bucket": "r0938274-terraform-file-upload-bucket",
            "bucket_domain_name": "r0938274-terraform-file-upload-bucket.s3.amazonaws.com",
            "bucket_prefix": "",
            "bucket_regional_domain_name": "r0938274-terraform-file-upload-bucket.s3.eu-west-1.amazonaws.com",
            "cors_rule": [],
            "force_destroy": false,
            "grant": [
              {
                "id": "1ac0e19dda978c70329b05fd9390c9ca0bceecd6cd0240489a63828880f56c77",
                "permissions": [
                  "FULL_CONTROL"
                ],
                "type": "CanonicalUser",
                "uri": ""
              }
            ],
            "hosted_zone_id": "Z1BKCTXD74EZPE",
            "id": "r0938274-terraform-file-upload-bucket",
            "lifecycle_rule": [],
            "logging": [],
            "object_lock_configuration": [],
            "object_lock_enabled": false,
            "policy": "",
            "region": "eu-west-1",
            "replication_configuration": [],
            "request_payer": "BucketOwner",
            "server_side_encryption_configuration": [
              {
                "rule": [
                  {
                    "apply_server_side_encryption_by_default": [
                      {
                        "kms_master_key_id": "",
                        "sse_algorithm": "AES256"
                      }
                    ],
                    "bucket_key_enabled": false
                  }
                ]
              }
            ],
            "tags": {
              "Name": "Terraform-Bucket"
            },
            "tags_all": {
              "Name": "Terraform-Bucket"
            },
            "timeouts": null,
            "versioning": [
              {
                "enabled": false,
                "mfa_delete": false
              }
            ],
            "website": [],
            "website_domain": null,
            "website_endpoint": null
          },
          "sensitive_attributes": [],
          "private": "eyJlMmJmYjczMC1lY2FhLTExZTYtOGY4OC0zNDM2M2JjN2M0YzAiOnsiY3JlYXRlIjoxMjAwMDAwMDAwMDAwLCJkZWxldGUiOjM2MDAwMDAwMDAwMDAsInJlYWQiOjEyMDAwMDAwMDAwMDAsInVwZGF0ZSI6MTIwMDAwMDAwMDAwMH19"
        }
      ]
    },
    {
      "mode": "managed",
      "type": "aws_security_group",
      "name": "Terraform-SG",
      "provider": "provider[\"registry.terraform.io/hashicorp/aws\"]",
      "instances": [
        {
          "schema_version": 1,
          "attributes": {
            "arn": "arn:aws:ec2:eu-west-1:491085428405:security-group/sg-020e073bd9055e3ad",
            "description": "Managed by Terraform",
            "egress": [
              {
                "cidr_blocks": [
                  "0.0.0.0/0"
                ],
                "description": "",
                "from_port": 0,
                "ipv6_cidr_blocks": [],
                "prefix_list_ids": [],
                "protocol": "-1",
                "security_groups": [],
                "self": false,
                "to_port": 0
              }
            ],
            "id": "sg-020e073bd9055e3ad",
            "ingress": [
              {
                "cidr_blocks": [
                  "0.0.0.0/0"
                ],
                "description": "",
                "from_port": -1,
                "ipv6_cidr_blocks": [],
                "prefix_list_ids": [],
                "protocol": "icmp",
                "security_groups": [],
                "self": false,
                "to_port": -1
              },
              {
                "cidr_blocks": [
                  "0.0.0.0/0"
                ],
                "description": "",
                "from_port": 22,
                "ipv6_cidr_blocks": [],
                "prefix_list_ids": [],
                "protocol": "tcp",
                "security_groups": [],
                "self": false,
                "to_port": 22
              },
              {
                "cidr_blocks": [
                  "0.0.0.0/0"
                ],
                "description": "",
                "from_port": 3306,
                "ipv6_cidr_blocks": [],
                "prefix_list_ids": [],
                "protocol": "tcp",
                "security_groups": [],
                "self": false,
                "to_port": 3306
              },
              {
                "cidr_blocks": [
                  "0.0.0.0/0"
                ],
                "description": "",
                "from_port": 80,
                "ipv6_cidr_blocks": [],
                "prefix_list_ids": [],
                "protocol": "tcp",
                "security_groups": [],
                "self": false,
                "to_port": 80
              }
            ],
            "name": "terraform-20241215144612804500000005",
            "name_prefix": "terraform-",
            "owner_id": "491085428405",
            "revoke_rules_on_delete": false,
            "tags": {
              "Name": "Terraform-SG"
            },
            "tags_all": {
              "Name": "Terraform-SG"
            },
            "timeouts": null,
            "vpc_id": "vpc-05fd3fc7e21fe8670"
          },
          "sensitive_attributes": [],
          "private": "eyJlMmJmYjczMC1lY2FhLTExZTYtOGY4OC0zNDM2M2JjN2M0YzAiOnsiY3JlYXRlIjo2MDAwMDAwMDAwMDAsImRlbGV0ZSI6OTAwMDAwMDAwMDAwfSwic2NoZW1hX3ZlcnNpb24iOiIxIn0=",
          "dependencies": [
            "aws_vpc.Terraform-VPC-test"
          ]
        }
      ]
    },
    {
      "mode": "managed",
      "type": "aws_security_group",
      "name": "terraform_efs_sg",
      "provider": "provider[\"registry.terraform.io/hashicorp/aws\"]",
      "instances": [
        {
          "schema_version": 1,
          "attributes": {
            "arn": "arn:aws:ec2:eu-west-1:491085428405:security-group/sg-0d420651c0edcb7e1",
            "description": "Managed by Terraform",
            "egress": [
              {
                "cidr_blocks": [
                  "0.0.0.0/0"
                ],
                "description": "",
                "from_port": 0,
                "ipv6_cidr_blocks": [],
                "prefix_list_ids": [],
                "protocol": "-1",
                "security_groups": [],
                "self": false,
                "to_port": 0
              }
            ],
            "id": "sg-0d420651c0edcb7e1",
            "ingress": [
              {
                "cidr_blocks": [
                  "10.0.0.0/16"
                ],
                "description": "",
                "from_port": 2049,
                "ipv6_cidr_blocks": [],
                "prefix_list_ids": [],
                "protocol": "tcp",
                "security_groups": [],
                "self": false,
                "to_port": 2049
              }
            ],
            "name": "terraform-20241215144612794800000004",
            "name_prefix": "terraform-",
            "owner_id": "491085428405",
            "revoke_rules_on_delete": false,
            "tags": {
              "Name": "EFS-Security-Group"
            },
            "tags_all": {
              "Name": "EFS-Security-Group"
            },
            "timeouts": null,
            "vpc_id": "vpc-05fd3fc7e21fe8670"
          },
          "sensitive_attributes": [],
          "private": "eyJlMmJmYjczMC1lY2FhLTExZTYtOGY4OC0zNDM2M2JjN2M0YzAiOnsiY3JlYXRlIjo2MDAwMDAwMDAwMDAsImRlbGV0ZSI6OTAwMDAwMDAwMDAwfSwic2NoZW1hX3ZlcnNpb24iOiIxIn0=",
          "dependencies": [
            "aws_vpc.Terraform-VPC-test"
          ]
        }
      ]
    },
    {
      "mode": "managed",
      "type": "aws_subnet",
      "name": "subnet1",
      "provider": "provider[\"registry.terraform.io/hashicorp/aws\"]",
      "instances": [
        {
          "schema_version": 1,
          "attributes": {
            "arn": "arn:aws:ec2:eu-west-1:491085428405:subnet/subnet-030e55e746d1be52e",
            "assign_ipv6_address_on_creation": false,
            "availability_zone": "eu-west-1a",
            "availability_zone_id": "euw1-az3",
            "cidr_block": "10.0.1.0/24",
            "customer_owned_ipv4_pool": "",
            "enable_dns64": false,
            "enable_lni_at_device_index": 0,
            "enable_resource_name_dns_a_record_on_launch": false,
            "enable_resource_name_dns_aaaa_record_on_launch": false,
            "id": "subnet-030e55e746d1be52e",
            "ipv6_cidr_block": "",
            "ipv6_cidr_block_association_id": "",
            "ipv6_native": false,
            "map_customer_owned_ip_on_launch": false,
            "map_public_ip_on_launch": true,
            "outpost_arn": "",
            "owner_id": "491085428405",
            "private_dns_hostname_type_on_launch": "ip-name",
            "tags": {
              "Name": "Terraform-subnet-1"
            },
            "tags_all": {
              "Name": "Terraform-subnet-1"
            },
            "timeouts": null,
            "vpc_id": "vpc-05fd3fc7e21fe8670"
          },
          "sensitive_attributes": [],
          "private": "eyJlMmJmYjczMC1lY2FhLTExZTYtOGY4OC0zNDM2M2JjN2M0YzAiOnsiY3JlYXRlIjo2MDAwMDAwMDAwMDAsImRlbGV0ZSI6MTIwMDAwMDAwMDAwMH0sInNjaGVtYV92ZXJzaW9uIjoiMSJ9",
          "dependencies": [
            "aws_vpc.Terraform-VPC-test"
          ]
        }
      ]
    },
    {
      "mode": "managed",
      "type": "aws_subnet",
      "name": "subnet2",
      "provider": "provider[\"registry.terraform.io/hashicorp/aws\"]",
      "instances": [
        {
          "schema_version": 1,
          "attributes": {
            "arn": "arn:aws:ec2:eu-west-1:491085428405:subnet/subnet-0d5b79e57d1a3b633",
            "assign_ipv6_address_on_creation": false,
            "availability_zone": "eu-west-1b",
            "availability_zone_id": "euw1-az1",
            "cidr_block": "10.0.2.0/24",
            "customer_owned_ipv4_pool": "",
            "enable_dns64": false,
            "enable_lni_at_device_index": 0,
            "enable_resource_name_dns_a_record_on_launch": false,
            "enable_resource_name_dns_aaaa_record_on_launch": false,
            "id": "subnet-0d5b79e57d1a3b633",
            "ipv6_cidr_block": "",
            "ipv6_cidr_block_association_id": "",
            "ipv6_native": false,
            "map_customer_owned_ip_on_launch": false,
            "map_public_ip_on_launch": false,
            "outpost_arn": "",
            "owner_id": "491085428405",
            "private_dns_hostname_type_on_launch": "ip-name",
            "tags": {
              "Name": "Terraform-subnet-2"
            },
            "tags_all": {
              "Name": "Terraform-subnet-2"
            },
            "timeouts": null,
            "vpc_id": "vpc-05fd3fc7e21fe8670"
          },
          "sensitive_attributes": [],
          "private": "eyJlMmJmYjczMC1lY2FhLTExZTYtOGY4OC0zNDM2M2JjN2M0YzAiOnsiY3JlYXRlIjo2MDAwMDAwMDAwMDAsImRlbGV0ZSI6MTIwMDAwMDAwMDAwMH0sInNjaGVtYV92ZXJzaW9uIjoiMSJ9",
          "dependencies": [
            "aws_vpc.Terraform-VPC-test"
          ]
        }
      ]
    },
    {
      "mode": "managed",
      "type": "aws_vpc",
      "name": "Terraform-VPC-test",
      "provider": "provider[\"registry.terraform.io/hashicorp/aws\"]",
      "instances": [
        {
          "schema_version": 1,
          "attributes": {
            "arn": "arn:aws:ec2:eu-west-1:491085428405:vpc/vpc-05fd3fc7e21fe8670",
            "assign_generated_ipv6_cidr_block": false,
            "cidr_block": "10.0.0.0/16",
            "default_network_acl_id": "acl-0c239ecf38e2aadb1",
            "default_route_table_id": "rtb-00a26b2002285d466",
            "default_security_group_id": "sg-02d2b9bbd8e5d7f17",
            "dhcp_options_id": "dopt-04c34112d7e2fbb82",
            "enable_dns_hostnames": true,
            "enable_dns_support": true,
            "enable_network_address_usage_metrics": false,
            "id": "vpc-05fd3fc7e21fe8670",
            "instance_tenancy": "default",
            "ipv4_ipam_pool_id": null,
            "ipv4_netmask_length": null,
            "ipv6_association_id": "",
            "ipv6_cidr_block": "",
            "ipv6_cidr_block_network_border_group": "",
            "ipv6_ipam_pool_id": "",
            "ipv6_netmask_length": 0,
            "main_route_table_id": "rtb-00a26b2002285d466",
            "owner_id": "491085428405",
            "tags": {
              "Name": "Terraform-VPC"
            },
            "tags_all": {
              "Name": "Terraform-VPC"
            }
          },
          "sensitive_attributes": [],
          "private": "eyJzY2hlbWFfdmVyc2lvbiI6IjEifQ=="
        }
      ]
    },
    {
      "mode": "managed",
      "type": "tls_private_key",
      "name": "Terraform-PrivateKey",
      "provider": "provider[\"registry.terraform.io/hashicorp/tls\"]",
      "instances": [
        {
          "schema_version": 1,
          "attributes": {
            "algorithm": "RSA",
            "ecdsa_curve": "P224",
            "id": "dcb016f90d0cf4d4f0650c9447307c35e3b289ca",
            "private_key_openssh": "-----BEGIN OPENSSH PRIVATE KEY-----\nb3BlbnNzaC1rZXktdjEAAAAABG5vbmUAAAAEbm9uZQAAAAAAAAABAAABFwAAAAdz\nc2gtcnNhAAAAAwEAAQAAAQEAx2LUrJDJS51YW9Y5Lu9MxENFFPSWQgarDeK/ty3b\nCdqe1ojQ+CdVP2rQnBANjIPy19CGT1vQ3kEH4BzeCfB3us3MgIRXqWSYQgtk12Td\n/onlvergxxQxbATVPe85tk1y5mTtlW9Rsg3uJqMfMKTHWOgiMVZVtEtCQqw6jptn\nLG+vGKc8NpBl88+9JLYrSknC3KEw4TSU+uORMqixyXT7yFVD/QqAUb+btd2IbpM1\nkjXoLvBqcaRValcV+rrTHQUDIEGOB7pdvcvMQibU0XlgPrZwz3Fguq8lDvgqO1uf\nZET4ZWi3DZ1TBqriEJOUY8fnWgCq8CNEHThoVmmvCRU/ZQAAA7hNAviETQL4hAAA\nAAdzc2gtcnNhAAABAQDHYtSskMlLnVhb1jku70zEQ0UU9JZCBqsN4r+3LdsJ2p7W\niND4J1U/atCcEA2Mg/LX0IZPW9DeQQfgHN4J8He6zcyAhFepZJhCC2TXZN3+ieW9\n6uDHFDFsBNU97zm2TXLmZO2Vb1GyDe4mox8wpMdY6CIxVlW0S0JCrDqOm2csb68Y\npzw2kGXzz70ktitKScLcoTDhNJT645EyqLHJdPvIVUP9CoBRv5u13YhukzWSNegu\n8GpxpFVqVxX6utMdBQMgQY4Hul29y8xCJtTReWA+tnDPcWC6ryUO+Co7W59kRPhl\naLcNnVMGquIQk5Rjx+daAKrwI0QdOGhWaa8JFT9lAAAAAwEAAQAAAQBiAlPWi8lX\nMP4ZDqHHT3wl0YdouJ4P0KVOyxJAYfsUyfFgNZq7EOKXrNLklAOE+etqaKdM5S4z\nwjWz1ZzTt++y1Kzc07EfpEIv3NfyBTQWhgR3qbhaQ7PTjECiFDEDSujbFeuvlCvN\nYYmaVn7jc2xGaL0+EVlJqeDlUzHpnbxGm7WPHBIJpRS7b1aeoZqmXnKVR+ougn52\nPdnnwT8lkdpNpVrZARwlDw4ld72sddlFSxk9q2ArA2Kf7X+TJ29xMsCqQ/6qdpl2\nP/W4juzpoqkVeG6WCx3OwOjXp/6LKcda65u9MSqJb6mL+sOctO2ATkHSHV7yiuQu\nQWmWMfmOpTIVAAAAgQCvlBrWW5Tej6ZsyxPgEvMZtvaNjO02GoqYwUueKomcbtAK\nmKrCfAJhOoDFo6EbEWAu8yfny47pRD+o6k5wcWLpDair19xmAWj59CW1FugLAoNz\nNZL0e/DWeJp46zFiD9qnnCeCIZVvXyK3Ph6ScPtkqVyGEbNjhUPSDcxg3r4pzQAA\nAIEA35EKI8vLPgUhl2dM0i007trWjP5og5y13X+GGFHqEaXeJhLm0qvOeqNYSGUx\ndMv5lR/t1gYKE6w2c39N86lMyI1mI39e/UdqRKaD3cD+6GhF68Gwy4IapRIgprZN\nK0+oryvYqbjl+qDJ+3x1+/vAxTpp/iUTEWriG3bW6dr9gMsAAACBAORPwofayNsp\n/Djwa0TZlwyzRGT6KanJM3I5CtDpcwcxAJrre5EOEptLg7UWrilsEAKJmPZyVDXY\nGJSuf4C/TFzU0xi6A2BshBDfoW1681B+Mj/qGSQeMxf4Uk+kninqzb2QljZ9VGkA\nU4quJPfX4Nh0k3bL9F8Hk18I0dgs6yqPAAAAAAEC\n-----END OPENSSH PRIVATE KEY-----\n",
            "private_key_pem": "-----BEGIN RSA PRIVATE KEY-----\nMIIEpQIBAAKCAQEAx2LUrJDJS51YW9Y5Lu9MxENFFPSWQgarDeK/ty3bCdqe1ojQ\n+CdVP2rQnBANjIPy19CGT1vQ3kEH4BzeCfB3us3MgIRXqWSYQgtk12Td/onlverg\nxxQxbATVPe85tk1y5mTtlW9Rsg3uJqMfMKTHWOgiMVZVtEtCQqw6jptnLG+vGKc8\nNpBl88+9JLYrSknC3KEw4TSU+uORMqixyXT7yFVD/QqAUb+btd2IbpM1kjXoLvBq\ncaRValcV+rrTHQUDIEGOB7pdvcvMQibU0XlgPrZwz3Fguq8lDvgqO1ufZET4ZWi3\nDZ1TBqriEJOUY8fnWgCq8CNEHThoVmmvCRU/ZQIDAQABAoIBAGICU9aLyVcw/hkO\nocdPfCXRh2i4ng/QpU7LEkBh+xTJ8WA1mrsQ4pes0uSUA4T562pop0zlLjPCNbPV\nnNO377LUrNzTsR+kQi/c1/IFNBaGBHepuFpDs9OMQKIUMQNK6NsV66+UK81hiZpW\nfuNzbEZovT4RWUmp4OVTMemdvEabtY8cEgmlFLtvVp6hmqZecpVH6i6CfnY92efB\nPyWR2k2lWtkBHCUPDiV3vax12UVLGT2rYCsDYp/tf5Mnb3EywKpD/qp2mXY/9biO\n7OmiqRV4bpYLHc7A6Nen/ospx1rrm70xKolvqYv6w5y07YBOQdIdXvKK5C5BaZYx\n+Y6lMhUCgYEA35EKI8vLPgUhl2dM0i007trWjP5og5y13X+GGFHqEaXeJhLm0qvO\neqNYSGUxdMv5lR/t1gYKE6w2c39N86lMyI1mI39e/UdqRKaD3cD+6GhF68Gwy4Ia\npRIgprZNK0+oryvYqbjl+qDJ+3x1+/vAxTpp/iUTEWriG3bW6dr9gMsCgYEA5E/C\nh9rI2yn8OPBrRNmXDLNEZPopqckzcjkK0OlzBzEAmut7kQ4Sm0uDtRauKWwQAomY\n9nJUNdgYlK5/gL9MXNTTGLoDYGyEEN+hbXrzUH4yP+oZJB4zF/hST6SeKerNvZCW\nNn1UaQBTiq4k99fg2HSTdsv0XweTXwjR2CzrKo8CgYEAkVoqPoW0OTl60oX94zQz\nEwxCq96IMvGDKGRN2agAR8MQgK6PVe8PyppCvqbUFby8IyFkL18z1ACGUmc1VjL/\nUfDktDWOm5t/0ux0FYvx70ZEF3iRqm6HRkVX5yvlVkBvSpx2PDqTg3Rgfdo4l0Dh\n3xkQaoTONefI49RK/DY91SsCgYEAyh4aFu8G1Y7rrPSZ4g/G+wVQzRvx+k8Wbk41\nVxD0Ni+ZW4yQja+ppTVK2evELwNtgPGTKsm35xrxV97LHY086wm1/7Pc/WXT3KQ9\nYpBwCphNn+t8ak8Z6GR7aepP4sftb54qfP6i1Xnme2UDcS357WX2jjqskdxBCObj\n7r6FSd0CgYEAr5Qa1luU3o+mbMsT4BLzGbb2jYztNhqKmMFLniqJnG7QCpiqwnwC\nYTqAxaOhGxFgLvMn58uO6UQ/qOpOcHFi6Q2oq9fcZgFo+fQltRboCwKDczWS9Hvw\n1niaeOsxYg/ap5wngiGVb18itz4eknD7ZKlchhGzY4VD0g3MYN6+Kc0=\n-----END RSA PRIVATE KEY-----\n",
            "private_key_pem_pkcs8": "-----BEGIN PRIVATE KEY-----\nMIIEvwIBADANBgkqhkiG9w0BAQEFAASCBKkwggSlAgEAAoIBAQDHYtSskMlLnVhb\n1jku70zEQ0UU9JZCBqsN4r+3LdsJ2p7WiND4J1U/atCcEA2Mg/LX0IZPW9DeQQfg\nHN4J8He6zcyAhFepZJhCC2TXZN3+ieW96uDHFDFsBNU97zm2TXLmZO2Vb1GyDe4m\nox8wpMdY6CIxVlW0S0JCrDqOm2csb68Ypzw2kGXzz70ktitKScLcoTDhNJT645Ey\nqLHJdPvIVUP9CoBRv5u13YhukzWSNegu8GpxpFVqVxX6utMdBQMgQY4Hul29y8xC\nJtTReWA+tnDPcWC6ryUO+Co7W59kRPhlaLcNnVMGquIQk5Rjx+daAKrwI0QdOGhW\naa8JFT9lAgMBAAECggEAYgJT1ovJVzD+GQ6hx098JdGHaLieD9ClTssSQGH7FMnx\nYDWauxDil6zS5JQDhPnraminTOUuM8I1s9Wc07fvstSs3NOxH6RCL9zX8gU0FoYE\nd6m4WkOz04xAohQxA0ro2xXrr5QrzWGJmlZ+43NsRmi9PhFZSang5VMx6Z28Rpu1\njxwSCaUUu29WnqGapl5ylUfqLoJ+dj3Z58E/JZHaTaVa2QEcJQ8OJXe9rHXZRUsZ\nPatgKwNin+1/kydvcTLAqkP+qnaZdj/1uI7s6aKpFXhulgsdzsDo16f+iynHWuub\nvTEqiW+pi/rDnLTtgE5B0h1e8orkLkFpljH5jqUyFQKBgQDfkQojy8s+BSGXZ0zS\nLTTu2taM/miDnLXdf4YYUeoRpd4mEubSq856o1hIZTF0y/mVH+3WBgoTrDZzf03z\nqUzIjWYjf179R2pEpoPdwP7oaEXrwbDLghqlEiCmtk0rT6ivK9ipuOX6oMn7fHX7\n+8DFOmn+JRMRauIbdtbp2v2AywKBgQDkT8KH2sjbKfw48GtE2ZcMs0Rk+impyTNy\nOQrQ6XMHMQCa63uRDhKbS4O1Fq4pbBACiZj2clQ12BiUrn+Av0xc1NMYugNgbIQQ\n36FtevNQfjI/6hkkHjMX+FJPpJ4p6s29kJY2fVRpAFOKriT31+DYdJN2y/RfB5Nf\nCNHYLOsqjwKBgQCRWio+hbQ5OXrShf3jNDMTDEKr3ogy8YMoZE3ZqABHwxCAro9V\n7w/KmkK+ptQVvLwjIWQvXzPUAIZSZzVWMv9R8OS0NY6bm3/S7HQVi/HvRkQXeJGq\nbodGRVfnK+VWQG9KnHY8OpODdGB92jiXQOHfGRBqhM4158jj1Er8Nj3VKwKBgQDK\nHhoW7wbVjuus9JniD8b7BVDNG/H6TxZuTjVXEPQ2L5lbjJCNr6mlNUrZ68QvA22A\n8ZMqybfnGvFX3ssdjTzrCbX/s9z9ZdPcpD1ikHAKmE2f63xqTxnoZHtp6k/ix+1v\nnip8/qLVeeZ7ZQNxLfntZfaOOqyR3EEI5uPuvoVJ3QKBgQCvlBrWW5Tej6ZsyxPg\nEvMZtvaNjO02GoqYwUueKomcbtAKmKrCfAJhOoDFo6EbEWAu8yfny47pRD+o6k5w\ncWLpDair19xmAWj59CW1FugLAoNzNZL0e/DWeJp46zFiD9qnnCeCIZVvXyK3Ph6S\ncPtkqVyGEbNjhUPSDcxg3r4pzQ==\n-----END PRIVATE KEY-----\n",
            "public_key_fingerprint_md5": "df:f3:a7:c0:3d:a7:8b:36:33:de:58:a3:2b:87:16:0c",
            "public_key_fingerprint_sha256": "SHA256:FXoiTO5Un21jLDOqLzysL4wKMxgrQl6z0WeNlCz8qu0",
            "public_key_openssh": "ssh-rsa AAAAB3NzaC1yc2EAAAADAQABAAABAQDHYtSskMlLnVhb1jku70zEQ0UU9JZCBqsN4r+3LdsJ2p7WiND4J1U/atCcEA2Mg/LX0IZPW9DeQQfgHN4J8He6zcyAhFepZJhCC2TXZN3+ieW96uDHFDFsBNU97zm2TXLmZO2Vb1GyDe4mox8wpMdY6CIxVlW0S0JCrDqOm2csb68Ypzw2kGXzz70ktitKScLcoTDhNJT645EyqLHJdPvIVUP9CoBRv5u13YhukzWSNegu8GpxpFVqVxX6utMdBQMgQY4Hul29y8xCJtTReWA+tnDPcWC6ryUO+Co7W59kRPhlaLcNnVMGquIQk5Rjx+daAKrwI0QdOGhWaa8JFT9l\n",
            "public_key_pem": "-----BEGIN PUBLIC KEY-----\nMIIBIjANBgkqhkiG9w0BAQEFAAOCAQ8AMIIBCgKCAQEAx2LUrJDJS51YW9Y5Lu9M\nxENFFPSWQgarDeK/ty3bCdqe1ojQ+CdVP2rQnBANjIPy19CGT1vQ3kEH4BzeCfB3\nus3MgIRXqWSYQgtk12Td/onlvergxxQxbATVPe85tk1y5mTtlW9Rsg3uJqMfMKTH\nWOgiMVZVtEtCQqw6jptnLG+vGKc8NpBl88+9JLYrSknC3KEw4TSU+uORMqixyXT7\nyFVD/QqAUb+btd2IbpM1kjXoLvBqcaRValcV+rrTHQUDIEGOB7pdvcvMQibU0Xlg\nPrZwz3Fguq8lDvgqO1ufZET4ZWi3DZ1TBqriEJOUY8fnWgCq8CNEHThoVmmvCRU/\nZQIDAQAB\n-----END PUBLIC KEY-----\n",
            "rsa_bits": 2048
          },
          "sensitive_attributes": [
            [
              {
                "type": "get_attr",
                "value": "private_key_openssh"
              }
            ],
            [
              {
                "type": "get_attr",
                "value": "private_key_pem"
              }
            ],
            [
              {
                "type": "get_attr",
                "value": "private_key_pem_pkcs8"
              }
            ]
          ]
        }
      ]
    }
  ],
  "check_results": null
}
