{
  "version": 4,
  "terraform_version": "1.9.8",
  "serial": 4337,
  "lineage": "ea68e502-a528-57fd-7eb2-cc36d5f588da",
  "outputs": {
    "Lambda-Command": {
      "value": "url -X POST -H 'filename: example.txt' -d 'Mustafa Test'",
      "type": "string"
    },
    "LoadBalancer_IP": {
      "value": "Terraform-Webserver-ALB-532164933.eu-west-1.elb.amazonaws.com",
      "type": "string"
    },
    "api_gateway_url": {
      "value": "value: url -X POST -H 'filename: example.txt' -d 'Mustafa Test' https://o6a6u2k6t8.execute-api.eu-west-1.amazonaws.com/production/upload",
      "type": "string"
    },
    "efs_dns_name": {
      "value": "fs-0faa318269a7c3bc8.efs.eu-west-1.amazonaws.com",
      "type": "string"
    },
    "sql": {
      "value": "sudo mysql -h 10.0.1.31 -u remote -premote -e 'SELECT * FROM files.file'",
      "type": "string"
    }
  },
  "resources": [
    {
      "mode": "data",
      "type": "aws_region",
      "name": "current",
      "provider": "provider[\"registry.terraform.io/hashicorp/aws\"]",
      "instances": [
        {
          "schema_version": 0,
          "attributes": {
            "description": "Europe (Ireland)",
            "endpoint": "ec2.eu-west-1.amazonaws.com",
            "id": "eu-west-1",
            "name": "eu-west-1"
          },
          "sensitive_attributes": []
        }
      ]
    },
    {
      "mode": "managed",
      "type": "aws_apigatewayv2_api",
      "name": "http_api",
      "provider": "provider[\"registry.terraform.io/hashicorp/aws\"]",
      "instances": [
        {
          "schema_version": 0,
          "attributes": {
            "api_endpoint": "https://o6a6u2k6t8.execute-api.eu-west-1.amazonaws.com",
            "api_key_selection_expression": "$request.header.x-api-key",
            "arn": "arn:aws:apigateway:eu-west-1::/apis/o6a6u2k6t8",
            "body": null,
            "cors_configuration": [],
            "credentials_arn": null,
            "description": "",
            "disable_execute_api_endpoint": false,
            "execution_arn": "arn:aws:execute-api:eu-west-1:491085428405:o6a6u2k6t8",
            "fail_on_warnings": null,
            "id": "o6a6u2k6t8",
            "name": "LambdaHTTPAPI",
            "protocol_type": "HTTP",
            "route_key": null,
            "route_selection_expression": "$request.method $request.path",
            "tags": {
              "Name": "HTTPAPITrigger"
            },
            "tags_all": {
              "Name": "HTTPAPITrigger"
            },
            "target": null,
            "version": ""
          },
          "sensitive_attributes": [],
          "private": "bnVsbA=="
        }
      ]
    },
    {
      "mode": "managed",
      "type": "aws_apigatewayv2_integration",
      "name": "lambda_integration",
      "provider": "provider[\"registry.terraform.io/hashicorp/aws\"]",
      "instances": [
        {
          "schema_version": 0,
          "attributes": {
            "api_id": "o6a6u2k6t8",
            "connection_id": "",
            "connection_type": "INTERNET",
            "content_handling_strategy": "",
            "credentials_arn": "",
            "description": "",
            "id": "d9d92qh",
            "integration_method": "POST",
            "integration_response_selection_expression": "",
            "integration_subtype": "",
            "integration_type": "AWS_PROXY",
            "integration_uri": "arn:aws:lambda:eu-west-1:491085428405:function:uploadFileToS3",
            "passthrough_behavior": "",
            "payload_format_version": "1.0",
            "request_parameters": null,
            "request_templates": null,
            "response_parameters": [],
            "template_selection_expression": "",
            "timeout_milliseconds": 30000,
            "tls_config": []
          },
          "sensitive_attributes": [],
          "private": "bnVsbA==",
          "dependencies": [
            "aws_apigatewayv2_api.http_api",
            "aws_iam_role.lambda_role",
            "aws_lambda_function.upload_file_lambda",
            "aws_s3_bucket.Terraform-Bucket"
          ]
        }
      ]
    },
    {
      "mode": "managed",
      "type": "aws_apigatewayv2_route",
      "name": "http_route",
      "provider": "provider[\"registry.terraform.io/hashicorp/aws\"]",
      "instances": [
        {
          "schema_version": 0,
          "attributes": {
            "api_id": "o6a6u2k6t8",
            "api_key_required": false,
            "authorization_scopes": null,
            "authorization_type": "NONE",
            "authorizer_id": "",
            "id": "l00p0qm",
            "model_selection_expression": "",
            "operation_name": "",
            "request_models": null,
            "request_parameter": [],
            "route_key": "POST /upload",
            "route_response_selection_expression": "",
            "target": "integrations/d9d92qh"
          },
          "sensitive_attributes": [],
          "private": "bnVsbA==",
          "dependencies": [
            "aws_apigatewayv2_api.http_api",
            "aws_apigatewayv2_integration.lambda_integration",
            "aws_iam_role.lambda_role",
            "aws_lambda_function.upload_file_lambda",
            "aws_s3_bucket.Terraform-Bucket"
          ]
        }
      ]
    },
    {
      "mode": "managed",
      "type": "aws_apigatewayv2_stage",
      "name": "production_stage",
      "provider": "provider[\"registry.terraform.io/hashicorp/aws\"]",
      "instances": [
        {
          "schema_version": 0,
          "attributes": {
            "access_log_settings": [],
            "api_id": "o6a6u2k6t8",
            "arn": "arn:aws:apigateway:eu-west-1::/apis/o6a6u2k6t8/stages/production",
            "auto_deploy": true,
            "client_certificate_id": "",
            "default_route_settings": [
              {
                "data_trace_enabled": false,
                "detailed_metrics_enabled": false,
                "logging_level": "",
                "throttling_burst_limit": 0,
                "throttling_rate_limit": 0
              }
            ],
            "deployment_id": "",
            "description": "",
            "execution_arn": "arn:aws:execute-api:eu-west-1:491085428405:o6a6u2k6t8/production",
            "id": "production",
            "invoke_url": "https://o6a6u2k6t8.execute-api.eu-west-1.amazonaws.com/production",
            "name": "production",
            "route_settings": [],
            "stage_variables": null,
            "tags": {
              "Name": "ProductionStage"
            },
            "tags_all": {
              "Name": "ProductionStage"
            }
          },
          "sensitive_attributes": [],
          "private": "bnVsbA==",
          "dependencies": [
            "aws_apigatewayv2_api.http_api"
          ]
        }
      ]
    },
    {
      "mode": "managed",
      "type": "aws_efs_file_system",
      "name": "terraform_efs",
      "provider": "provider[\"registry.terraform.io/hashicorp/aws\"]",
      "instances": [
        {
          "schema_version": 0,
          "attributes": {
            "arn": "arn:aws:elasticfilesystem:eu-west-1:491085428405:file-system/fs-0faa318269a7c3bc8",
            "availability_zone_id": "",
            "availability_zone_name": "",
            "creation_token": "terraform-efs",
            "dns_name": "fs-0faa318269a7c3bc8.efs.eu-west-1.amazonaws.com",
            "encrypted": false,
            "id": "fs-0faa318269a7c3bc8",
            "kms_key_id": "",
            "lifecycle_policy": [],
            "name": "Terraform-EFS",
            "number_of_mount_targets": 0,
            "owner_id": "491085428405",
            "performance_mode": "generalPurpose",
            "protection": [
              {
                "replication_overwrite": "ENABLED"
              }
            ],
            "provisioned_throughput_in_mibps": 0,
            "size_in_bytes": [
              {
                "value": 6144,
                "value_in_ia": 0,
                "value_in_standard": 6144
              }
            ],
            "tags": {
              "Name": "Terraform-EFS"
            },
            "tags_all": {
              "Name": "Terraform-EFS"
            },
            "throughput_mode": "bursting"
          },
          "sensitive_attributes": [],
          "private": "bnVsbA=="
        }
      ]
    },
    {
      "mode": "managed",
      "type": "aws_efs_mount_target",
      "name": "subnet1_mount_target",
      "provider": "provider[\"registry.terraform.io/hashicorp/aws\"]",
      "instances": [
        {
          "schema_version": 0,
          "attributes": {
            "availability_zone_id": "euw1-az3",
            "availability_zone_name": "eu-west-1a",
            "dns_name": "fs-0faa318269a7c3bc8.efs.eu-west-1.amazonaws.com",
            "file_system_arn": "arn:aws:elasticfilesystem:eu-west-1:491085428405:file-system/fs-0faa318269a7c3bc8",
            "file_system_id": "fs-0faa318269a7c3bc8",
            "id": "fsmt-0a5a3d78cc2ad8a66",
            "ip_address": "10.0.1.146",
            "mount_target_dns_name": "eu-west-1a.fs-0faa318269a7c3bc8.efs.eu-west-1.amazonaws.com",
            "network_interface_id": "eni-08b553d71fceb5dcf",
            "owner_id": "491085428405",
            "security_groups": [
              "sg-03167bd20d35f7751"
            ],
            "subnet_id": "subnet-0e570cb1106b19365",
            "timeouts": null
          },
          "sensitive_attributes": [],
          "private": "eyJlMmJmYjczMC1lY2FhLTExZTYtOGY4OC0zNDM2M2JjN2M0YzAiOnsiY3JlYXRlIjoxODAwMDAwMDAwMDAwLCJkZWxldGUiOjYwMDAwMDAwMDAwMH19",
          "dependencies": [
            "aws_efs_file_system.terraform_efs",
            "aws_security_group.terraform_efs_sg",
            "aws_subnet.subnet1",
            "aws_vpc.Terraform-VPC-test"
          ]
        }
      ]
    },
    {
      "mode": "managed",
      "type": "aws_efs_mount_target",
      "name": "subnet2_mount_target",
      "provider": "provider[\"registry.terraform.io/hashicorp/aws\"]",
      "instances": [
        {
          "schema_version": 0,
          "attributes": {
            "availability_zone_id": "euw1-az1",
            "availability_zone_name": "eu-west-1b",
            "dns_name": "fs-0faa318269a7c3bc8.efs.eu-west-1.amazonaws.com",
            "file_system_arn": "arn:aws:elasticfilesystem:eu-west-1:491085428405:file-system/fs-0faa318269a7c3bc8",
            "file_system_id": "fs-0faa318269a7c3bc8",
            "id": "fsmt-019e9710eb6722009",
            "ip_address": "10.0.2.225",
            "mount_target_dns_name": "eu-west-1b.fs-0faa318269a7c3bc8.efs.eu-west-1.amazonaws.com",
            "network_interface_id": "eni-0a46302e78f600d7b",
            "owner_id": "491085428405",
            "security_groups": [
              "sg-03167bd20d35f7751"
            ],
            "subnet_id": "subnet-06ce9542e9da13ba8",
            "timeouts": null
          },
          "sensitive_attributes": [],
          "private": "eyJlMmJmYjczMC1lY2FhLTExZTYtOGY4OC0zNDM2M2JjN2M0YzAiOnsiY3JlYXRlIjoxODAwMDAwMDAwMDAwLCJkZWxldGUiOjYwMDAwMDAwMDAwMH19",
          "dependencies": [
            "aws_efs_file_system.terraform_efs",
            "aws_security_group.terraform_efs_sg",
            "aws_subnet.subnet2",
            "aws_vpc.Terraform-VPC-test"
          ]
        }
      ]
    },
    {
      "mode": "managed",
      "type": "aws_iam_instance_profile",
      "name": "terraform_instance_profile",
      "provider": "provider[\"registry.terraform.io/hashicorp/aws\"]",
      "instances": [
        {
          "schema_version": 0,
          "attributes": {
            "arn": "arn:aws:iam::491085428405:instance-profile/terraform-instance-profile",
            "create_date": "2024-12-19T18:13:44Z",
            "id": "terraform-instance-profile",
            "name": "terraform-instance-profile",
            "name_prefix": "",
            "path": "/",
            "role": "terraform-role",
            "tags": null,
            "tags_all": {},
            "unique_id": "AIPAXEVXY6223OYZXHWVL"
          },
          "sensitive_attributes": [],
          "private": "bnVsbA==",
          "dependencies": [
            "aws_iam_role.terraform_role"
          ]
        }
      ]
    },
    {
      "mode": "managed",
      "type": "aws_iam_policy",
      "name": "lambda_s3_policy",
      "provider": "provider[\"registry.terraform.io/hashicorp/aws\"]",
      "instances": [
        {
          "schema_version": 0,
          "attributes": {
            "arn": "arn:aws:iam::491085428405:policy/lambda-s3-policy",
            "attachment_count": 0,
            "description": "Allow Lambda to access S3",
            "id": "arn:aws:iam::491085428405:policy/lambda-s3-policy",
            "name": "lambda-s3-policy",
            "name_prefix": "",
            "path": "/",
            "policy": "{\"Statement\":[{\"Action\":[\"s3:PutObject\",\"s3:GetObject\"],\"Effect\":\"Allow\",\"Resource\":\"arn:aws:s3:::r0938274-terraform-file-upload-bucket/*\"}],\"Version\":\"2012-10-17\"}",
            "policy_id": "ANPAXEVXY6226OIPSICD2",
            "tags": null,
            "tags_all": {}
          },
          "sensitive_attributes": [],
          "private": "bnVsbA==",
          "dependencies": [
            "aws_s3_bucket.Terraform-Bucket"
          ]
        }
      ]
    },
    {
      "mode": "managed",
      "type": "aws_iam_policy",
      "name": "terraform_s3_policy",
      "provider": "provider[\"registry.terraform.io/hashicorp/aws\"]",
      "instances": [
        {
          "schema_version": 0,
          "attributes": {
            "arn": "arn:aws:iam::491085428405:policy/TerraformS3Policy",
            "attachment_count": 0,
            "description": "S3 permissions for Terraform",
            "id": "arn:aws:iam::491085428405:policy/TerraformS3Policy",
            "name": "TerraformS3Policy",
            "name_prefix": "",
            "path": "/",
            "policy": "{\"Statement\":[{\"Action\":[\"s3:ListBucket\",\"s3:GetObject\",\"s3:PutObject\"],\"Effect\":\"Allow\",\"Resource\":[\"arn:aws:s3:::r0938274-terraform-file-upload-bucket\",\"arn:aws:s3:::r0938274-terraform-file-upload-bucket/*\"]}],\"Version\":\"2012-10-17\"}",
            "policy_id": "ANPAXEVXY622R7RQIPDIV",
            "tags": null,
            "tags_all": {}
          },
          "sensitive_attributes": [],
          "private": "bnVsbA=="
        }
      ]
    },
    {
      "mode": "managed",
      "type": "aws_iam_role",
      "name": "lambda_role",
      "provider": "provider[\"registry.terraform.io/hashicorp/aws\"]",
      "instances": [
        {
          "schema_version": 0,
          "attributes": {
            "arn": "arn:aws:iam::491085428405:role/terraform-lambda-role",
            "assume_role_policy": "{\"Statement\":[{\"Action\":\"sts:AssumeRole\",\"Effect\":\"Allow\",\"Principal\":{\"Service\":\"lambda.amazonaws.com\"}}],\"Version\":\"2012-10-17\"}",
            "create_date": "2024-12-19T18:13:43Z",
            "description": "",
            "force_detach_policies": false,
            "id": "terraform-lambda-role",
            "inline_policy": [],
            "managed_policy_arns": [],
            "max_session_duration": 3600,
            "name": "terraform-lambda-role",
            "name_prefix": "",
            "path": "/",
            "permissions_boundary": "",
            "tags": {
              "Name": "LambdaRole"
            },
            "tags_all": {
              "Name": "LambdaRole"
            },
            "unique_id": "AROAXEVXY622RMJT7KGHF"
          },
          "sensitive_attributes": [],
          "private": "bnVsbA=="
        }
      ]
    },
    {
      "mode": "managed",
      "type": "aws_iam_role",
      "name": "terraform_role",
      "provider": "provider[\"registry.terraform.io/hashicorp/aws\"]",
      "instances": [
        {
          "schema_version": 0,
          "attributes": {
            "arn": "arn:aws:iam::491085428405:role/terraform-role",
            "assume_role_policy": "{\"Statement\":[{\"Action\":\"sts:AssumeRole\",\"Effect\":\"Allow\",\"Principal\":{\"Service\":\"ec2.amazonaws.com\"},\"Sid\":\"\"}],\"Version\":\"2012-10-17\"}",
            "create_date": "2024-12-19T18:13:43Z",
            "description": "",
            "force_detach_policies": false,
            "id": "terraform-role",
            "inline_policy": [],
            "managed_policy_arns": [],
            "max_session_duration": 3600,
            "name": "terraform-role",
            "name_prefix": "",
            "path": "/",
            "permissions_boundary": "",
            "tags": null,
            "tags_all": {},
            "unique_id": "AROAXEVXY622UOAHODFRH"
          },
          "sensitive_attributes": [],
          "private": "bnVsbA=="
        }
      ]
    },
    {
      "mode": "managed",
      "type": "aws_iam_role_policy_attachment",
      "name": "attach_s3_policy",
      "provider": "provider[\"registry.terraform.io/hashicorp/aws\"]",
      "instances": [
        {
          "schema_version": 0,
          "attributes": {
            "id": "terraform-role-20241219181332288800000001",
            "policy_arn": "arn:aws:iam::491085428405:policy/TerraformS3Policy",
            "role": "terraform-role"
          },
          "sensitive_attributes": [],
          "private": "bnVsbA==",
          "dependencies": [
            "aws_iam_policy.terraform_s3_policy",
            "aws_iam_role.terraform_role"
          ]
        }
      ]
    },
    {
      "mode": "managed",
      "type": "aws_iam_role_policy_attachment",
      "name": "lambda_s3_policy_attachment",
      "provider": "provider[\"registry.terraform.io/hashicorp/aws\"]",
      "instances": [
        {
          "schema_version": 0,
          "attributes": {
            "id": "terraform-lambda-role-20241219181336013000000002",
            "policy_arn": "arn:aws:iam::491085428405:policy/lambda-s3-policy",
            "role": "terraform-lambda-role"
          },
          "sensitive_attributes": [],
          "private": "bnVsbA==",
          "dependencies": [
            "aws_iam_policy.lambda_s3_policy",
            "aws_iam_role.lambda_role",
            "aws_s3_bucket.Terraform-Bucket"
          ]
        }
      ]
    },
    {
      "mode": "managed",
      "type": "aws_instance",
      "name": "Terraform-AnsibleClient1",
      "provider": "provider[\"registry.terraform.io/hashicorp/aws\"]",
      "instances": [
        {
          "schema_version": 1,
          "attributes": {
            "ami": "ami-0d64bb532e0502c46",
            "arn": "arn:aws:ec2:eu-west-1:491085428405:instance/i-0a28ad7ca9ab1500a",
            "associate_public_ip_address": true,
            "availability_zone": "eu-west-1a",
            "capacity_reservation_specification": [
              {
                "capacity_reservation_preference": "open",
                "capacity_reservation_target": []
              }
            ],
            "cpu_core_count": 1,
            "cpu_options": [
              {
                "amd_sev_snp": "",
                "core_count": 1,
                "threads_per_core": 1
              }
            ],
            "cpu_threads_per_core": 1,
            "credit_specification": [
              {
                "cpu_credits": "standard"
              }
            ],
            "disable_api_stop": false,
            "disable_api_termination": false,
            "ebs_block_device": [],
            "ebs_optimized": false,
            "enclave_options": [
              {
                "enabled": false
              }
            ],
            "ephemeral_block_device": [],
            "get_password_data": false,
            "hibernation": false,
            "host_id": "",
            "host_resource_group_arn": null,
            "iam_instance_profile": "",
            "id": "i-0a28ad7ca9ab1500a",
            "instance_initiated_shutdown_behavior": "stop",
            "instance_lifecycle": "",
            "instance_market_options": [],
            "instance_state": "running",
            "instance_type": "t2.micro",
            "ipv6_address_count": 0,
            "ipv6_addresses": [],
            "key_name": "terraform-keypair",
            "launch_template": [],
            "maintenance_options": [
              {
                "auto_recovery": "default"
              }
            ],
            "metadata_options": [
              {
                "http_endpoint": "enabled",
                "http_protocol_ipv6": "disabled",
                "http_put_response_hop_limit": 2,
                "http_tokens": "optional",
                "instance_metadata_tags": "disabled"
              }
            ],
            "monitoring": false,
            "network_interface": [],
            "outpost_arn": "",
            "password_data": "",
            "placement_group": "",
            "placement_partition_number": 0,
            "primary_network_interface_id": "eni-015664e0a55700139",
            "private_dns": "ip-10-0-1-51.eu-west-1.compute.internal",
            "private_dns_name_options": [
              {
                "enable_resource_name_dns_a_record": false,
                "enable_resource_name_dns_aaaa_record": false,
                "hostname_type": "ip-name"
              }
            ],
            "private_ip": "10.0.1.51",
            "public_dns": "ec2-54-229-92-27.eu-west-1.compute.amazonaws.com",
            "public_ip": "54.229.92.27",
            "root_block_device": [
              {
                "delete_on_termination": true,
                "device_name": "/dev/sda1",
                "encrypted": false,
                "iops": 3000,
                "kms_key_id": "",
                "tags": {},
                "tags_all": {},
                "throughput": 125,
                "volume_id": "vol-058e9e80879edbb83",
                "volume_size": 8,
                "volume_type": "gp3"
              }
            ],
            "secondary_private_ips": [],
            "security_groups": [],
            "source_dest_check": true,
            "spot_instance_request_id": "",
            "subnet_id": "subnet-0e570cb1106b19365",
            "tags": {
              "Name": "Ansible-Client-1"
            },
            "tags_all": {
              "Name": "Ansible-Client-1"
            },
            "tenancy": "default",
            "timeouts": null,
            "user_data": "0aaa6b2f74cbd145c220821b602eaea800a33abf",
            "user_data_base64": null,
            "user_data_replace_on_change": false,
            "volume_tags": null,
            "vpc_security_group_ids": [
              "sg-00b3c1be597782151"
            ]
          },
          "sensitive_attributes": [],
          "private": "eyJlMmJmYjczMC1lY2FhLTExZTYtOGY4OC0zNDM2M2JjN2M0YzAiOnsiY3JlYXRlIjo2MDAwMDAwMDAwMDAsImRlbGV0ZSI6MTIwMDAwMDAwMDAwMCwicmVhZCI6OTAwMDAwMDAwMDAwLCJ1cGRhdGUiOjYwMDAwMDAwMDAwMH0sInNjaGVtYV92ZXJzaW9uIjoiMSJ9",
          "dependencies": [
            "aws_security_group.Terraform-SG",
            "aws_subnet.subnet1",
            "aws_vpc.Terraform-VPC-test"
          ]
        }
      ]
    },
    {
      "mode": "managed",
      "type": "aws_instance",
      "name": "Terraform-AnsibleClient2",
      "provider": "provider[\"registry.terraform.io/hashicorp/aws\"]",
      "instances": [
        {
          "schema_version": 1,
          "attributes": {
            "ami": "ami-0d64bb532e0502c46",
            "arn": "arn:aws:ec2:eu-west-1:491085428405:instance/i-0e10b754601d5b061",
            "associate_public_ip_address": true,
            "availability_zone": "eu-west-1a",
            "capacity_reservation_specification": [
              {
                "capacity_reservation_preference": "open",
                "capacity_reservation_target": []
              }
            ],
            "cpu_core_count": 1,
            "cpu_options": [
              {
                "amd_sev_snp": "",
                "core_count": 1,
                "threads_per_core": 1
              }
            ],
            "cpu_threads_per_core": 1,
            "credit_specification": [
              {
                "cpu_credits": "standard"
              }
            ],
            "disable_api_stop": false,
            "disable_api_termination": false,
            "ebs_block_device": [],
            "ebs_optimized": false,
            "enclave_options": [
              {
                "enabled": false
              }
            ],
            "ephemeral_block_device": [],
            "get_password_data": false,
            "hibernation": false,
            "host_id": "",
            "host_resource_group_arn": null,
            "iam_instance_profile": "",
            "id": "i-0e10b754601d5b061",
            "instance_initiated_shutdown_behavior": "stop",
            "instance_lifecycle": "",
            "instance_market_options": [],
            "instance_state": "running",
            "instance_type": "t2.micro",
            "ipv6_address_count": 0,
            "ipv6_addresses": [],
            "key_name": "terraform-keypair",
            "launch_template": [],
            "maintenance_options": [
              {
                "auto_recovery": "default"
              }
            ],
            "metadata_options": [
              {
                "http_endpoint": "enabled",
                "http_protocol_ipv6": "disabled",
                "http_put_response_hop_limit": 2,
                "http_tokens": "optional",
                "instance_metadata_tags": "disabled"
              }
            ],
            "monitoring": false,
            "network_interface": [],
            "outpost_arn": "",
            "password_data": "",
            "placement_group": "",
            "placement_partition_number": 0,
            "primary_network_interface_id": "eni-0fcc2ba5ca8dc9429",
            "private_dns": "ip-10-0-1-52.eu-west-1.compute.internal",
            "private_dns_name_options": [
              {
                "enable_resource_name_dns_a_record": false,
                "enable_resource_name_dns_aaaa_record": false,
                "hostname_type": "ip-name"
              }
            ],
            "private_ip": "10.0.1.52",
            "public_dns": "ec2-54-216-111-9.eu-west-1.compute.amazonaws.com",
            "public_ip": "54.216.111.9",
            "root_block_device": [
              {
                "delete_on_termination": true,
                "device_name": "/dev/sda1",
                "encrypted": false,
                "iops": 3000,
                "kms_key_id": "",
                "tags": {},
                "tags_all": {},
                "throughput": 125,
                "volume_id": "vol-04333a69bbc1db762",
                "volume_size": 8,
                "volume_type": "gp3"
              }
            ],
            "secondary_private_ips": [],
            "security_groups": [],
            "source_dest_check": true,
            "spot_instance_request_id": "",
            "subnet_id": "subnet-0e570cb1106b19365",
            "tags": {
              "Name": "Ansible-Client-2"
            },
            "tags_all": {
              "Name": "Ansible-Client-2"
            },
            "tenancy": "default",
            "timeouts": null,
            "user_data": "0aaa6b2f74cbd145c220821b602eaea800a33abf",
            "user_data_base64": null,
            "user_data_replace_on_change": false,
            "volume_tags": null,
            "vpc_security_group_ids": [
              "sg-00b3c1be597782151"
            ]
          },
          "sensitive_attributes": [],
          "private": "eyJlMmJmYjczMC1lY2FhLTExZTYtOGY4OC0zNDM2M2JjN2M0YzAiOnsiY3JlYXRlIjo2MDAwMDAwMDAwMDAsImRlbGV0ZSI6MTIwMDAwMDAwMDAwMCwicmVhZCI6OTAwMDAwMDAwMDAwLCJ1cGRhdGUiOjYwMDAwMDAwMDAwMH0sInNjaGVtYV92ZXJzaW9uIjoiMSJ9",
          "dependencies": [
            "aws_security_group.Terraform-SG",
            "aws_subnet.subnet1",
            "aws_vpc.Terraform-VPC-test"
          ]
        }
      ]
    },
    {
      "mode": "managed",
      "type": "aws_instance",
      "name": "Terraform-AnsibleServer",
      "provider": "provider[\"registry.terraform.io/hashicorp/aws\"]",
      "instances": [
        {
          "schema_version": 1,
          "attributes": {
            "ami": "ami-0d64bb532e0502c46",
            "arn": "arn:aws:ec2:eu-west-1:491085428405:instance/i-02e3a4ba1f65217d8",
            "associate_public_ip_address": true,
            "availability_zone": "eu-west-1a",
            "capacity_reservation_specification": [
              {
                "capacity_reservation_preference": "open",
                "capacity_reservation_target": []
              }
            ],
            "cpu_core_count": 1,
            "cpu_options": [
              {
                "amd_sev_snp": "",
                "core_count": 1,
                "threads_per_core": 1
              }
            ],
            "cpu_threads_per_core": 1,
            "credit_specification": [
              {
                "cpu_credits": "standard"
              }
            ],
            "disable_api_stop": false,
            "disable_api_termination": false,
            "ebs_block_device": [],
            "ebs_optimized": false,
            "enclave_options": [
              {
                "enabled": false
              }
            ],
            "ephemeral_block_device": [],
            "get_password_data": false,
            "hibernation": false,
            "host_id": "",
            "host_resource_group_arn": null,
            "iam_instance_profile": "",
            "id": "i-02e3a4ba1f65217d8",
            "instance_initiated_shutdown_behavior": "stop",
            "instance_lifecycle": "",
            "instance_market_options": [],
            "instance_state": "running",
            "instance_type": "t2.micro",
            "ipv6_address_count": 0,
            "ipv6_addresses": [],
            "key_name": "terraform-keypair",
            "launch_template": [],
            "maintenance_options": [
              {
                "auto_recovery": "default"
              }
            ],
            "metadata_options": [
              {
                "http_endpoint": "enabled",
                "http_protocol_ipv6": "disabled",
                "http_put_response_hop_limit": 2,
                "http_tokens": "optional",
                "instance_metadata_tags": "disabled"
              }
            ],
            "monitoring": false,
            "network_interface": [],
            "outpost_arn": "",
            "password_data": "",
            "placement_group": "",
            "placement_partition_number": 0,
            "primary_network_interface_id": "eni-06bec52a53153eda0",
            "private_dns": "ip-10-0-1-50.eu-west-1.compute.internal",
            "private_dns_name_options": [
              {
                "enable_resource_name_dns_a_record": false,
                "enable_resource_name_dns_aaaa_record": false,
                "hostname_type": "ip-name"
              }
            ],
            "private_ip": "10.0.1.50",
            "public_dns": "ec2-54-216-212-144.eu-west-1.compute.amazonaws.com",
            "public_ip": "54.216.212.144",
            "root_block_device": [
              {
                "delete_on_termination": true,
                "device_name": "/dev/sda1",
                "encrypted": false,
                "iops": 3000,
                "kms_key_id": "",
                "tags": {},
                "tags_all": {},
                "throughput": 125,
                "volume_id": "vol-006434e758c67b6c9",
                "volume_size": 8,
                "volume_type": "gp3"
              }
            ],
            "secondary_private_ips": [],
            "security_groups": [],
            "source_dest_check": true,
            "spot_instance_request_id": "",
            "subnet_id": "subnet-0e570cb1106b19365",
            "tags": {
              "Name": "Ansible-Server"
            },
            "tags_all": {
              "Name": "Ansible-Server"
            },
            "tenancy": "default",
            "timeouts": null,
            "user_data": "b6dfd0c3910babbd1ee080244215d210f70edfc6",
            "user_data_base64": null,
            "user_data_replace_on_change": false,
            "volume_tags": null,
            "vpc_security_group_ids": [
              "sg-00b3c1be597782151"
            ]
          },
          "sensitive_attributes": [],
          "private": "eyJlMmJmYjczMC1lY2FhLTExZTYtOGY4OC0zNDM2M2JjN2M0YzAiOnsiY3JlYXRlIjo2MDAwMDAwMDAwMDAsImRlbGV0ZSI6MTIwMDAwMDAwMDAwMCwicmVhZCI6OTAwMDAwMDAwMDAwLCJ1cGRhdGUiOjYwMDAwMDAwMDAwMH0sInNjaGVtYV92ZXJzaW9uIjoiMSJ9",
          "dependencies": [
            "aws_security_group.Terraform-SG",
            "aws_subnet.subnet1",
            "aws_vpc.Terraform-VPC-test"
          ]
        }
      ]
    },
    {
      "mode": "managed",
      "type": "aws_instance",
      "name": "Terraform-Apache",
      "provider": "provider[\"registry.terraform.io/hashicorp/aws\"]",
      "instances": [
        {
          "index_key": 0,
          "schema_version": 1,
          "attributes": {
            "ami": "ami-0d64bb532e0502c46",
            "arn": "arn:aws:ec2:eu-west-1:491085428405:instance/i-0311c62b3d4b4c169",
            "associate_public_ip_address": true,
            "availability_zone": "eu-west-1a",
            "capacity_reservation_specification": [
              {
                "capacity_reservation_preference": "open",
                "capacity_reservation_target": []
              }
            ],
            "cpu_core_count": 1,
            "cpu_options": [
              {
                "amd_sev_snp": "",
                "core_count": 1,
                "threads_per_core": 1
              }
            ],
            "cpu_threads_per_core": 1,
            "credit_specification": [
              {
                "cpu_credits": "standard"
              }
            ],
            "disable_api_stop": false,
            "disable_api_termination": false,
            "ebs_block_device": [],
            "ebs_optimized": false,
            "enclave_options": [
              {
                "enabled": false
              }
            ],
            "ephemeral_block_device": [],
            "get_password_data": false,
            "hibernation": false,
            "host_id": "",
            "host_resource_group_arn": null,
            "iam_instance_profile": "terraform-instance-profile",
            "id": "i-0311c62b3d4b4c169",
            "instance_initiated_shutdown_behavior": "stop",
            "instance_lifecycle": "",
            "instance_market_options": [],
            "instance_state": "running",
            "instance_type": "t2.micro",
            "ipv6_address_count": 0,
            "ipv6_addresses": [],
            "key_name": "terraform-keypair",
            "launch_template": [],
            "maintenance_options": [
              {
                "auto_recovery": "default"
              }
            ],
            "metadata_options": [
              {
                "http_endpoint": "enabled",
                "http_protocol_ipv6": "disabled",
                "http_put_response_hop_limit": 2,
                "http_tokens": "optional",
                "instance_metadata_tags": "disabled"
              }
            ],
            "monitoring": false,
            "network_interface": [],
            "outpost_arn": "",
            "password_data": "",
            "placement_group": "",
            "placement_partition_number": 0,
            "primary_network_interface_id": "eni-086fa0031c6c8a0e4",
            "private_dns": "ip-10-0-1-88.eu-west-1.compute.internal",
            "private_dns_name_options": [
              {
                "enable_resource_name_dns_a_record": false,
                "enable_resource_name_dns_aaaa_record": false,
                "hostname_type": "ip-name"
              }
            ],
            "private_ip": "10.0.1.88",
            "public_dns": "ec2-54-194-12-73.eu-west-1.compute.amazonaws.com",
            "public_ip": "54.194.12.73",
            "root_block_device": [
              {
                "delete_on_termination": true,
                "device_name": "/dev/sda1",
                "encrypted": false,
                "iops": 3000,
                "kms_key_id": "",
                "tags": {},
                "tags_all": {},
                "throughput": 125,
                "volume_id": "vol-0ab9b959a58e51142",
                "volume_size": 8,
                "volume_type": "gp3"
              }
            ],
            "secondary_private_ips": [],
            "security_groups": [],
            "source_dest_check": true,
            "spot_instance_request_id": "",
            "subnet_id": "subnet-0e570cb1106b19365",
            "tags": {
              "Name": "Apache-Webserver"
            },
            "tags_all": {
              "Name": "Apache-Webserver"
            },
            "tenancy": "default",
            "timeouts": null,
            "user_data": "821593217ddcbc25318426da6f98163b51599612",
            "user_data_base64": null,
            "user_data_replace_on_change": false,
            "volume_tags": null,
            "vpc_security_group_ids": [
              "sg-00b3c1be597782151"
            ]
          },
          "sensitive_attributes": [],
          "private": "eyJlMmJmYjczMC1lY2FhLTExZTYtOGY4OC0zNDM2M2JjN2M0YzAiOnsiY3JlYXRlIjo2MDAwMDAwMDAwMDAsImRlbGV0ZSI6MTIwMDAwMDAwMDAwMCwicmVhZCI6OTAwMDAwMDAwMDAwLCJ1cGRhdGUiOjYwMDAwMDAwMDAwMH0sInNjaGVtYV92ZXJzaW9uIjoiMSJ9",
          "dependencies": [
            "aws_iam_instance_profile.terraform_instance_profile",
            "aws_iam_role.terraform_role",
            "aws_security_group.Terraform-SG",
            "aws_subnet.subnet1",
            "aws_vpc.Terraform-VPC-test"
          ]
        },
        {
          "index_key": 1,
          "schema_version": 1,
          "attributes": {
            "ami": "ami-0d64bb532e0502c46",
            "arn": "arn:aws:ec2:eu-west-1:491085428405:instance/i-01f180c92c366e1b3",
            "associate_public_ip_address": true,
            "availability_zone": "eu-west-1a",
            "capacity_reservation_specification": [
              {
                "capacity_reservation_preference": "open",
                "capacity_reservation_target": []
              }
            ],
            "cpu_core_count": 1,
            "cpu_options": [
              {
                "amd_sev_snp": "",
                "core_count": 1,
                "threads_per_core": 1
              }
            ],
            "cpu_threads_per_core": 1,
            "credit_specification": [
              {
                "cpu_credits": "standard"
              }
            ],
            "disable_api_stop": false,
            "disable_api_termination": false,
            "ebs_block_device": [],
            "ebs_optimized": false,
            "enclave_options": [
              {
                "enabled": false
              }
            ],
            "ephemeral_block_device": [],
            "get_password_data": false,
            "hibernation": false,
            "host_id": "",
            "host_resource_group_arn": null,
            "iam_instance_profile": "terraform-instance-profile",
            "id": "i-01f180c92c366e1b3",
            "instance_initiated_shutdown_behavior": "stop",
            "instance_lifecycle": "",
            "instance_market_options": [],
            "instance_state": "running",
            "instance_type": "t2.micro",
            "ipv6_address_count": 0,
            "ipv6_addresses": [],
            "key_name": "terraform-keypair",
            "launch_template": [],
            "maintenance_options": [
              {
                "auto_recovery": "default"
              }
            ],
            "metadata_options": [
              {
                "http_endpoint": "enabled",
                "http_protocol_ipv6": "disabled",
                "http_put_response_hop_limit": 2,
                "http_tokens": "optional",
                "instance_metadata_tags": "disabled"
              }
            ],
            "monitoring": false,
            "network_interface": [],
            "outpost_arn": "",
            "password_data": "",
            "placement_group": "",
            "placement_partition_number": 0,
            "primary_network_interface_id": "eni-09492dc6be5a5b6ee",
            "private_dns": "ip-10-0-1-234.eu-west-1.compute.internal",
            "private_dns_name_options": [
              {
                "enable_resource_name_dns_a_record": false,
                "enable_resource_name_dns_aaaa_record": false,
                "hostname_type": "ip-name"
              }
            ],
            "private_ip": "10.0.1.234",
            "public_dns": "ec2-3-250-41-191.eu-west-1.compute.amazonaws.com",
            "public_ip": "3.250.41.191",
            "root_block_device": [
              {
                "delete_on_termination": true,
                "device_name": "/dev/sda1",
                "encrypted": false,
                "iops": 3000,
                "kms_key_id": "",
                "tags": {},
                "tags_all": {},
                "throughput": 125,
                "volume_id": "vol-0218604c481a02594",
                "volume_size": 8,
                "volume_type": "gp3"
              }
            ],
            "secondary_private_ips": [],
            "security_groups": [],
            "source_dest_check": true,
            "spot_instance_request_id": "",
            "subnet_id": "subnet-0e570cb1106b19365",
            "tags": {
              "Name": "Apache-Webserver"
            },
            "tags_all": {
              "Name": "Apache-Webserver"
            },
            "tenancy": "default",
            "timeouts": null,
            "user_data": "821593217ddcbc25318426da6f98163b51599612",
            "user_data_base64": null,
            "user_data_replace_on_change": false,
            "volume_tags": null,
            "vpc_security_group_ids": [
              "sg-00b3c1be597782151"
            ]
          },
          "sensitive_attributes": [],
          "private": "eyJlMmJmYjczMC1lY2FhLTExZTYtOGY4OC0zNDM2M2JjN2M0YzAiOnsiY3JlYXRlIjo2MDAwMDAwMDAwMDAsImRlbGV0ZSI6MTIwMDAwMDAwMDAwMCwicmVhZCI6OTAwMDAwMDAwMDAwLCJ1cGRhdGUiOjYwMDAwMDAwMDAwMH0sInNjaGVtYV92ZXJzaW9uIjoiMSJ9",
          "dependencies": [
            "aws_iam_instance_profile.terraform_instance_profile",
            "aws_iam_role.terraform_role",
            "aws_security_group.Terraform-SG",
            "aws_subnet.subnet1",
            "aws_vpc.Terraform-VPC-test"
          ]
        }
      ]
    },
    {
      "mode": "managed",
      "type": "aws_instance",
      "name": "Terraform-MountClient1",
      "provider": "provider[\"registry.terraform.io/hashicorp/aws\"]",
      "instances": [
        {
          "schema_version": 1,
          "attributes": {
            "ami": "ami-0d64bb532e0502c46",
            "arn": "arn:aws:ec2:eu-west-1:491085428405:instance/i-0223137b0c3dc8882",
            "associate_public_ip_address": true,
            "availability_zone": "eu-west-1a",
            "capacity_reservation_specification": [
              {
                "capacity_reservation_preference": "open",
                "capacity_reservation_target": []
              }
            ],
            "cpu_core_count": 1,
            "cpu_options": [
              {
                "amd_sev_snp": "",
                "core_count": 1,
                "threads_per_core": 1
              }
            ],
            "cpu_threads_per_core": 1,
            "credit_specification": [
              {
                "cpu_credits": "standard"
              }
            ],
            "disable_api_stop": false,
            "disable_api_termination": false,
            "ebs_block_device": [],
            "ebs_optimized": false,
            "enclave_options": [
              {
                "enabled": false
              }
            ],
            "ephemeral_block_device": [],
            "get_password_data": false,
            "hibernation": false,
            "host_id": "",
            "host_resource_group_arn": null,
            "iam_instance_profile": "",
            "id": "i-0223137b0c3dc8882",
            "instance_initiated_shutdown_behavior": "stop",
            "instance_lifecycle": "",
            "instance_market_options": [],
            "instance_state": "running",
            "instance_type": "t2.micro",
            "ipv6_address_count": 0,
            "ipv6_addresses": [],
            "key_name": "terraform-keypair",
            "launch_template": [],
            "maintenance_options": [
              {
                "auto_recovery": "default"
              }
            ],
            "metadata_options": [
              {
                "http_endpoint": "enabled",
                "http_protocol_ipv6": "disabled",
                "http_put_response_hop_limit": 2,
                "http_tokens": "optional",
                "instance_metadata_tags": "disabled"
              }
            ],
            "monitoring": false,
            "network_interface": [],
            "outpost_arn": "",
            "password_data": "",
            "placement_group": "",
            "placement_partition_number": 0,
            "primary_network_interface_id": "eni-007bc3533b3caac52",
            "private_dns": "ip-10-0-1-20.eu-west-1.compute.internal",
            "private_dns_name_options": [
              {
                "enable_resource_name_dns_a_record": false,
                "enable_resource_name_dns_aaaa_record": false,
                "hostname_type": "ip-name"
              }
            ],
            "private_ip": "10.0.1.20",
            "public_dns": "ec2-34-244-36-64.eu-west-1.compute.amazonaws.com",
            "public_ip": "34.244.36.64",
            "root_block_device": [
              {
                "delete_on_termination": true,
                "device_name": "/dev/sda1",
                "encrypted": false,
                "iops": 3000,
                "kms_key_id": "",
                "tags": {},
                "tags_all": {},
                "throughput": 125,
                "volume_id": "vol-017b1f84619efa15b",
                "volume_size": 8,
                "volume_type": "gp3"
              }
            ],
            "secondary_private_ips": [],
            "security_groups": [],
            "source_dest_check": true,
            "spot_instance_request_id": "",
            "subnet_id": "subnet-0e570cb1106b19365",
            "tags": {
              "Name": "MountClient1-Server"
            },
            "tags_all": {
              "Name": "MountClient1-Server"
            },
            "tenancy": "default",
            "timeouts": null,
            "user_data": "1c7899c65b8c148356aa6a21cb626070374a7ed8",
            "user_data_base64": null,
            "user_data_replace_on_change": false,
            "volume_tags": null,
            "vpc_security_group_ids": [
              "sg-00b3c1be597782151"
            ]
          },
          "sensitive_attributes": [],
          "private": "eyJlMmJmYjczMC1lY2FhLTExZTYtOGY4OC0zNDM2M2JjN2M0YzAiOnsiY3JlYXRlIjo2MDAwMDAwMDAwMDAsImRlbGV0ZSI6MTIwMDAwMDAwMDAwMCwicmVhZCI6OTAwMDAwMDAwMDAwLCJ1cGRhdGUiOjYwMDAwMDAwMDAwMH0sInNjaGVtYV92ZXJzaW9uIjoiMSJ9",
          "dependencies": [
            "aws_efs_file_system.terraform_efs",
            "aws_security_group.Terraform-SG",
            "aws_subnet.subnet1",
            "aws_vpc.Terraform-VPC-test"
          ]
        }
      ]
    },
    {
      "mode": "managed",
      "type": "aws_instance",
      "name": "Terraform-MountClient2",
      "provider": "provider[\"registry.terraform.io/hashicorp/aws\"]",
      "instances": [
        {
          "schema_version": 1,
          "attributes": {
            "ami": "ami-0d64bb532e0502c46",
            "arn": "arn:aws:ec2:eu-west-1:491085428405:instance/i-0eac11517cf435ffc",
            "associate_public_ip_address": true,
            "availability_zone": "eu-west-1a",
            "capacity_reservation_specification": [
              {
                "capacity_reservation_preference": "open",
                "capacity_reservation_target": []
              }
            ],
            "cpu_core_count": 1,
            "cpu_options": [
              {
                "amd_sev_snp": "",
                "core_count": 1,
                "threads_per_core": 1
              }
            ],
            "cpu_threads_per_core": 1,
            "credit_specification": [
              {
                "cpu_credits": "standard"
              }
            ],
            "disable_api_stop": false,
            "disable_api_termination": false,
            "ebs_block_device": [],
            "ebs_optimized": false,
            "enclave_options": [
              {
                "enabled": false
              }
            ],
            "ephemeral_block_device": [],
            "get_password_data": false,
            "hibernation": false,
            "host_id": "",
            "host_resource_group_arn": null,
            "iam_instance_profile": "",
            "id": "i-0eac11517cf435ffc",
            "instance_initiated_shutdown_behavior": "stop",
            "instance_lifecycle": "",
            "instance_market_options": [],
            "instance_state": "running",
            "instance_type": "t2.micro",
            "ipv6_address_count": 0,
            "ipv6_addresses": [],
            "key_name": "terraform-keypair",
            "launch_template": [],
            "maintenance_options": [
              {
                "auto_recovery": "default"
              }
            ],
            "metadata_options": [
              {
                "http_endpoint": "enabled",
                "http_protocol_ipv6": "disabled",
                "http_put_response_hop_limit": 2,
                "http_tokens": "optional",
                "instance_metadata_tags": "disabled"
              }
            ],
            "monitoring": false,
            "network_interface": [],
            "outpost_arn": "",
            "password_data": "",
            "placement_group": "",
            "placement_partition_number": 0,
            "primary_network_interface_id": "eni-0cd1f982699a8f5c8",
            "private_dns": "ip-10-0-1-184.eu-west-1.compute.internal",
            "private_dns_name_options": [
              {
                "enable_resource_name_dns_a_record": false,
                "enable_resource_name_dns_aaaa_record": false,
                "hostname_type": "ip-name"
              }
            ],
            "private_ip": "10.0.1.184",
            "public_dns": "ec2-3-250-125-39.eu-west-1.compute.amazonaws.com",
            "public_ip": "3.250.125.39",
            "root_block_device": [
              {
                "delete_on_termination": true,
                "device_name": "/dev/sda1",
                "encrypted": false,
                "iops": 3000,
                "kms_key_id": "",
                "tags": {},
                "tags_all": {},
                "throughput": 125,
                "volume_id": "vol-0f77b951101e3d23e",
                "volume_size": 8,
                "volume_type": "gp3"
              }
            ],
            "secondary_private_ips": [],
            "security_groups": [],
            "source_dest_check": true,
            "spot_instance_request_id": "",
            "subnet_id": "subnet-0e570cb1106b19365",
            "tags": {
              "Name": "MountClient2-Server"
            },
            "tags_all": {
              "Name": "MountClient2-Server"
            },
            "tenancy": "default",
            "timeouts": null,
            "user_data": "a532df2797a3cdae65f57aecfbcde6706911f6e3",
            "user_data_base64": null,
            "user_data_replace_on_change": false,
            "volume_tags": null,
            "vpc_security_group_ids": [
              "sg-00b3c1be597782151"
            ]
          },
          "sensitive_attributes": [],
          "private": "eyJlMmJmYjczMC1lY2FhLTExZTYtOGY4OC0zNDM2M2JjN2M0YzAiOnsiY3JlYXRlIjo2MDAwMDAwMDAwMDAsImRlbGV0ZSI6MTIwMDAwMDAwMDAwMCwicmVhZCI6OTAwMDAwMDAwMDAwLCJ1cGRhdGUiOjYwMDAwMDAwMDAwMH0sInNjaGVtYV92ZXJzaW9uIjoiMSJ9",
          "dependencies": [
            "aws_efs_file_system.terraform_efs",
            "aws_security_group.Terraform-SG",
            "aws_subnet.subnet1",
            "aws_vpc.Terraform-VPC-test"
          ]
        }
      ]
    },
    {
      "mode": "managed",
      "type": "aws_instance",
      "name": "Terraform-MySql",
      "provider": "provider[\"registry.terraform.io/hashicorp/aws\"]",
      "instances": [
        {
          "schema_version": 1,
          "attributes": {
            "ami": "ami-0d64bb532e0502c46",
            "arn": "arn:aws:ec2:eu-west-1:491085428405:instance/i-03334641f649f6292",
            "associate_public_ip_address": true,
            "availability_zone": "eu-west-1a",
            "capacity_reservation_specification": [
              {
                "capacity_reservation_preference": "open",
                "capacity_reservation_target": []
              }
            ],
            "cpu_core_count": 1,
            "cpu_options": [
              {
                "amd_sev_snp": "",
                "core_count": 1,
                "threads_per_core": 1
              }
            ],
            "cpu_threads_per_core": 1,
            "credit_specification": [
              {
                "cpu_credits": "standard"
              }
            ],
            "disable_api_stop": false,
            "disable_api_termination": false,
            "ebs_block_device": [],
            "ebs_optimized": false,
            "enclave_options": [
              {
                "enabled": false
              }
            ],
            "ephemeral_block_device": [],
            "get_password_data": false,
            "hibernation": false,
            "host_id": "",
            "host_resource_group_arn": null,
            "iam_instance_profile": "",
            "id": "i-03334641f649f6292",
            "instance_initiated_shutdown_behavior": "stop",
            "instance_lifecycle": "",
            "instance_market_options": [],
            "instance_state": "running",
            "instance_type": "t2.micro",
            "ipv6_address_count": 0,
            "ipv6_addresses": [],
            "key_name": "terraform-keypair",
            "launch_template": [],
            "maintenance_options": [
              {
                "auto_recovery": "default"
              }
            ],
            "metadata_options": [
              {
                "http_endpoint": "enabled",
                "http_protocol_ipv6": "disabled",
                "http_put_response_hop_limit": 2,
                "http_tokens": "optional",
                "instance_metadata_tags": "disabled"
              }
            ],
            "monitoring": false,
            "network_interface": [],
            "outpost_arn": "",
            "password_data": "",
            "placement_group": "",
            "placement_partition_number": 0,
            "primary_network_interface_id": "eni-0bf110977a4f8eb4b",
            "private_dns": "ip-10-0-1-31.eu-west-1.compute.internal",
            "private_dns_name_options": [
              {
                "enable_resource_name_dns_a_record": false,
                "enable_resource_name_dns_aaaa_record": false,
                "hostname_type": "ip-name"
              }
            ],
            "private_ip": "10.0.1.31",
            "public_dns": "ec2-54-246-27-50.eu-west-1.compute.amazonaws.com",
            "public_ip": "54.246.27.50",
            "root_block_device": [
              {
                "delete_on_termination": true,
                "device_name": "/dev/sda1",
                "encrypted": false,
                "iops": 3000,
                "kms_key_id": "",
                "tags": {},
                "tags_all": {},
                "throughput": 125,
                "volume_id": "vol-00d84637878dc54ba",
                "volume_size": 8,
                "volume_type": "gp3"
              }
            ],
            "secondary_private_ips": [],
            "security_groups": [],
            "source_dest_check": true,
            "spot_instance_request_id": "",
            "subnet_id": "subnet-0e570cb1106b19365",
            "tags": {
              "Name": "MySql-Server"
            },
            "tags_all": {
              "Name": "MySql-Server"
            },
            "tenancy": "default",
            "timeouts": null,
            "user_data": "485997ee3e020763245c25b80ecef7311766af8f",
            "user_data_base64": null,
            "user_data_replace_on_change": false,
            "volume_tags": null,
            "vpc_security_group_ids": [
              "sg-00b3c1be597782151"
            ]
          },
          "sensitive_attributes": [],
          "private": "eyJlMmJmYjczMC1lY2FhLTExZTYtOGY4OC0zNDM2M2JjN2M0YzAiOnsiY3JlYXRlIjo2MDAwMDAwMDAwMDAsImRlbGV0ZSI6MTIwMDAwMDAwMDAwMCwicmVhZCI6OTAwMDAwMDAwMDAwLCJ1cGRhdGUiOjYwMDAwMDAwMDAwMH0sInNjaGVtYV92ZXJzaW9uIjoiMSJ9",
          "dependencies": [
            "aws_security_group.Terraform-SG",
            "aws_subnet.subnet1",
            "aws_vpc.Terraform-VPC-test"
          ]
        }
      ]
    },
    {
      "mode": "managed",
      "type": "aws_internet_gateway",
      "name": "Terraform-IGW",
      "provider": "provider[\"registry.terraform.io/hashicorp/aws\"]",
      "instances": [
        {
          "schema_version": 0,
          "attributes": {
            "arn": "arn:aws:ec2:eu-west-1:491085428405:internet-gateway/igw-0bd4a2406eb51d3cc",
            "id": "igw-0bd4a2406eb51d3cc",
            "owner_id": "491085428405",
            "tags": {
              "Name": "Terraform-IGW"
            },
            "tags_all": {
              "Name": "Terraform-IGW"
            },
            "timeouts": null,
            "vpc_id": "vpc-0603ca848b895abe3"
          },
          "sensitive_attributes": [],
          "private": "eyJlMmJmYjczMC1lY2FhLTExZTYtOGY4OC0zNDM2M2JjN2M0YzAiOnsiY3JlYXRlIjoxMjAwMDAwMDAwMDAwLCJkZWxldGUiOjEyMDAwMDAwMDAwMDAsInVwZGF0ZSI6MTIwMDAwMDAwMDAwMH19",
          "dependencies": [
            "aws_vpc.Terraform-VPC-test"
          ]
        }
      ]
    },
    {
      "mode": "managed",
      "type": "aws_key_pair",
      "name": "keypair",
      "provider": "provider[\"registry.terraform.io/hashicorp/aws\"]",
      "instances": [
        {
          "schema_version": 1,
          "attributes": {
            "arn": "arn:aws:ec2:eu-west-1:491085428405:key-pair/terraform-keypair",
            "fingerprint": "68:d9:7a:2a:f9:da:a2:44:bf:99:23:fd:af:af:2d:e8",
            "id": "terraform-keypair",
            "key_name": "terraform-keypair",
            "key_name_prefix": "",
            "key_pair_id": "key-0a6b5aa9954e4f8b6",
            "key_type": "rsa",
            "public_key": "ssh-rsa AAAAB3NzaC1yc2EAAAADAQABAAABAQDegZOsM4x/Ge+AaBPFotJ9ynJxg3emzE/hDOZNn24kmTsojeRA2Spnrn0LJ3DGC1MIZvfedpmfVB3JlwkUWxAS8mYvCCGs7RfEWeIf9EouShRPf16sEUpAB2TFnlOoICj/f54+9TY8jnSeS1aXRMV4sB0cWUigLWwJuzTauCnp34vmkZRgeoXswpnzmevUy/PvHspqu82LsxppclJLoCswBgC5ZtzsWvxOJRGiHPgpO5bQSY/liDpZzNcCWbAVW/Ijg3sSOjTfiMN4o6k2Cv+bcNmTZRA6iJHu+T16BnkXaBCw3UF9JbDfaQn13oGf/L6Usit4enbpS6NCAECRoLGV",
            "tags": null,
            "tags_all": {}
          },
          "sensitive_attributes": [],
          "private": "eyJzY2hlbWFfdmVyc2lvbiI6IjEifQ==",
          "dependencies": [
            "tls_private_key.Terraform-PrivateKey"
          ]
        }
      ]
    },
    {
      "mode": "managed",
      "type": "aws_lambda_function",
      "name": "upload_file_lambda",
      "provider": "provider[\"registry.terraform.io/hashicorp/aws\"]",
      "instances": [
        {
          "schema_version": 0,
          "attributes": {
            "architectures": [
              "x86_64"
            ],
            "arn": "arn:aws:lambda:eu-west-1:491085428405:function:uploadFileToS3",
            "code_sha256": "C/S9jvL/HOwm5811b7TL7+27dpxqSDAg9vtFOSorhXk=",
            "code_signing_config_arn": "",
            "dead_letter_config": [],
            "description": "",
            "environment": [
              {
                "variables": {
                  "BUCKET_NAME": "r0938274-terraform-file-upload-bucket"
                }
              }
            ],
            "ephemeral_storage": [
              {
                "size": 512
              }
            ],
            "file_system_config": [],
            "filename": "lambda_function.zip",
            "function_name": "uploadFileToS3",
            "handler": "lambda_function.lambda_handler",
            "id": "uploadFileToS3",
            "image_config": [],
            "image_uri": "",
            "invoke_arn": "arn:aws:apigateway:eu-west-1:lambda:path/2015-03-31/functions/arn:aws:lambda:eu-west-1:491085428405:function:uploadFileToS3/invocations",
            "kms_key_arn": "",
            "last_modified": "2024-12-19T18:13:51.956+0000",
            "layers": null,
            "logging_config": [
              {
                "application_log_level": "",
                "log_format": "Text",
                "log_group": "/aws/lambda/uploadFileToS3",
                "system_log_level": ""
              }
            ],
            "memory_size": 128,
            "package_type": "Zip",
            "publish": false,
            "qualified_arn": "arn:aws:lambda:eu-west-1:491085428405:function:uploadFileToS3:$LATEST",
            "qualified_invoke_arn": "arn:aws:apigateway:eu-west-1:lambda:path/2015-03-31/functions/arn:aws:lambda:eu-west-1:491085428405:function:uploadFileToS3:$LATEST/invocations",
            "replace_security_groups_on_destroy": null,
            "replacement_security_group_ids": null,
            "reserved_concurrent_executions": -1,
            "role": "arn:aws:iam::491085428405:role/terraform-lambda-role",
            "runtime": "python3.8",
            "s3_bucket": null,
            "s3_key": null,
            "s3_object_version": null,
            "signing_job_arn": "",
            "signing_profile_version_arn": "",
            "skip_destroy": false,
            "snap_start": [],
            "source_code_hash": "C/S9jvL/HOwm5811b7TL7+27dpxqSDAg9vtFOSorhXk=",
            "source_code_size": 822,
            "tags": {
              "Name": "UploadFileToS3"
            },
            "tags_all": {
              "Name": "UploadFileToS3"
            },
            "timeout": 3,
            "timeouts": null,
            "tracing_config": [
              {
                "mode": "PassThrough"
              }
            ],
            "version": "$LATEST",
            "vpc_config": []
          },
          "sensitive_attributes": [],
          "private": "eyJlMmJmYjczMC1lY2FhLTExZTYtOGY4OC0zNDM2M2JjN2M0YzAiOnsiY3JlYXRlIjo2MDAwMDAwMDAwMDAsImRlbGV0ZSI6NjAwMDAwMDAwMDAwLCJ1cGRhdGUiOjYwMDAwMDAwMDAwMH19",
          "dependencies": [
            "aws_iam_role.lambda_role",
            "aws_s3_bucket.Terraform-Bucket"
          ]
        }
      ]
    },
    {
      "mode": "managed",
      "type": "aws_lambda_permission",
      "name": "allow_http_api",
      "provider": "provider[\"registry.terraform.io/hashicorp/aws\"]",
      "instances": [
        {
          "schema_version": 0,
          "attributes": {
            "action": "lambda:InvokeFunction",
            "event_source_token": null,
            "function_name": "uploadFileToS3",
            "function_url_auth_type": null,
            "id": "AllowHttpApiInvoke",
            "principal": "apigateway.amazonaws.com",
            "principal_org_id": null,
            "qualifier": "",
            "source_account": null,
            "source_arn": "arn:aws:execute-api:eu-west-1:491085428405:o6a6u2k6t8/production/*",
            "statement_id": "AllowHttpApiInvoke",
            "statement_id_prefix": ""
          },
          "sensitive_attributes": [],
          "private": "bnVsbA==",
          "dependencies": [
            "aws_apigatewayv2_api.http_api",
            "aws_iam_role.lambda_role",
            "aws_lambda_function.upload_file_lambda",
            "aws_s3_bucket.Terraform-Bucket"
          ]
        }
      ]
    },
    {
      "mode": "managed",
      "type": "aws_lb",
      "name": "LoadBalancer",
      "provider": "provider[\"registry.terraform.io/hashicorp/aws\"]",
      "instances": [
        {
          "schema_version": 0,
          "attributes": {
            "access_logs": [
              {
                "bucket": "",
                "enabled": false,
                "prefix": ""
              }
            ],
            "arn": "arn:aws:elasticloadbalancing:eu-west-1:491085428405:loadbalancer/app/Terraform-Webserver-ALB/b9a1949232574c5d",
            "arn_suffix": "app/Terraform-Webserver-ALB/b9a1949232574c5d",
            "client_keep_alive": 3600,
            "connection_logs": [
              {
                "bucket": "",
                "enabled": false,
                "prefix": ""
              }
            ],
            "customer_owned_ipv4_pool": "",
            "desync_mitigation_mode": "defensive",
            "dns_name": "Terraform-Webserver-ALB-532164933.eu-west-1.elb.amazonaws.com",
            "dns_record_client_routing_policy": null,
            "drop_invalid_header_fields": false,
            "enable_cross_zone_load_balancing": true,
            "enable_deletion_protection": false,
            "enable_http2": true,
            "enable_tls_version_and_cipher_suite_headers": false,
            "enable_waf_fail_open": false,
            "enable_xff_client_port": false,
            "enable_zonal_shift": false,
            "enforce_security_group_inbound_rules_on_private_link_traffic": "",
            "id": "arn:aws:elasticloadbalancing:eu-west-1:491085428405:loadbalancer/app/Terraform-Webserver-ALB/b9a1949232574c5d",
            "idle_timeout": 60,
            "internal": false,
            "ip_address_type": "ipv4",
            "load_balancer_type": "application",
            "name": "Terraform-Webserver-ALB",
            "name_prefix": "",
            "preserve_host_header": false,
            "security_groups": [
              "sg-00b3c1be597782151"
            ],
            "subnet_mapping": [
              {
                "allocation_id": "",
                "ipv6_address": "",
                "outpost_id": "",
                "private_ipv4_address": "",
                "subnet_id": "subnet-06ce9542e9da13ba8"
              },
              {
                "allocation_id": "",
                "ipv6_address": "",
                "outpost_id": "",
                "private_ipv4_address": "",
                "subnet_id": "subnet-0e570cb1106b19365"
              }
            ],
            "subnets": [
              "subnet-06ce9542e9da13ba8",
              "subnet-0e570cb1106b19365"
            ],
            "tags": null,
            "tags_all": {},
            "timeouts": null,
            "vpc_id": "vpc-0603ca848b895abe3",
            "xff_header_processing_mode": "append",
            "zone_id": "Z32O12XQLNTSW2"
          },
          "sensitive_attributes": [],
          "private": "eyJlMmJmYjczMC1lY2FhLTExZTYtOGY4OC0zNDM2M2JjN2M0YzAiOnsiY3JlYXRlIjo2MDAwMDAwMDAwMDAsImRlbGV0ZSI6NjAwMDAwMDAwMDAwLCJ1cGRhdGUiOjYwMDAwMDAwMDAwMH19",
          "dependencies": [
            "aws_security_group.Terraform-SG",
            "aws_subnet.subnet1",
            "aws_subnet.subnet2",
            "aws_vpc.Terraform-VPC-test"
          ]
        }
      ]
    },
    {
      "mode": "managed",
      "type": "aws_lb_listener",
      "name": "LoadBalancerListener",
      "provider": "provider[\"registry.terraform.io/hashicorp/aws\"]",
      "instances": [
        {
          "schema_version": 0,
          "attributes": {
            "alpn_policy": null,
            "arn": "arn:aws:elasticloadbalancing:eu-west-1:491085428405:listener/app/Terraform-Webserver-ALB/b9a1949232574c5d/2c0d93350e43fbb7",
            "certificate_arn": null,
            "default_action": [
              {
                "authenticate_cognito": [],
                "authenticate_oidc": [],
                "fixed_response": [],
                "forward": [],
                "order": 1,
                "redirect": [],
                "target_group_arn": "arn:aws:elasticloadbalancing:eu-west-1:491085428405:targetgroup/webserver-target-group/0607cb11e8feec21",
                "type": "forward"
              }
            ],
            "id": "arn:aws:elasticloadbalancing:eu-west-1:491085428405:listener/app/Terraform-Webserver-ALB/b9a1949232574c5d/2c0d93350e43fbb7",
            "load_balancer_arn": "arn:aws:elasticloadbalancing:eu-west-1:491085428405:loadbalancer/app/Terraform-Webserver-ALB/b9a1949232574c5d",
            "mutual_authentication": [],
            "port": 80,
            "protocol": "HTTP",
            "ssl_policy": "",
            "tags": null,
            "tags_all": {},
            "tcp_idle_timeout_seconds": null,
            "timeouts": null
          },
          "sensitive_attributes": [],
          "private": "eyJlMmJmYjczMC1lY2FhLTExZTYtOGY4OC0zNDM2M2JjN2M0YzAiOnsiY3JlYXRlIjozMDAwMDAwMDAwMDAsInVwZGF0ZSI6MzAwMDAwMDAwMDAwfX0=",
          "dependencies": [
            "aws_lb.LoadBalancer",
            "aws_lb_target_group.LoadBalancerTargetGroup",
            "aws_security_group.Terraform-SG",
            "aws_subnet.subnet1",
            "aws_subnet.subnet2",
            "aws_vpc.Terraform-VPC-test"
          ]
        }
      ]
    },
    {
      "mode": "managed",
      "type": "aws_lb_target_group",
      "name": "LoadBalancerTargetGroup",
      "provider": "provider[\"registry.terraform.io/hashicorp/aws\"]",
      "instances": [
        {
          "schema_version": 0,
          "attributes": {
            "arn": "arn:aws:elasticloadbalancing:eu-west-1:491085428405:targetgroup/webserver-target-group/0607cb11e8feec21",
            "arn_suffix": "targetgroup/webserver-target-group/0607cb11e8feec21",
            "connection_termination": null,
            "deregistration_delay": "300",
            "health_check": [
              {
                "enabled": true,
                "healthy_threshold": 3,
                "interval": 30,
                "matcher": "200",
                "path": "/",
                "port": "traffic-port",
                "protocol": "HTTP",
                "timeout": 5,
                "unhealthy_threshold": 3
              }
            ],
            "id": "arn:aws:elasticloadbalancing:eu-west-1:491085428405:targetgroup/webserver-target-group/0607cb11e8feec21",
            "ip_address_type": "ipv4",
            "lambda_multi_value_headers_enabled": false,
            "load_balancer_arns": [],
            "load_balancing_algorithm_type": "round_robin",
            "load_balancing_anomaly_mitigation": "off",
            "load_balancing_cross_zone_enabled": "use_load_balancer_configuration",
            "name": "webserver-target-group",
            "name_prefix": "",
            "port": 80,
            "preserve_client_ip": null,
            "protocol": "HTTP",
            "protocol_version": "HTTP1",
            "proxy_protocol_v2": false,
            "slow_start": 0,
            "stickiness": [
              {
                "cookie_duration": 86400,
                "cookie_name": "",
                "enabled": false,
                "type": "lb_cookie"
              }
            ],
            "tags": null,
            "tags_all": {},
            "target_failover": [
              {
                "on_deregistration": null,
                "on_unhealthy": null
              }
            ],
            "target_group_health": [
              {
                "dns_failover": [
                  {
                    "minimum_healthy_targets_count": "1",
                    "minimum_healthy_targets_percentage": "off"
                  }
                ],
                "unhealthy_state_routing": [
                  {
                    "minimum_healthy_targets_count": 1,
                    "minimum_healthy_targets_percentage": "off"
                  }
                ]
              }
            ],
            "target_health_state": [
              {
                "enable_unhealthy_connection_termination": null,
                "unhealthy_draining_interval": null
              }
            ],
            "target_type": "instance",
            "vpc_id": "vpc-0603ca848b895abe3"
          },
          "sensitive_attributes": [],
          "private": "bnVsbA==",
          "dependencies": [
            "aws_vpc.Terraform-VPC-test"
          ]
        }
      ]
    },
    {
      "mode": "managed",
      "type": "aws_lb_target_group_attachment",
      "name": "LoadBalancerGroupAttachment",
      "provider": "provider[\"registry.terraform.io/hashicorp/aws\"]",
      "instances": [
        {
          "index_key": 0,
          "schema_version": 0,
          "attributes": {
            "availability_zone": null,
            "id": "arn:aws:elasticloadbalancing:eu-west-1:491085428405:targetgroup/webserver-target-group/0607cb11e8feec21-2024121918140786400000000f",
            "port": 80,
            "target_group_arn": "arn:aws:elasticloadbalancing:eu-west-1:491085428405:targetgroup/webserver-target-group/0607cb11e8feec21",
            "target_id": "i-0311c62b3d4b4c169"
          },
          "sensitive_attributes": [],
          "private": "bnVsbA==",
          "dependencies": [
            "aws_iam_instance_profile.terraform_instance_profile",
            "aws_iam_role.terraform_role",
            "aws_instance.Terraform-Apache",
            "aws_lb_target_group.LoadBalancerTargetGroup",
            "aws_security_group.Terraform-SG",
            "aws_subnet.subnet1",
            "aws_vpc.Terraform-VPC-test"
          ]
        },
        {
          "index_key": 1,
          "schema_version": 0,
          "attributes": {
            "availability_zone": null,
            "id": "arn:aws:elasticloadbalancing:eu-west-1:491085428405:targetgroup/webserver-target-group/0607cb11e8feec21-2024121918140772030000000e",
            "port": 80,
            "target_group_arn": "arn:aws:elasticloadbalancing:eu-west-1:491085428405:targetgroup/webserver-target-group/0607cb11e8feec21",
            "target_id": "i-01f180c92c366e1b3"
          },
          "sensitive_attributes": [],
          "private": "bnVsbA==",
          "dependencies": [
            "aws_iam_instance_profile.terraform_instance_profile",
            "aws_iam_role.terraform_role",
            "aws_instance.Terraform-Apache",
            "aws_lb_target_group.LoadBalancerTargetGroup",
            "aws_security_group.Terraform-SG",
            "aws_subnet.subnet1",
            "aws_vpc.Terraform-VPC-test"
          ]
        }
      ]
    },
    {
      "mode": "managed",
      "type": "aws_route",
      "name": "InternetAccess",
      "provider": "provider[\"registry.terraform.io/hashicorp/aws\"]",
      "instances": [
        {
          "schema_version": 0,
          "attributes": {
            "carrier_gateway_id": "",
            "core_network_arn": "",
            "destination_cidr_block": "0.0.0.0/0",
            "destination_ipv6_cidr_block": "",
            "destination_prefix_list_id": "",
            "egress_only_gateway_id": "",
            "gateway_id": "igw-0bd4a2406eb51d3cc",
            "id": "r-rtb-0e8b3fd95927b20af1080289494",
            "instance_id": "",
            "instance_owner_id": "",
            "local_gateway_id": "",
            "nat_gateway_id": "",
            "network_interface_id": "",
            "origin": "CreateRoute",
            "route_table_id": "rtb-0e8b3fd95927b20af",
            "state": "active",
            "timeouts": null,
            "transit_gateway_id": "",
            "vpc_endpoint_id": "",
            "vpc_peering_connection_id": ""
          },
          "sensitive_attributes": [],
          "private": "eyJlMmJmYjczMC1lY2FhLTExZTYtOGY4OC0zNDM2M2JjN2M0YzAiOnsiY3JlYXRlIjozMDAwMDAwMDAwMDAsImRlbGV0ZSI6MzAwMDAwMDAwMDAwLCJ1cGRhdGUiOjEyMDAwMDAwMDAwMH19",
          "dependencies": [
            "aws_internet_gateway.Terraform-IGW",
            "aws_route_table.Terraform-RT",
            "aws_vpc.Terraform-VPC-test"
          ]
        }
      ]
    },
    {
      "mode": "managed",
      "type": "aws_route_table",
      "name": "Terraform-RT",
      "provider": "provider[\"registry.terraform.io/hashicorp/aws\"]",
      "instances": [
        {
          "schema_version": 0,
          "attributes": {
            "arn": "arn:aws:ec2:eu-west-1:491085428405:route-table/rtb-0e8b3fd95927b20af",
            "id": "rtb-0e8b3fd95927b20af",
            "owner_id": "491085428405",
            "propagating_vgws": [],
            "route": [],
            "tags": {
              "Name": "Terraform-RouteTable"
            },
            "tags_all": {
              "Name": "Terraform-RouteTable"
            },
            "timeouts": null,
            "vpc_id": "vpc-0603ca848b895abe3"
          },
          "sensitive_attributes": [],
          "private": "eyJlMmJmYjczMC1lY2FhLTExZTYtOGY4OC0zNDM2M2JjN2M0YzAiOnsiY3JlYXRlIjozMDAwMDAwMDAwMDAsImRlbGV0ZSI6MzAwMDAwMDAwMDAwLCJ1cGRhdGUiOjEyMDAwMDAwMDAwMH19",
          "dependencies": [
            "aws_vpc.Terraform-VPC-test"
          ]
        }
      ]
    },
    {
      "mode": "managed",
      "type": "aws_route_table_association",
      "name": "Subnet1Association",
      "provider": "provider[\"registry.terraform.io/hashicorp/aws\"]",
      "instances": [
        {
          "schema_version": 0,
          "attributes": {
            "gateway_id": "",
            "id": "rtbassoc-03d0059dc36bca393",
            "route_table_id": "rtb-0e8b3fd95927b20af",
            "subnet_id": "subnet-0e570cb1106b19365",
            "timeouts": null
          },
          "sensitive_attributes": [],
          "private": "eyJlMmJmYjczMC1lY2FhLTExZTYtOGY4OC0zNDM2M2JjN2M0YzAiOnsiY3JlYXRlIjozMDAwMDAwMDAwMDAsImRlbGV0ZSI6MzAwMDAwMDAwMDAwLCJ1cGRhdGUiOjEyMDAwMDAwMDAwMH19",
          "dependencies": [
            "aws_route_table.Terraform-RT",
            "aws_subnet.subnet1",
            "aws_vpc.Terraform-VPC-test"
          ]
        }
      ]
    },
    {
      "mode": "managed",
      "type": "aws_s3_bucket",
      "name": "Terraform-Bucket",
      "provider": "provider[\"registry.terraform.io/hashicorp/aws\"]",
      "instances": [
        {
          "schema_version": 0,
          "attributes": {
            "acceleration_status": "",
            "acl": null,
            "arn": "arn:aws:s3:::r0938274-terraform-file-upload-bucket",
            "bucket": "r0938274-terraform-file-upload-bucket",
            "bucket_domain_name": "r0938274-terraform-file-upload-bucket.s3.amazonaws.com",
            "bucket_prefix": "",
            "bucket_regional_domain_name": "r0938274-terraform-file-upload-bucket.s3.eu-west-1.amazonaws.com",
            "cors_rule": [],
            "force_destroy": false,
            "grant": [
              {
                "id": "1ac0e19dda978c70329b05fd9390c9ca0bceecd6cd0240489a63828880f56c77",
                "permissions": [
                  "FULL_CONTROL"
                ],
                "type": "CanonicalUser",
                "uri": ""
              }
            ],
            "hosted_zone_id": "Z1BKCTXD74EZPE",
            "id": "r0938274-terraform-file-upload-bucket",
            "lifecycle_rule": [],
            "logging": [],
            "object_lock_configuration": [],
            "object_lock_enabled": false,
            "policy": "",
            "region": "eu-west-1",
            "replication_configuration": [],
            "request_payer": "BucketOwner",
            "server_side_encryption_configuration": [
              {
                "rule": [
                  {
                    "apply_server_side_encryption_by_default": [
                      {
                        "kms_master_key_id": "",
                        "sse_algorithm": "AES256"
                      }
                    ],
                    "bucket_key_enabled": false
                  }
                ]
              }
            ],
            "tags": {
              "Name": "Terraform-Bucket"
            },
            "tags_all": {
              "Name": "Terraform-Bucket"
            },
            "timeouts": null,
            "versioning": [
              {
                "enabled": false,
                "mfa_delete": false
              }
            ],
            "website": [],
            "website_domain": null,
            "website_endpoint": null
          },
          "sensitive_attributes": [],
          "private": "eyJlMmJmYjczMC1lY2FhLTExZTYtOGY4OC0zNDM2M2JjN2M0YzAiOnsiY3JlYXRlIjoxMjAwMDAwMDAwMDAwLCJkZWxldGUiOjM2MDAwMDAwMDAwMDAsInJlYWQiOjEyMDAwMDAwMDAwMDAsInVwZGF0ZSI6MTIwMDAwMDAwMDAwMH19"
        }
      ]
    },
    {
      "mode": "managed",
      "type": "aws_security_group",
      "name": "Terraform-SG",
      "provider": "provider[\"registry.terraform.io/hashicorp/aws\"]",
      "instances": [
        {
          "schema_version": 1,
          "attributes": {
            "arn": "arn:aws:ec2:eu-west-1:491085428405:security-group/sg-00b3c1be597782151",
            "description": "Managed by Terraform",
            "egress": [
              {
                "cidr_blocks": [
                  "0.0.0.0/0"
                ],
                "description": "",
                "from_port": 0,
                "ipv6_cidr_blocks": [],
                "prefix_list_ids": [],
                "protocol": "-1",
                "security_groups": [],
                "self": false,
                "to_port": 0
              }
            ],
            "id": "sg-00b3c1be597782151",
            "ingress": [
              {
                "cidr_blocks": [
                  "0.0.0.0/0"
                ],
                "description": "",
                "from_port": -1,
                "ipv6_cidr_blocks": [],
                "prefix_list_ids": [],
                "protocol": "icmp",
                "security_groups": [],
                "self": false,
                "to_port": -1
              },
              {
                "cidr_blocks": [
                  "0.0.0.0/0"
                ],
                "description": "",
                "from_port": 22,
                "ipv6_cidr_blocks": [],
                "prefix_list_ids": [],
                "protocol": "tcp",
                "security_groups": [],
                "self": false,
                "to_port": 22
              },
              {
                "cidr_blocks": [
                  "0.0.0.0/0"
                ],
                "description": "",
                "from_port": 3306,
                "ipv6_cidr_blocks": [],
                "prefix_list_ids": [],
                "protocol": "tcp",
                "security_groups": [],
                "self": false,
                "to_port": 3306
              },
              {
                "cidr_blocks": [
                  "0.0.0.0/0"
                ],
                "description": "",
                "from_port": 80,
                "ipv6_cidr_blocks": [],
                "prefix_list_ids": [],
                "protocol": "tcp",
                "security_groups": [],
                "self": false,
                "to_port": 80
              }
            ],
            "name": "terraform-20241219181343680000000005",
            "name_prefix": "terraform-",
            "owner_id": "491085428405",
            "revoke_rules_on_delete": false,
            "tags": {
              "Name": "Terraform-SG"
            },
            "tags_all": {
              "Name": "Terraform-SG"
            },
            "timeouts": null,
            "vpc_id": "vpc-0603ca848b895abe3"
          },
          "sensitive_attributes": [],
          "private": "eyJlMmJmYjczMC1lY2FhLTExZTYtOGY4OC0zNDM2M2JjN2M0YzAiOnsiY3JlYXRlIjo2MDAwMDAwMDAwMDAsImRlbGV0ZSI6OTAwMDAwMDAwMDAwfSwic2NoZW1hX3ZlcnNpb24iOiIxIn0=",
          "dependencies": [
            "aws_vpc.Terraform-VPC-test"
          ]
        }
      ]
    },
    {
      "mode": "managed",
      "type": "aws_security_group",
      "name": "terraform_efs_sg",
      "provider": "provider[\"registry.terraform.io/hashicorp/aws\"]",
      "instances": [
        {
          "schema_version": 1,
          "attributes": {
            "arn": "arn:aws:ec2:eu-west-1:491085428405:security-group/sg-03167bd20d35f7751",
            "description": "Managed by Terraform",
            "egress": [
              {
                "cidr_blocks": [
                  "0.0.0.0/0"
                ],
                "description": "",
                "from_port": 0,
                "ipv6_cidr_blocks": [],
                "prefix_list_ids": [],
                "protocol": "-1",
                "security_groups": [],
                "self": false,
                "to_port": 0
              }
            ],
            "id": "sg-03167bd20d35f7751",
            "ingress": [
              {
                "cidr_blocks": [
                  "10.0.0.0/16"
                ],
                "description": "",
                "from_port": 2049,
                "ipv6_cidr_blocks": [],
                "prefix_list_ids": [],
                "protocol": "tcp",
                "security_groups": [],
                "self": false,
                "to_port": 2049
              }
            ],
            "name": "terraform-20241219181343651900000004",
            "name_prefix": "terraform-",
            "owner_id": "491085428405",
            "revoke_rules_on_delete": false,
            "tags": {
              "Name": "EFS-Security-Group"
            },
            "tags_all": {
              "Name": "EFS-Security-Group"
            },
            "timeouts": null,
            "vpc_id": "vpc-0603ca848b895abe3"
          },
          "sensitive_attributes": [],
          "private": "eyJlMmJmYjczMC1lY2FhLTExZTYtOGY4OC0zNDM2M2JjN2M0YzAiOnsiY3JlYXRlIjo2MDAwMDAwMDAwMDAsImRlbGV0ZSI6OTAwMDAwMDAwMDAwfSwic2NoZW1hX3ZlcnNpb24iOiIxIn0=",
          "dependencies": [
            "aws_vpc.Terraform-VPC-test"
          ]
        }
      ]
    },
    {
      "mode": "managed",
      "type": "aws_subnet",
      "name": "subnet1",
      "provider": "provider[\"registry.terraform.io/hashicorp/aws\"]",
      "instances": [
        {
          "schema_version": 1,
          "attributes": {
            "arn": "arn:aws:ec2:eu-west-1:491085428405:subnet/subnet-0e570cb1106b19365",
            "assign_ipv6_address_on_creation": false,
            "availability_zone": "eu-west-1a",
            "availability_zone_id": "euw1-az3",
            "cidr_block": "10.0.1.0/24",
            "customer_owned_ipv4_pool": "",
            "enable_dns64": false,
            "enable_lni_at_device_index": 0,
            "enable_resource_name_dns_a_record_on_launch": false,
            "enable_resource_name_dns_aaaa_record_on_launch": false,
            "id": "subnet-0e570cb1106b19365",
            "ipv6_cidr_block": "",
            "ipv6_cidr_block_association_id": "",
            "ipv6_native": false,
            "map_customer_owned_ip_on_launch": false,
            "map_public_ip_on_launch": true,
            "outpost_arn": "",
            "owner_id": "491085428405",
            "private_dns_hostname_type_on_launch": "ip-name",
            "tags": {
              "Name": "Terraform-subnet-1"
            },
            "tags_all": {
              "Name": "Terraform-subnet-1"
            },
            "timeouts": null,
            "vpc_id": "vpc-0603ca848b895abe3"
          },
          "sensitive_attributes": [],
          "private": "eyJlMmJmYjczMC1lY2FhLTExZTYtOGY4OC0zNDM2M2JjN2M0YzAiOnsiY3JlYXRlIjo2MDAwMDAwMDAwMDAsImRlbGV0ZSI6MTIwMDAwMDAwMDAwMH0sInNjaGVtYV92ZXJzaW9uIjoiMSJ9",
          "dependencies": [
            "aws_vpc.Terraform-VPC-test"
          ]
        }
      ]
    },
    {
      "mode": "managed",
      "type": "aws_subnet",
      "name": "subnet2",
      "provider": "provider[\"registry.terraform.io/hashicorp/aws\"]",
      "instances": [
        {
          "schema_version": 1,
          "attributes": {
            "arn": "arn:aws:ec2:eu-west-1:491085428405:subnet/subnet-06ce9542e9da13ba8",
            "assign_ipv6_address_on_creation": false,
            "availability_zone": "eu-west-1b",
            "availability_zone_id": "euw1-az1",
            "cidr_block": "10.0.2.0/24",
            "customer_owned_ipv4_pool": "",
            "enable_dns64": false,
            "enable_lni_at_device_index": 0,
            "enable_resource_name_dns_a_record_on_launch": false,
            "enable_resource_name_dns_aaaa_record_on_launch": false,
            "id": "subnet-06ce9542e9da13ba8",
            "ipv6_cidr_block": "",
            "ipv6_cidr_block_association_id": "",
            "ipv6_native": false,
            "map_customer_owned_ip_on_launch": false,
            "map_public_ip_on_launch": false,
            "outpost_arn": "",
            "owner_id": "491085428405",
            "private_dns_hostname_type_on_launch": "ip-name",
            "tags": {
              "Name": "Terraform-subnet-2"
            },
            "tags_all": {
              "Name": "Terraform-subnet-2"
            },
            "timeouts": null,
            "vpc_id": "vpc-0603ca848b895abe3"
          },
          "sensitive_attributes": [],
          "private": "eyJlMmJmYjczMC1lY2FhLTExZTYtOGY4OC0zNDM2M2JjN2M0YzAiOnsiY3JlYXRlIjo2MDAwMDAwMDAwMDAsImRlbGV0ZSI6MTIwMDAwMDAwMDAwMH0sInNjaGVtYV92ZXJzaW9uIjoiMSJ9",
          "dependencies": [
            "aws_vpc.Terraform-VPC-test"
          ]
        }
      ]
    },
    {
      "mode": "managed",
      "type": "aws_vpc",
      "name": "Terraform-VPC-test",
      "provider": "provider[\"registry.terraform.io/hashicorp/aws\"]",
      "instances": [
        {
          "schema_version": 1,
          "attributes": {
            "arn": "arn:aws:ec2:eu-west-1:491085428405:vpc/vpc-0603ca848b895abe3",
            "assign_generated_ipv6_cidr_block": false,
            "cidr_block": "10.0.0.0/16",
            "default_network_acl_id": "acl-0f89e86ab4b76159a",
            "default_route_table_id": "rtb-099e768ecc3f66447",
            "default_security_group_id": "sg-01465c98f6a660ac1",
            "dhcp_options_id": "dopt-04c34112d7e2fbb82",
            "enable_dns_hostnames": true,
            "enable_dns_support": true,
            "enable_network_address_usage_metrics": false,
            "id": "vpc-0603ca848b895abe3",
            "instance_tenancy": "default",
            "ipv4_ipam_pool_id": null,
            "ipv4_netmask_length": null,
            "ipv6_association_id": "",
            "ipv6_cidr_block": "",
            "ipv6_cidr_block_network_border_group": "",
            "ipv6_ipam_pool_id": "",
            "ipv6_netmask_length": 0,
            "main_route_table_id": "rtb-099e768ecc3f66447",
            "owner_id": "491085428405",
            "tags": {
              "Name": "Terraform-VPC"
            },
            "tags_all": {
              "Name": "Terraform-VPC"
            }
          },
          "sensitive_attributes": [],
          "private": "eyJzY2hlbWFfdmVyc2lvbiI6IjEifQ=="
        }
      ]
    },
    {
      "mode": "managed",
      "type": "tls_private_key",
      "name": "Terraform-PrivateKey",
      "provider": "provider[\"registry.terraform.io/hashicorp/tls\"]",
      "instances": [
        {
          "schema_version": 1,
          "attributes": {
            "algorithm": "RSA",
            "ecdsa_curve": "P224",
            "id": "0fa49249f13223b6bc9fba07fc187cfd986fc06b",
            "private_key_openssh": "-----BEGIN OPENSSH PRIVATE KEY-----\nb3BlbnNzaC1rZXktdjEAAAAABG5vbmUAAAAEbm9uZQAAAAAAAAABAAABFwAAAAdz\nc2gtcnNhAAAAAwEAAQAAAQEA3oGTrDOMfxnvgGgTxaLSfcpycYN3psxP4QzmTZ9u\nJJk7KI3kQNkqZ659CydwxgtTCGb33naZn1QdyZcJFFsQEvJmLwghrO0XxFniH/RK\nLkoUT39erBFKQAdkxZ5TqCAo/3+ePvU2PI50nktWl0TFeLAdHFlIoC1sCbs02rgp\n6d+L5pGUYHqF7MKZ85nr1Mvz7x7KarvNi7MaaXJSS6ArMAYAuWbc7Fr8TiURohz4\nKTuW0EmP5Yg6WczXAlmwFVvyI4N7Ejo034jDeKOpNgr/m3DZk2UQOoiR7vk9egZ5\nF2gQsN1BfSWw32kJ9d6Bn/y+lLIreHp26UujQgBAkaCxlQAAA7ipFnv3qRZ79wAA\nAAdzc2gtcnNhAAABAQDegZOsM4x/Ge+AaBPFotJ9ynJxg3emzE/hDOZNn24kmTso\njeRA2Spnrn0LJ3DGC1MIZvfedpmfVB3JlwkUWxAS8mYvCCGs7RfEWeIf9EouShRP\nf16sEUpAB2TFnlOoICj/f54+9TY8jnSeS1aXRMV4sB0cWUigLWwJuzTauCnp34vm\nkZRgeoXswpnzmevUy/PvHspqu82LsxppclJLoCswBgC5ZtzsWvxOJRGiHPgpO5bQ\nSY/liDpZzNcCWbAVW/Ijg3sSOjTfiMN4o6k2Cv+bcNmTZRA6iJHu+T16BnkXaBCw\n3UF9JbDfaQn13oGf/L6Usit4enbpS6NCAECRoLGVAAAAAwEAAQAAAQAWpF7vngtE\n/9GkYnLooKoEzO4aaQNrAM18HEDvUzL1HHatqMq6Yp7zEAl/chMCxDI936SHidAW\nK4wgcHMnFCEtnGcTkCNFIpdRjsf48nX+AeHROSfcIKJKo7X4eiUPLb6eSVFEHNXZ\nEbICTa5RFFl374v2z4sZaaXd06QMQcNaHgneJZmNkQinLpn3CcgisHSXhuHjwyqP\nvOCfpwNYxyIhQLHL4IgZEIDDnacpZNaaDujJQJgvAmPBWZu7JH8sipdO/PigeBld\nj8Zx2NRkj8+GkkDnhOutRBW0X4fVIsbEfqd8aWEX3wf69RHQOfyC3GYu8zVKJvdk\n82qVeBoxhdbBAAAAgGMUVUjR9bjFiQms6ZE1cdMQ3AGee4ErFXlF9AU4nIghbzef\nqg2GSWSGSD4wo3IrPAXTo74hRF1X0TLotSNqnDlFT7cfQuuWAuW9zFpOWFpdjToN\n81l/4FAFUXMMygnQiz6YMmUZGILSB+Ym8cS+Tss4Zm+ffZ6PExictoYKbaOKAAAA\ngQDso/xTV0/+2c1MPnmxbJu+iD5xOmlK5vtW+D843GkmFbARjDx3WVeqPXUZHF7a\nWlTpwcHkOzFZGmd28RM4x2afGqz6ozT78DZ0NUUaL8xgWKgB5ZsvE/BofrzAJyaH\nFzPhkN8A+NAJqbvSK2Ei4E9VrgmBiFo3EPXhL7Rzrv7f5QAAAIEA8LWSO6fBwyQH\nzNuPgQ7+Xz5v5e1zZSqOD8+k/gjRzFB3rJeZVbxyiHRSqV4W3ciMNHChpDvNbTcN\nWgzj9DaDXENxhXvaHuImR61YGb0Im95CM9qN1duic1p2SrRkRHutXwdkfpQRe/yh\n3UObZgJ5M8yKe5dxdFKafOc9CNIzj/EAAAAAAQID\n-----END OPENSSH PRIVATE KEY-----\n",
            "private_key_pem": "-----BEGIN RSA PRIVATE KEY-----\nMIIEogIBAAKCAQEA3oGTrDOMfxnvgGgTxaLSfcpycYN3psxP4QzmTZ9uJJk7KI3k\nQNkqZ659CydwxgtTCGb33naZn1QdyZcJFFsQEvJmLwghrO0XxFniH/RKLkoUT39e\nrBFKQAdkxZ5TqCAo/3+ePvU2PI50nktWl0TFeLAdHFlIoC1sCbs02rgp6d+L5pGU\nYHqF7MKZ85nr1Mvz7x7KarvNi7MaaXJSS6ArMAYAuWbc7Fr8TiURohz4KTuW0EmP\n5Yg6WczXAlmwFVvyI4N7Ejo034jDeKOpNgr/m3DZk2UQOoiR7vk9egZ5F2gQsN1B\nfSWw32kJ9d6Bn/y+lLIreHp26UujQgBAkaCxlQIDAQABAoIBABakXu+eC0T/0aRi\ncuigqgTM7hppA2sAzXwcQO9TMvUcdq2oyrpinvMQCX9yEwLEMj3fpIeJ0BYrjCBw\ncycUIS2cZxOQI0Uil1GOx/jydf4B4dE5J9wgokqjtfh6JQ8tvp5JUUQc1dkRsgJN\nrlEUWXfvi/bPixlppd3TpAxBw1oeCd4lmY2RCKcumfcJyCKwdJeG4ePDKo+84J+n\nA1jHIiFAscvgiBkQgMOdpylk1poO6MlAmC8CY8FZm7skfyyKl078+KB4GV2PxnHY\n1GSPz4aSQOeE661EFbRfh9UixsR+p3xpYRffB/r1EdA5/ILcZi7zNUom92TzapV4\nGjGF1sECgYEA7KP8U1dP/tnNTD55sWybvog+cTppSub7Vvg/ONxpJhWwEYw8d1lX\nqj11GRxe2lpU6cHB5DsxWRpndvETOMdmnxqs+qM0+/A2dDVFGi/MYFioAeWbLxPw\naH68wCcmhxcz4ZDfAPjQCam70ithIuBPVa4JgYhaNxD14S+0c67+3+UCgYEA8LWS\nO6fBwyQHzNuPgQ7+Xz5v5e1zZSqOD8+k/gjRzFB3rJeZVbxyiHRSqV4W3ciMNHCh\npDvNbTcNWgzj9DaDXENxhXvaHuImR61YGb0Im95CM9qN1duic1p2SrRkRHutXwdk\nfpQRe/yh3UObZgJ5M8yKe5dxdFKafOc9CNIzj/ECgYAZscSYGAbrmSKdgLsd9LkE\ney6shLciFup7iwDyX5xbMken4B5Ap0bJiVrJmzcBZoWJzCwNaA/3qNJLK+n2ZFBU\nPkVCAa6jHHYNMCuMqFv8qiOz8QZkmjmkXv6HrriUOoS7nUtZg6qzIebu7x7g9pIm\nr3sAwZlqGUFZbiCd3wZ1sQKBgAziazVuQVzkrNY2WnQaDVujx/GSyD5+DKSkBLzk\nU/aPyBgg9UA1mhvbviD6vFaayYZ1EPHtkY1rCPftALatxFJH+eefPYmxqULk8HZQ\nPAm71+dWp4ju/L8X9IUDKurPg/Q2PRbZbiYo27EwUT0gnMQ9Cpya+qOzWDmfVxEF\nz2TBAoGAYxRVSNH1uMWJCazpkTVx0xDcAZ57gSsVeUX0BTiciCFvN5+qDYZJZIZI\nPjCjcis8BdOjviFEXVfRMui1I2qcOUVPtx9C65YC5b3MWk5YWl2NOg3zWX/gUAVR\ncwzKCdCLPpgyZRkYgtIH5ibxxL5Oyzhmb599no8TGJy2hgpto4o=\n-----END RSA PRIVATE KEY-----\n",
            "private_key_pem_pkcs8": "-----BEGIN PRIVATE KEY-----\nMIIEvAIBADANBgkqhkiG9w0BAQEFAASCBKYwggSiAgEAAoIBAQDegZOsM4x/Ge+A\naBPFotJ9ynJxg3emzE/hDOZNn24kmTsojeRA2Spnrn0LJ3DGC1MIZvfedpmfVB3J\nlwkUWxAS8mYvCCGs7RfEWeIf9EouShRPf16sEUpAB2TFnlOoICj/f54+9TY8jnSe\nS1aXRMV4sB0cWUigLWwJuzTauCnp34vmkZRgeoXswpnzmevUy/PvHspqu82Lsxpp\nclJLoCswBgC5ZtzsWvxOJRGiHPgpO5bQSY/liDpZzNcCWbAVW/Ijg3sSOjTfiMN4\no6k2Cv+bcNmTZRA6iJHu+T16BnkXaBCw3UF9JbDfaQn13oGf/L6Usit4enbpS6NC\nAECRoLGVAgMBAAECggEAFqRe754LRP/RpGJy6KCqBMzuGmkDawDNfBxA71My9Rx2\nrajKumKe8xAJf3ITAsQyPd+kh4nQFiuMIHBzJxQhLZxnE5AjRSKXUY7H+PJ1/gHh\n0Tkn3CCiSqO1+HolDy2+nklRRBzV2RGyAk2uURRZd++L9s+LGWml3dOkDEHDWh4J\n3iWZjZEIpy6Z9wnIIrB0l4bh48Mqj7zgn6cDWMciIUCxy+CIGRCAw52nKWTWmg7o\nyUCYLwJjwVmbuyR/LIqXTvz4oHgZXY/GcdjUZI/PhpJA54TrrUQVtF+H1SLGxH6n\nfGlhF98H+vUR0Dn8gtxmLvM1Sib3ZPNqlXgaMYXWwQKBgQDso/xTV0/+2c1MPnmx\nbJu+iD5xOmlK5vtW+D843GkmFbARjDx3WVeqPXUZHF7aWlTpwcHkOzFZGmd28RM4\nx2afGqz6ozT78DZ0NUUaL8xgWKgB5ZsvE/BofrzAJyaHFzPhkN8A+NAJqbvSK2Ei\n4E9VrgmBiFo3EPXhL7Rzrv7f5QKBgQDwtZI7p8HDJAfM24+BDv5fPm/l7XNlKo4P\nz6T+CNHMUHesl5lVvHKIdFKpXhbdyIw0cKGkO81tNw1aDOP0NoNcQ3GFe9oe4iZH\nrVgZvQib3kIz2o3V26JzWnZKtGREe61fB2R+lBF7/KHdQ5tmAnkzzIp7l3F0Upp8\n5z0I0jOP8QKBgBmxxJgYBuuZIp2Aux30uQR7LqyEtyIW6nuLAPJfnFsyR6fgHkCn\nRsmJWsmbNwFmhYnMLA1oD/eo0ksr6fZkUFQ+RUIBrqMcdg0wK4yoW/yqI7PxBmSa\nOaRe/oeuuJQ6hLudS1mDqrMh5u7vHuD2kiavewDBmWoZQVluIJ3fBnWxAoGADOJr\nNW5BXOSs1jZadBoNW6PH8ZLIPn4MpKQEvORT9o/IGCD1QDWaG9u+IPq8VprJhnUQ\n8e2RjWsI9+0Atq3EUkf55589ibGpQuTwdlA8CbvX51aniO78vxf0hQMq6s+D9DY9\nFtluJijbsTBRPSCcxD0KnJr6o7NYOZ9XEQXPZMECgYBjFFVI0fW4xYkJrOmRNXHT\nENwBnnuBKxV5RfQFOJyIIW83n6oNhklkhkg+MKNyKzwF06O+IURdV9Ey6LUjapw5\nRU+3H0LrlgLlvcxaTlhaXY06DfNZf+BQBVFzDMoJ0Is+mDJlGRiC0gfmJvHEvk7L\nOGZvn32ejxMYnLaGCm2jig==\n-----END PRIVATE KEY-----\n",
            "public_key_fingerprint_md5": "c7:7e:d1:31:70:bf:9e:96:ba:7b:21:e8:eb:e2:b7:d5",
            "public_key_fingerprint_sha256": "SHA256:pcZi/rDXZ0ZHfVJQE2VwteQTcdsA1il/PehM+qMl22k",
            "public_key_openssh": "ssh-rsa AAAAB3NzaC1yc2EAAAADAQABAAABAQDegZOsM4x/Ge+AaBPFotJ9ynJxg3emzE/hDOZNn24kmTsojeRA2Spnrn0LJ3DGC1MIZvfedpmfVB3JlwkUWxAS8mYvCCGs7RfEWeIf9EouShRPf16sEUpAB2TFnlOoICj/f54+9TY8jnSeS1aXRMV4sB0cWUigLWwJuzTauCnp34vmkZRgeoXswpnzmevUy/PvHspqu82LsxppclJLoCswBgC5ZtzsWvxOJRGiHPgpO5bQSY/liDpZzNcCWbAVW/Ijg3sSOjTfiMN4o6k2Cv+bcNmTZRA6iJHu+T16BnkXaBCw3UF9JbDfaQn13oGf/L6Usit4enbpS6NCAECRoLGV\n",
            "public_key_pem": "-----BEGIN PUBLIC KEY-----\nMIIBIjANBgkqhkiG9w0BAQEFAAOCAQ8AMIIBCgKCAQEA3oGTrDOMfxnvgGgTxaLS\nfcpycYN3psxP4QzmTZ9uJJk7KI3kQNkqZ659CydwxgtTCGb33naZn1QdyZcJFFsQ\nEvJmLwghrO0XxFniH/RKLkoUT39erBFKQAdkxZ5TqCAo/3+ePvU2PI50nktWl0TF\neLAdHFlIoC1sCbs02rgp6d+L5pGUYHqF7MKZ85nr1Mvz7x7KarvNi7MaaXJSS6Ar\nMAYAuWbc7Fr8TiURohz4KTuW0EmP5Yg6WczXAlmwFVvyI4N7Ejo034jDeKOpNgr/\nm3DZk2UQOoiR7vk9egZ5F2gQsN1BfSWw32kJ9d6Bn/y+lLIreHp26UujQgBAkaCx\nlQIDAQAB\n-----END PUBLIC KEY-----\n",
            "rsa_bits": 2048
          },
          "sensitive_attributes": [
            [
              {
                "type": "get_attr",
                "value": "private_key_pem"
              }
            ],
            [
              {
                "type": "get_attr",
                "value": "private_key_openssh"
              }
            ],
            [
              {
                "type": "get_attr",
                "value": "private_key_pem_pkcs8"
              }
            ]
          ]
        }
      ]
    }
  ],
  "check_results": null
}
