{
  "version": 4,
  "terraform_version": "1.9.8",
  "serial": 3831,
  "lineage": "ea68e502-a528-57fd-7eb2-cc36d5f588da",
  "outputs": {
    "Lambda-Command": {
      "value": "url -X POST -H 'filename: example.txt' -d 'Mustafa Test'",
      "type": "string"
    },
    "LoadBalancer_IP": {
      "value": "Terraform-Webserver-ALB-2042582704.eu-west-1.elb.amazonaws.com",
      "type": "string"
    },
    "api_gateway_url": {
      "value": "value: url -X POST -H 'filename: example.txt' -d 'Mustafa Test' https://m0p37uu4p1.execute-api.eu-west-1.amazonaws.com/production/upload",
      "type": "string"
    },
    "efs_dns_name": {
      "value": "fs-0fe301de134eb1d09.efs.eu-west-1.amazonaws.com",
      "type": "string"
    },
    "sql": {
      "value": "sudo mysql -h 10.0.1.31 -u remote -premote -e 'SELECT * FROM files.file'",
      "type": "string"
    }
  },
  "resources": [
    {
      "mode": "data",
      "type": "aws_region",
      "name": "current",
      "provider": "provider[\"registry.terraform.io/hashicorp/aws\"]",
      "instances": [
        {
          "schema_version": 0,
          "attributes": {
            "description": "Europe (Ireland)",
            "endpoint": "ec2.eu-west-1.amazonaws.com",
            "id": "eu-west-1",
            "name": "eu-west-1"
          },
          "sensitive_attributes": []
        }
      ]
    },
    {
      "mode": "managed",
      "type": "aws_apigatewayv2_api",
      "name": "http_api",
      "provider": "provider[\"registry.terraform.io/hashicorp/aws\"]",
      "instances": [
        {
          "schema_version": 0,
          "attributes": {
            "api_endpoint": "https://m0p37uu4p1.execute-api.eu-west-1.amazonaws.com",
            "api_key_selection_expression": "$request.header.x-api-key",
            "arn": "arn:aws:apigateway:eu-west-1::/apis/m0p37uu4p1",
            "body": null,
            "cors_configuration": [],
            "credentials_arn": null,
            "description": "",
            "disable_execute_api_endpoint": false,
            "execution_arn": "arn:aws:execute-api:eu-west-1:491085428405:m0p37uu4p1",
            "fail_on_warnings": null,
            "id": "m0p37uu4p1",
            "name": "LambdaHTTPAPI",
            "protocol_type": "HTTP",
            "route_key": null,
            "route_selection_expression": "$request.method $request.path",
            "tags": {
              "Name": "HTTPAPITrigger"
            },
            "tags_all": {
              "Name": "HTTPAPITrigger"
            },
            "target": null,
            "version": ""
          },
          "sensitive_attributes": [],
          "private": "bnVsbA=="
        }
      ]
    },
    {
      "mode": "managed",
      "type": "aws_apigatewayv2_integration",
      "name": "lambda_integration",
      "provider": "provider[\"registry.terraform.io/hashicorp/aws\"]",
      "instances": [
        {
          "schema_version": 0,
          "attributes": {
            "api_id": "m0p37uu4p1",
            "connection_id": "",
            "connection_type": "INTERNET",
            "content_handling_strategy": "",
            "credentials_arn": "",
            "description": "",
            "id": "6vv5lk2",
            "integration_method": "POST",
            "integration_response_selection_expression": "",
            "integration_subtype": "",
            "integration_type": "AWS_PROXY",
            "integration_uri": "arn:aws:lambda:eu-west-1:491085428405:function:uploadFileToS3",
            "passthrough_behavior": "",
            "payload_format_version": "1.0",
            "request_parameters": null,
            "request_templates": null,
            "response_parameters": [],
            "template_selection_expression": "",
            "timeout_milliseconds": 30000,
            "tls_config": []
          },
          "sensitive_attributes": [],
          "private": "bnVsbA==",
          "dependencies": [
            "aws_apigatewayv2_api.http_api",
            "aws_iam_role.lambda_role",
            "aws_lambda_function.upload_file_lambda",
            "aws_s3_bucket.Terraform-Bucket"
          ]
        }
      ]
    },
    {
      "mode": "managed",
      "type": "aws_apigatewayv2_route",
      "name": "http_route",
      "provider": "provider[\"registry.terraform.io/hashicorp/aws\"]",
      "instances": [
        {
          "schema_version": 0,
          "attributes": {
            "api_id": "m0p37uu4p1",
            "api_key_required": false,
            "authorization_scopes": null,
            "authorization_type": "NONE",
            "authorizer_id": "",
            "id": "dtv7g13",
            "model_selection_expression": "",
            "operation_name": "",
            "request_models": null,
            "request_parameter": [],
            "route_key": "POST /upload",
            "route_response_selection_expression": "",
            "target": "integrations/6vv5lk2"
          },
          "sensitive_attributes": [],
          "private": "bnVsbA==",
          "dependencies": [
            "aws_apigatewayv2_api.http_api",
            "aws_apigatewayv2_integration.lambda_integration",
            "aws_iam_role.lambda_role",
            "aws_lambda_function.upload_file_lambda",
            "aws_s3_bucket.Terraform-Bucket"
          ]
        }
      ]
    },
    {
      "mode": "managed",
      "type": "aws_apigatewayv2_stage",
      "name": "production_stage",
      "provider": "provider[\"registry.terraform.io/hashicorp/aws\"]",
      "instances": [
        {
          "schema_version": 0,
          "attributes": {
            "access_log_settings": [],
            "api_id": "m0p37uu4p1",
            "arn": "arn:aws:apigateway:eu-west-1::/apis/m0p37uu4p1/stages/production",
            "auto_deploy": true,
            "client_certificate_id": "",
            "default_route_settings": [
              {
                "data_trace_enabled": false,
                "detailed_metrics_enabled": false,
                "logging_level": "",
                "throttling_burst_limit": 0,
                "throttling_rate_limit": 0
              }
            ],
            "deployment_id": "",
            "description": "",
            "execution_arn": "arn:aws:execute-api:eu-west-1:491085428405:m0p37uu4p1/production",
            "id": "production",
            "invoke_url": "https://m0p37uu4p1.execute-api.eu-west-1.amazonaws.com/production",
            "name": "production",
            "route_settings": [],
            "stage_variables": null,
            "tags": {
              "Name": "ProductionStage"
            },
            "tags_all": {
              "Name": "ProductionStage"
            }
          },
          "sensitive_attributes": [],
          "private": "bnVsbA==",
          "dependencies": [
            "aws_apigatewayv2_api.http_api"
          ]
        }
      ]
    },
    {
      "mode": "managed",
      "type": "aws_efs_file_system",
      "name": "terraform_efs",
      "provider": "provider[\"registry.terraform.io/hashicorp/aws\"]",
      "instances": [
        {
          "schema_version": 0,
          "attributes": {
            "arn": "arn:aws:elasticfilesystem:eu-west-1:491085428405:file-system/fs-0fe301de134eb1d09",
            "availability_zone_id": "",
            "availability_zone_name": "",
            "creation_token": "terraform-efs",
            "dns_name": "fs-0fe301de134eb1d09.efs.eu-west-1.amazonaws.com",
            "encrypted": false,
            "id": "fs-0fe301de134eb1d09",
            "kms_key_id": "",
            "lifecycle_policy": [],
            "name": "Terraform-EFS",
            "number_of_mount_targets": 0,
            "owner_id": "491085428405",
            "performance_mode": "generalPurpose",
            "protection": [
              {
                "replication_overwrite": "ENABLED"
              }
            ],
            "provisioned_throughput_in_mibps": 0,
            "size_in_bytes": [
              {
                "value": 6144,
                "value_in_ia": 0,
                "value_in_standard": 6144
              }
            ],
            "tags": {
              "Name": "Terraform-EFS"
            },
            "tags_all": {
              "Name": "Terraform-EFS"
            },
            "throughput_mode": "bursting"
          },
          "sensitive_attributes": [],
          "private": "bnVsbA=="
        }
      ]
    },
    {
      "mode": "managed",
      "type": "aws_efs_mount_target",
      "name": "subnet1_mount_target",
      "provider": "provider[\"registry.terraform.io/hashicorp/aws\"]",
      "instances": [
        {
          "schema_version": 0,
          "attributes": {
            "availability_zone_id": "euw1-az3",
            "availability_zone_name": "eu-west-1a",
            "dns_name": "fs-0fe301de134eb1d09.efs.eu-west-1.amazonaws.com",
            "file_system_arn": "arn:aws:elasticfilesystem:eu-west-1:491085428405:file-system/fs-0fe301de134eb1d09",
            "file_system_id": "fs-0fe301de134eb1d09",
            "id": "fsmt-0066cc3f5755a4988",
            "ip_address": "10.0.1.243",
            "mount_target_dns_name": "eu-west-1a.fs-0fe301de134eb1d09.efs.eu-west-1.amazonaws.com",
            "network_interface_id": "eni-0ca6f1366c57862b5",
            "owner_id": "491085428405",
            "security_groups": [
              "sg-0b1e4e573c2ad5368"
            ],
            "subnet_id": "subnet-006c4693db982e722",
            "timeouts": null
          },
          "sensitive_attributes": [],
          "private": "eyJlMmJmYjczMC1lY2FhLTExZTYtOGY4OC0zNDM2M2JjN2M0YzAiOnsiY3JlYXRlIjoxODAwMDAwMDAwMDAwLCJkZWxldGUiOjYwMDAwMDAwMDAwMH19",
          "dependencies": [
            "aws_efs_file_system.terraform_efs",
            "aws_security_group.terraform_efs_sg",
            "aws_subnet.subnet1",
            "aws_vpc.Terraform-VPC-test"
          ]
        }
      ]
    },
    {
      "mode": "managed",
      "type": "aws_efs_mount_target",
      "name": "subnet2_mount_target",
      "provider": "provider[\"registry.terraform.io/hashicorp/aws\"]",
      "instances": [
        {
          "schema_version": 0,
          "attributes": {
            "availability_zone_id": "euw1-az1",
            "availability_zone_name": "eu-west-1b",
            "dns_name": "fs-0fe301de134eb1d09.efs.eu-west-1.amazonaws.com",
            "file_system_arn": "arn:aws:elasticfilesystem:eu-west-1:491085428405:file-system/fs-0fe301de134eb1d09",
            "file_system_id": "fs-0fe301de134eb1d09",
            "id": "fsmt-0510e122247efc7d3",
            "ip_address": "10.0.2.108",
            "mount_target_dns_name": "eu-west-1b.fs-0fe301de134eb1d09.efs.eu-west-1.amazonaws.com",
            "network_interface_id": "eni-0145bc078df36d607",
            "owner_id": "491085428405",
            "security_groups": [
              "sg-0b1e4e573c2ad5368"
            ],
            "subnet_id": "subnet-0050b905ab9341b49",
            "timeouts": null
          },
          "sensitive_attributes": [],
          "private": "eyJlMmJmYjczMC1lY2FhLTExZTYtOGY4OC0zNDM2M2JjN2M0YzAiOnsiY3JlYXRlIjoxODAwMDAwMDAwMDAwLCJkZWxldGUiOjYwMDAwMDAwMDAwMH19",
          "dependencies": [
            "aws_efs_file_system.terraform_efs",
            "aws_security_group.terraform_efs_sg",
            "aws_subnet.subnet2",
            "aws_vpc.Terraform-VPC-test"
          ]
        }
      ]
    },
    {
      "mode": "managed",
      "type": "aws_iam_instance_profile",
      "name": "terraform_instance_profile",
      "provider": "provider[\"registry.terraform.io/hashicorp/aws\"]",
      "instances": [
        {
          "schema_version": 0,
          "attributes": {
            "arn": "arn:aws:iam::491085428405:instance-profile/terraform-instance-profile",
            "create_date": "2024-12-17T13:30:06Z",
            "id": "terraform-instance-profile",
            "name": "terraform-instance-profile",
            "name_prefix": "",
            "path": "/",
            "role": "terraform-role",
            "tags": null,
            "tags_all": {},
            "unique_id": "AIPAXEVXY6225WCPCPS53"
          },
          "sensitive_attributes": [],
          "private": "bnVsbA==",
          "dependencies": [
            "aws_iam_role.terraform_role"
          ]
        }
      ]
    },
    {
      "mode": "managed",
      "type": "aws_iam_policy",
      "name": "lambda_s3_policy",
      "provider": "provider[\"registry.terraform.io/hashicorp/aws\"]",
      "instances": [
        {
          "schema_version": 0,
          "attributes": {
            "arn": "arn:aws:iam::491085428405:policy/lambda-s3-policy",
            "attachment_count": 0,
            "description": "Allow Lambda to access S3",
            "id": "arn:aws:iam::491085428405:policy/lambda-s3-policy",
            "name": "lambda-s3-policy",
            "name_prefix": "",
            "path": "/",
            "policy": "{\"Statement\":[{\"Action\":[\"s3:PutObject\",\"s3:GetObject\"],\"Effect\":\"Allow\",\"Resource\":\"arn:aws:s3:::r0938274-terraform-file-upload-bucket/*\"}],\"Version\":\"2012-10-17\"}",
            "policy_id": "ANPAXEVXY622QYACVRIV3",
            "tags": null,
            "tags_all": {}
          },
          "sensitive_attributes": [],
          "private": "bnVsbA==",
          "dependencies": [
            "aws_s3_bucket.Terraform-Bucket"
          ]
        }
      ]
    },
    {
      "mode": "managed",
      "type": "aws_iam_policy",
      "name": "terraform_s3_policy",
      "provider": "provider[\"registry.terraform.io/hashicorp/aws\"]",
      "instances": [
        {
          "schema_version": 0,
          "attributes": {
            "arn": "arn:aws:iam::491085428405:policy/TerraformS3Policy",
            "attachment_count": 0,
            "description": "S3 permissions for Terraform",
            "id": "arn:aws:iam::491085428405:policy/TerraformS3Policy",
            "name": "TerraformS3Policy",
            "name_prefix": "",
            "path": "/",
            "policy": "{\"Statement\":[{\"Action\":[\"s3:ListBucket\",\"s3:GetObject\",\"s3:PutObject\"],\"Effect\":\"Allow\",\"Resource\":[\"arn:aws:s3:::r0938274-terraform-file-upload-bucket\",\"arn:aws:s3:::r0938274-terraform-file-upload-bucket/*\"]}],\"Version\":\"2012-10-17\"}",
            "policy_id": "ANPAXEVXY622TW6AQKP5N",
            "tags": null,
            "tags_all": {}
          },
          "sensitive_attributes": [],
          "private": "bnVsbA=="
        }
      ]
    },
    {
      "mode": "managed",
      "type": "aws_iam_role",
      "name": "lambda_role",
      "provider": "provider[\"registry.terraform.io/hashicorp/aws\"]",
      "instances": [
        {
          "schema_version": 0,
          "attributes": {
            "arn": "arn:aws:iam::491085428405:role/terraform-lambda-role",
            "assume_role_policy": "{\"Statement\":[{\"Action\":\"sts:AssumeRole\",\"Effect\":\"Allow\",\"Principal\":{\"Service\":\"lambda.amazonaws.com\"}}],\"Version\":\"2012-10-17\"}",
            "create_date": "2024-12-17T13:30:04Z",
            "description": "",
            "force_detach_policies": false,
            "id": "terraform-lambda-role",
            "inline_policy": [],
            "managed_policy_arns": [],
            "max_session_duration": 3600,
            "name": "terraform-lambda-role",
            "name_prefix": "",
            "path": "/",
            "permissions_boundary": "",
            "tags": {
              "Name": "LambdaRole"
            },
            "tags_all": {
              "Name": "LambdaRole"
            },
            "unique_id": "AROAXEVXY622VHNHRVXPH"
          },
          "sensitive_attributes": [],
          "private": "bnVsbA=="
        }
      ]
    },
    {
      "mode": "managed",
      "type": "aws_iam_role",
      "name": "terraform_role",
      "provider": "provider[\"registry.terraform.io/hashicorp/aws\"]",
      "instances": [
        {
          "schema_version": 0,
          "attributes": {
            "arn": "arn:aws:iam::491085428405:role/terraform-role",
            "assume_role_policy": "{\"Statement\":[{\"Action\":\"sts:AssumeRole\",\"Effect\":\"Allow\",\"Principal\":{\"Service\":\"ec2.amazonaws.com\"},\"Sid\":\"\"}],\"Version\":\"2012-10-17\"}",
            "create_date": "2024-12-17T13:30:04Z",
            "description": "",
            "force_detach_policies": false,
            "id": "terraform-role",
            "inline_policy": [],
            "managed_policy_arns": [],
            "max_session_duration": 3600,
            "name": "terraform-role",
            "name_prefix": "",
            "path": "/",
            "permissions_boundary": "",
            "tags": null,
            "tags_all": {},
            "unique_id": "AROAXEVXY6222OB35TPK2"
          },
          "sensitive_attributes": [],
          "private": "bnVsbA=="
        }
      ]
    },
    {
      "mode": "managed",
      "type": "aws_iam_role_policy_attachment",
      "name": "attach_s3_policy",
      "provider": "provider[\"registry.terraform.io/hashicorp/aws\"]",
      "instances": [
        {
          "schema_version": 0,
          "attributes": {
            "id": "terraform-role-20241217132933449200000001",
            "policy_arn": "arn:aws:iam::491085428405:policy/TerraformS3Policy",
            "role": "terraform-role"
          },
          "sensitive_attributes": [],
          "private": "bnVsbA==",
          "dependencies": [
            "aws_iam_policy.terraform_s3_policy",
            "aws_iam_role.terraform_role"
          ]
        }
      ]
    },
    {
      "mode": "managed",
      "type": "aws_iam_role_policy_attachment",
      "name": "lambda_s3_policy_attachment",
      "provider": "provider[\"registry.terraform.io/hashicorp/aws\"]",
      "instances": [
        {
          "schema_version": 0,
          "attributes": {
            "id": "terraform-lambda-role-20241217132935408900000002",
            "policy_arn": "arn:aws:iam::491085428405:policy/lambda-s3-policy",
            "role": "terraform-lambda-role"
          },
          "sensitive_attributes": [],
          "private": "bnVsbA==",
          "dependencies": [
            "aws_iam_policy.lambda_s3_policy",
            "aws_iam_role.lambda_role",
            "aws_s3_bucket.Terraform-Bucket"
          ]
        }
      ]
    },
    {
      "mode": "managed",
      "type": "aws_instance",
      "name": "Terraform-AnsibleClient1",
      "provider": "provider[\"registry.terraform.io/hashicorp/aws\"]",
      "instances": [
        {
          "schema_version": 1,
          "attributes": {
            "ami": "ami-0d64bb532e0502c46",
            "arn": "arn:aws:ec2:eu-west-1:491085428405:instance/i-051cf0a7fb6b66800",
            "associate_public_ip_address": true,
            "availability_zone": "eu-west-1a",
            "capacity_reservation_specification": [
              {
                "capacity_reservation_preference": "open",
                "capacity_reservation_target": []
              }
            ],
            "cpu_core_count": 1,
            "cpu_options": [
              {
                "amd_sev_snp": "",
                "core_count": 1,
                "threads_per_core": 1
              }
            ],
            "cpu_threads_per_core": 1,
            "credit_specification": [
              {
                "cpu_credits": "standard"
              }
            ],
            "disable_api_stop": false,
            "disable_api_termination": false,
            "ebs_block_device": [],
            "ebs_optimized": false,
            "enclave_options": [
              {
                "enabled": false
              }
            ],
            "ephemeral_block_device": [],
            "get_password_data": false,
            "hibernation": false,
            "host_id": "",
            "host_resource_group_arn": null,
            "iam_instance_profile": "",
            "id": "i-051cf0a7fb6b66800",
            "instance_initiated_shutdown_behavior": "stop",
            "instance_lifecycle": "",
            "instance_market_options": [],
            "instance_state": "running",
            "instance_type": "t2.micro",
            "ipv6_address_count": 0,
            "ipv6_addresses": [],
            "key_name": "terraform-keypair",
            "launch_template": [],
            "maintenance_options": [
              {
                "auto_recovery": "default"
              }
            ],
            "metadata_options": [
              {
                "http_endpoint": "enabled",
                "http_protocol_ipv6": "disabled",
                "http_put_response_hop_limit": 2,
                "http_tokens": "optional",
                "instance_metadata_tags": "disabled"
              }
            ],
            "monitoring": false,
            "network_interface": [],
            "outpost_arn": "",
            "password_data": "",
            "placement_group": "",
            "placement_partition_number": 0,
            "primary_network_interface_id": "eni-0dc2babaa2497ff59",
            "private_dns": "ip-10-0-1-51.eu-west-1.compute.internal",
            "private_dns_name_options": [
              {
                "enable_resource_name_dns_a_record": false,
                "enable_resource_name_dns_aaaa_record": false,
                "hostname_type": "ip-name"
              }
            ],
            "private_ip": "10.0.1.51",
            "public_dns": "ec2-54-247-205-92.eu-west-1.compute.amazonaws.com",
            "public_ip": "54.247.205.92",
            "root_block_device": [
              {
                "delete_on_termination": true,
                "device_name": "/dev/sda1",
                "encrypted": false,
                "iops": 3000,
                "kms_key_id": "",
                "tags": {},
                "tags_all": {},
                "throughput": 125,
                "volume_id": "vol-0e0f69c66793ca660",
                "volume_size": 8,
                "volume_type": "gp3"
              }
            ],
            "secondary_private_ips": [],
            "security_groups": [],
            "source_dest_check": true,
            "spot_instance_request_id": "",
            "subnet_id": "subnet-006c4693db982e722",
            "tags": {
              "Name": "Ansible-Client-1"
            },
            "tags_all": {
              "Name": "Ansible-Client-1"
            },
            "tenancy": "default",
            "timeouts": null,
            "user_data": "0aaa6b2f74cbd145c220821b602eaea800a33abf",
            "user_data_base64": null,
            "user_data_replace_on_change": false,
            "volume_tags": null,
            "vpc_security_group_ids": [
              "sg-0dba2d563bc73575a"
            ]
          },
          "sensitive_attributes": [],
          "private": "eyJlMmJmYjczMC1lY2FhLTExZTYtOGY4OC0zNDM2M2JjN2M0YzAiOnsiY3JlYXRlIjo2MDAwMDAwMDAwMDAsImRlbGV0ZSI6MTIwMDAwMDAwMDAwMCwicmVhZCI6OTAwMDAwMDAwMDAwLCJ1cGRhdGUiOjYwMDAwMDAwMDAwMH0sInNjaGVtYV92ZXJzaW9uIjoiMSJ9",
          "dependencies": [
            "aws_security_group.Terraform-SG",
            "aws_subnet.subnet1",
            "aws_vpc.Terraform-VPC-test"
          ]
        }
      ]
    },
    {
      "mode": "managed",
      "type": "aws_instance",
      "name": "Terraform-AnsibleClient2",
      "provider": "provider[\"registry.terraform.io/hashicorp/aws\"]",
      "instances": [
        {
          "schema_version": 1,
          "attributes": {
            "ami": "ami-0d64bb532e0502c46",
            "arn": "arn:aws:ec2:eu-west-1:491085428405:instance/i-027aba460d4c8e072",
            "associate_public_ip_address": true,
            "availability_zone": "eu-west-1a",
            "capacity_reservation_specification": [
              {
                "capacity_reservation_preference": "open",
                "capacity_reservation_target": []
              }
            ],
            "cpu_core_count": 1,
            "cpu_options": [
              {
                "amd_sev_snp": "",
                "core_count": 1,
                "threads_per_core": 1
              }
            ],
            "cpu_threads_per_core": 1,
            "credit_specification": [
              {
                "cpu_credits": "standard"
              }
            ],
            "disable_api_stop": false,
            "disable_api_termination": false,
            "ebs_block_device": [],
            "ebs_optimized": false,
            "enclave_options": [
              {
                "enabled": false
              }
            ],
            "ephemeral_block_device": [],
            "get_password_data": false,
            "hibernation": false,
            "host_id": "",
            "host_resource_group_arn": null,
            "iam_instance_profile": "",
            "id": "i-027aba460d4c8e072",
            "instance_initiated_shutdown_behavior": "stop",
            "instance_lifecycle": "",
            "instance_market_options": [],
            "instance_state": "running",
            "instance_type": "t2.micro",
            "ipv6_address_count": 0,
            "ipv6_addresses": [],
            "key_name": "terraform-keypair",
            "launch_template": [],
            "maintenance_options": [
              {
                "auto_recovery": "default"
              }
            ],
            "metadata_options": [
              {
                "http_endpoint": "enabled",
                "http_protocol_ipv6": "disabled",
                "http_put_response_hop_limit": 2,
                "http_tokens": "optional",
                "instance_metadata_tags": "disabled"
              }
            ],
            "monitoring": false,
            "network_interface": [],
            "outpost_arn": "",
            "password_data": "",
            "placement_group": "",
            "placement_partition_number": 0,
            "primary_network_interface_id": "eni-013c3d2ac21580ace",
            "private_dns": "ip-10-0-1-52.eu-west-1.compute.internal",
            "private_dns_name_options": [
              {
                "enable_resource_name_dns_a_record": false,
                "enable_resource_name_dns_aaaa_record": false,
                "hostname_type": "ip-name"
              }
            ],
            "private_ip": "10.0.1.52",
            "public_dns": "ec2-52-213-240-156.eu-west-1.compute.amazonaws.com",
            "public_ip": "52.213.240.156",
            "root_block_device": [
              {
                "delete_on_termination": true,
                "device_name": "/dev/sda1",
                "encrypted": false,
                "iops": 3000,
                "kms_key_id": "",
                "tags": {},
                "tags_all": {},
                "throughput": 125,
                "volume_id": "vol-0d092ee52d370b543",
                "volume_size": 8,
                "volume_type": "gp3"
              }
            ],
            "secondary_private_ips": [],
            "security_groups": [],
            "source_dest_check": true,
            "spot_instance_request_id": "",
            "subnet_id": "subnet-006c4693db982e722",
            "tags": {
              "Name": "Ansible-Client-2"
            },
            "tags_all": {
              "Name": "Ansible-Client-2"
            },
            "tenancy": "default",
            "timeouts": null,
            "user_data": "0aaa6b2f74cbd145c220821b602eaea800a33abf",
            "user_data_base64": null,
            "user_data_replace_on_change": false,
            "volume_tags": null,
            "vpc_security_group_ids": [
              "sg-0dba2d563bc73575a"
            ]
          },
          "sensitive_attributes": [],
          "private": "eyJlMmJmYjczMC1lY2FhLTExZTYtOGY4OC0zNDM2M2JjN2M0YzAiOnsiY3JlYXRlIjo2MDAwMDAwMDAwMDAsImRlbGV0ZSI6MTIwMDAwMDAwMDAwMCwicmVhZCI6OTAwMDAwMDAwMDAwLCJ1cGRhdGUiOjYwMDAwMDAwMDAwMH0sInNjaGVtYV92ZXJzaW9uIjoiMSJ9",
          "dependencies": [
            "aws_security_group.Terraform-SG",
            "aws_subnet.subnet1",
            "aws_vpc.Terraform-VPC-test"
          ]
        }
      ]
    },
    {
      "mode": "managed",
      "type": "aws_instance",
      "name": "Terraform-AnsibleServer",
      "provider": "provider[\"registry.terraform.io/hashicorp/aws\"]",
      "instances": [
        {
          "schema_version": 1,
          "attributes": {
            "ami": "ami-0d64bb532e0502c46",
            "arn": "arn:aws:ec2:eu-west-1:491085428405:instance/i-086b31012ec65daf0",
            "associate_public_ip_address": true,
            "availability_zone": "eu-west-1a",
            "capacity_reservation_specification": [
              {
                "capacity_reservation_preference": "open",
                "capacity_reservation_target": []
              }
            ],
            "cpu_core_count": 1,
            "cpu_options": [
              {
                "amd_sev_snp": "",
                "core_count": 1,
                "threads_per_core": 1
              }
            ],
            "cpu_threads_per_core": 1,
            "credit_specification": [
              {
                "cpu_credits": "standard"
              }
            ],
            "disable_api_stop": false,
            "disable_api_termination": false,
            "ebs_block_device": [],
            "ebs_optimized": false,
            "enclave_options": [
              {
                "enabled": false
              }
            ],
            "ephemeral_block_device": [],
            "get_password_data": false,
            "hibernation": false,
            "host_id": "",
            "host_resource_group_arn": null,
            "iam_instance_profile": "",
            "id": "i-086b31012ec65daf0",
            "instance_initiated_shutdown_behavior": "stop",
            "instance_lifecycle": "",
            "instance_market_options": [],
            "instance_state": "running",
            "instance_type": "t2.micro",
            "ipv6_address_count": 0,
            "ipv6_addresses": [],
            "key_name": "terraform-keypair",
            "launch_template": [],
            "maintenance_options": [
              {
                "auto_recovery": "default"
              }
            ],
            "metadata_options": [
              {
                "http_endpoint": "enabled",
                "http_protocol_ipv6": "disabled",
                "http_put_response_hop_limit": 2,
                "http_tokens": "optional",
                "instance_metadata_tags": "disabled"
              }
            ],
            "monitoring": false,
            "network_interface": [],
            "outpost_arn": "",
            "password_data": "",
            "placement_group": "",
            "placement_partition_number": 0,
            "primary_network_interface_id": "eni-0f8233135c0235ad1",
            "private_dns": "ip-10-0-1-50.eu-west-1.compute.internal",
            "private_dns_name_options": [
              {
                "enable_resource_name_dns_a_record": false,
                "enable_resource_name_dns_aaaa_record": false,
                "hostname_type": "ip-name"
              }
            ],
            "private_ip": "10.0.1.50",
            "public_dns": "ec2-54-246-221-18.eu-west-1.compute.amazonaws.com",
            "public_ip": "54.246.221.18",
            "root_block_device": [
              {
                "delete_on_termination": true,
                "device_name": "/dev/sda1",
                "encrypted": false,
                "iops": 3000,
                "kms_key_id": "",
                "tags": {},
                "tags_all": {},
                "throughput": 125,
                "volume_id": "vol-0aa00a84904789eec",
                "volume_size": 8,
                "volume_type": "gp3"
              }
            ],
            "secondary_private_ips": [],
            "security_groups": [],
            "source_dest_check": true,
            "spot_instance_request_id": "",
            "subnet_id": "subnet-006c4693db982e722",
            "tags": {
              "Name": "Ansible-Server"
            },
            "tags_all": {
              "Name": "Ansible-Server"
            },
            "tenancy": "default",
            "timeouts": null,
            "user_data": "8df28d7181e6a4873581a7c5431e468912e3aa73",
            "user_data_base64": null,
            "user_data_replace_on_change": false,
            "volume_tags": null,
            "vpc_security_group_ids": [
              "sg-0dba2d563bc73575a"
            ]
          },
          "sensitive_attributes": [],
          "private": "eyJlMmJmYjczMC1lY2FhLTExZTYtOGY4OC0zNDM2M2JjN2M0YzAiOnsiY3JlYXRlIjo2MDAwMDAwMDAwMDAsImRlbGV0ZSI6MTIwMDAwMDAwMDAwMCwicmVhZCI6OTAwMDAwMDAwMDAwLCJ1cGRhdGUiOjYwMDAwMDAwMDAwMH0sInNjaGVtYV92ZXJzaW9uIjoiMSJ9",
          "dependencies": [
            "aws_security_group.Terraform-SG",
            "aws_subnet.subnet1",
            "aws_vpc.Terraform-VPC-test"
          ]
        }
      ]
    },
    {
      "mode": "managed",
      "type": "aws_instance",
      "name": "Terraform-Apache",
      "provider": "provider[\"registry.terraform.io/hashicorp/aws\"]",
      "instances": [
        {
          "index_key": 0,
          "schema_version": 1,
          "attributes": {
            "ami": "ami-0d64bb532e0502c46",
            "arn": "arn:aws:ec2:eu-west-1:491085428405:instance/i-064f7d4c658d5988f",
            "associate_public_ip_address": true,
            "availability_zone": "eu-west-1a",
            "capacity_reservation_specification": [
              {
                "capacity_reservation_preference": "open",
                "capacity_reservation_target": []
              }
            ],
            "cpu_core_count": 1,
            "cpu_options": [
              {
                "amd_sev_snp": "",
                "core_count": 1,
                "threads_per_core": 1
              }
            ],
            "cpu_threads_per_core": 1,
            "credit_specification": [
              {
                "cpu_credits": "standard"
              }
            ],
            "disable_api_stop": false,
            "disable_api_termination": false,
            "ebs_block_device": [],
            "ebs_optimized": false,
            "enclave_options": [
              {
                "enabled": false
              }
            ],
            "ephemeral_block_device": [],
            "get_password_data": false,
            "hibernation": false,
            "host_id": "",
            "host_resource_group_arn": null,
            "iam_instance_profile": "terraform-instance-profile",
            "id": "i-064f7d4c658d5988f",
            "instance_initiated_shutdown_behavior": "stop",
            "instance_lifecycle": "",
            "instance_market_options": [],
            "instance_state": "running",
            "instance_type": "t2.micro",
            "ipv6_address_count": 0,
            "ipv6_addresses": [],
            "key_name": "terraform-keypair",
            "launch_template": [],
            "maintenance_options": [
              {
                "auto_recovery": "default"
              }
            ],
            "metadata_options": [
              {
                "http_endpoint": "enabled",
                "http_protocol_ipv6": "disabled",
                "http_put_response_hop_limit": 2,
                "http_tokens": "optional",
                "instance_metadata_tags": "disabled"
              }
            ],
            "monitoring": false,
            "network_interface": [],
            "outpost_arn": "",
            "password_data": "",
            "placement_group": "",
            "placement_partition_number": 0,
            "primary_network_interface_id": "eni-0eca9f0ecdf579d19",
            "private_dns": "ip-10-0-1-180.eu-west-1.compute.internal",
            "private_dns_name_options": [
              {
                "enable_resource_name_dns_a_record": false,
                "enable_resource_name_dns_aaaa_record": false,
                "hostname_type": "ip-name"
              }
            ],
            "private_ip": "10.0.1.180",
            "public_dns": "ec2-3-250-12-49.eu-west-1.compute.amazonaws.com",
            "public_ip": "3.250.12.49",
            "root_block_device": [
              {
                "delete_on_termination": true,
                "device_name": "/dev/sda1",
                "encrypted": false,
                "iops": 3000,
                "kms_key_id": "",
                "tags": {},
                "tags_all": {},
                "throughput": 125,
                "volume_id": "vol-00a8d86fdaf95c31c",
                "volume_size": 8,
                "volume_type": "gp3"
              }
            ],
            "secondary_private_ips": [],
            "security_groups": [],
            "source_dest_check": true,
            "spot_instance_request_id": "",
            "subnet_id": "subnet-006c4693db982e722",
            "tags": {
              "Name": "Apache-Webserver"
            },
            "tags_all": {
              "Name": "Apache-Webserver"
            },
            "tenancy": "default",
            "timeouts": null,
            "user_data": "821593217ddcbc25318426da6f98163b51599612",
            "user_data_base64": null,
            "user_data_replace_on_change": false,
            "volume_tags": null,
            "vpc_security_group_ids": [
              "sg-0dba2d563bc73575a"
            ]
          },
          "sensitive_attributes": [],
          "private": "eyJlMmJmYjczMC1lY2FhLTExZTYtOGY4OC0zNDM2M2JjN2M0YzAiOnsiY3JlYXRlIjo2MDAwMDAwMDAwMDAsImRlbGV0ZSI6MTIwMDAwMDAwMDAwMCwicmVhZCI6OTAwMDAwMDAwMDAwLCJ1cGRhdGUiOjYwMDAwMDAwMDAwMH0sInNjaGVtYV92ZXJzaW9uIjoiMSJ9",
          "dependencies": [
            "aws_iam_instance_profile.terraform_instance_profile",
            "aws_iam_role.terraform_role",
            "aws_security_group.Terraform-SG",
            "aws_subnet.subnet1",
            "aws_vpc.Terraform-VPC-test"
          ]
        },
        {
          "index_key": 1,
          "schema_version": 1,
          "attributes": {
            "ami": "ami-0d64bb532e0502c46",
            "arn": "arn:aws:ec2:eu-west-1:491085428405:instance/i-067830c00f544118a",
            "associate_public_ip_address": true,
            "availability_zone": "eu-west-1a",
            "capacity_reservation_specification": [
              {
                "capacity_reservation_preference": "open",
                "capacity_reservation_target": []
              }
            ],
            "cpu_core_count": 1,
            "cpu_options": [
              {
                "amd_sev_snp": "",
                "core_count": 1,
                "threads_per_core": 1
              }
            ],
            "cpu_threads_per_core": 1,
            "credit_specification": [
              {
                "cpu_credits": "standard"
              }
            ],
            "disable_api_stop": false,
            "disable_api_termination": false,
            "ebs_block_device": [],
            "ebs_optimized": false,
            "enclave_options": [
              {
                "enabled": false
              }
            ],
            "ephemeral_block_device": [],
            "get_password_data": false,
            "hibernation": false,
            "host_id": "",
            "host_resource_group_arn": null,
            "iam_instance_profile": "terraform-instance-profile",
            "id": "i-067830c00f544118a",
            "instance_initiated_shutdown_behavior": "stop",
            "instance_lifecycle": "",
            "instance_market_options": [],
            "instance_state": "running",
            "instance_type": "t2.micro",
            "ipv6_address_count": 0,
            "ipv6_addresses": [],
            "key_name": "terraform-keypair",
            "launch_template": [],
            "maintenance_options": [
              {
                "auto_recovery": "default"
              }
            ],
            "metadata_options": [
              {
                "http_endpoint": "enabled",
                "http_protocol_ipv6": "disabled",
                "http_put_response_hop_limit": 2,
                "http_tokens": "optional",
                "instance_metadata_tags": "disabled"
              }
            ],
            "monitoring": false,
            "network_interface": [],
            "outpost_arn": "",
            "password_data": "",
            "placement_group": "",
            "placement_partition_number": 0,
            "primary_network_interface_id": "eni-0a3675946b066ce88",
            "private_dns": "ip-10-0-1-140.eu-west-1.compute.internal",
            "private_dns_name_options": [
              {
                "enable_resource_name_dns_a_record": false,
                "enable_resource_name_dns_aaaa_record": false,
                "hostname_type": "ip-name"
              }
            ],
            "private_ip": "10.0.1.140",
            "public_dns": "ec2-54-171-144-58.eu-west-1.compute.amazonaws.com",
            "public_ip": "54.171.144.58",
            "root_block_device": [
              {
                "delete_on_termination": true,
                "device_name": "/dev/sda1",
                "encrypted": false,
                "iops": 3000,
                "kms_key_id": "",
                "tags": {},
                "tags_all": {},
                "throughput": 125,
                "volume_id": "vol-0e4ec4bedf01cc01e",
                "volume_size": 8,
                "volume_type": "gp3"
              }
            ],
            "secondary_private_ips": [],
            "security_groups": [],
            "source_dest_check": true,
            "spot_instance_request_id": "",
            "subnet_id": "subnet-006c4693db982e722",
            "tags": {
              "Name": "Apache-Webserver"
            },
            "tags_all": {
              "Name": "Apache-Webserver"
            },
            "tenancy": "default",
            "timeouts": null,
            "user_data": "821593217ddcbc25318426da6f98163b51599612",
            "user_data_base64": null,
            "user_data_replace_on_change": false,
            "volume_tags": null,
            "vpc_security_group_ids": [
              "sg-0dba2d563bc73575a"
            ]
          },
          "sensitive_attributes": [],
          "private": "eyJlMmJmYjczMC1lY2FhLTExZTYtOGY4OC0zNDM2M2JjN2M0YzAiOnsiY3JlYXRlIjo2MDAwMDAwMDAwMDAsImRlbGV0ZSI6MTIwMDAwMDAwMDAwMCwicmVhZCI6OTAwMDAwMDAwMDAwLCJ1cGRhdGUiOjYwMDAwMDAwMDAwMH0sInNjaGVtYV92ZXJzaW9uIjoiMSJ9",
          "dependencies": [
            "aws_iam_instance_profile.terraform_instance_profile",
            "aws_iam_role.terraform_role",
            "aws_security_group.Terraform-SG",
            "aws_subnet.subnet1",
            "aws_vpc.Terraform-VPC-test"
          ]
        }
      ]
    },
    {
      "mode": "managed",
      "type": "aws_instance",
      "name": "Terraform-MountClient1",
      "provider": "provider[\"registry.terraform.io/hashicorp/aws\"]",
      "instances": [
        {
          "schema_version": 1,
          "attributes": {
            "ami": "ami-0d64bb532e0502c46",
            "arn": "arn:aws:ec2:eu-west-1:491085428405:instance/i-0a6b3e085d5c7a50e",
            "associate_public_ip_address": true,
            "availability_zone": "eu-west-1a",
            "capacity_reservation_specification": [
              {
                "capacity_reservation_preference": "open",
                "capacity_reservation_target": []
              }
            ],
            "cpu_core_count": 1,
            "cpu_options": [
              {
                "amd_sev_snp": "",
                "core_count": 1,
                "threads_per_core": 1
              }
            ],
            "cpu_threads_per_core": 1,
            "credit_specification": [
              {
                "cpu_credits": "standard"
              }
            ],
            "disable_api_stop": false,
            "disable_api_termination": false,
            "ebs_block_device": [],
            "ebs_optimized": false,
            "enclave_options": [
              {
                "enabled": false
              }
            ],
            "ephemeral_block_device": [],
            "get_password_data": false,
            "hibernation": false,
            "host_id": "",
            "host_resource_group_arn": null,
            "iam_instance_profile": "",
            "id": "i-0a6b3e085d5c7a50e",
            "instance_initiated_shutdown_behavior": "stop",
            "instance_lifecycle": "",
            "instance_market_options": [],
            "instance_state": "running",
            "instance_type": "t2.micro",
            "ipv6_address_count": 0,
            "ipv6_addresses": [],
            "key_name": "terraform-keypair",
            "launch_template": [],
            "maintenance_options": [
              {
                "auto_recovery": "default"
              }
            ],
            "metadata_options": [
              {
                "http_endpoint": "enabled",
                "http_protocol_ipv6": "disabled",
                "http_put_response_hop_limit": 2,
                "http_tokens": "optional",
                "instance_metadata_tags": "disabled"
              }
            ],
            "monitoring": false,
            "network_interface": [],
            "outpost_arn": "",
            "password_data": "",
            "placement_group": "",
            "placement_partition_number": 0,
            "primary_network_interface_id": "eni-050d009420a578315",
            "private_dns": "ip-10-0-1-191.eu-west-1.compute.internal",
            "private_dns_name_options": [
              {
                "enable_resource_name_dns_a_record": false,
                "enable_resource_name_dns_aaaa_record": false,
                "hostname_type": "ip-name"
              }
            ],
            "private_ip": "10.0.1.191",
            "public_dns": "ec2-52-215-207-30.eu-west-1.compute.amazonaws.com",
            "public_ip": "52.215.207.30",
            "root_block_device": [
              {
                "delete_on_termination": true,
                "device_name": "/dev/sda1",
                "encrypted": false,
                "iops": 3000,
                "kms_key_id": "",
                "tags": {},
                "tags_all": {},
                "throughput": 125,
                "volume_id": "vol-07a65c950ef8ff723",
                "volume_size": 8,
                "volume_type": "gp3"
              }
            ],
            "secondary_private_ips": [],
            "security_groups": [],
            "source_dest_check": true,
            "spot_instance_request_id": "",
            "subnet_id": "subnet-006c4693db982e722",
            "tags": {
              "Name": "MountClient1-Server"
            },
            "tags_all": {
              "Name": "MountClient1-Server"
            },
            "tenancy": "default",
            "timeouts": null,
            "user_data": "ca61e35f526ba5ec64c920ca37aa3f50c6c18c99",
            "user_data_base64": null,
            "user_data_replace_on_change": false,
            "volume_tags": null,
            "vpc_security_group_ids": [
              "sg-0dba2d563bc73575a"
            ]
          },
          "sensitive_attributes": [],
          "private": "eyJlMmJmYjczMC1lY2FhLTExZTYtOGY4OC0zNDM2M2JjN2M0YzAiOnsiY3JlYXRlIjo2MDAwMDAwMDAwMDAsImRlbGV0ZSI6MTIwMDAwMDAwMDAwMCwicmVhZCI6OTAwMDAwMDAwMDAwLCJ1cGRhdGUiOjYwMDAwMDAwMDAwMH0sInNjaGVtYV92ZXJzaW9uIjoiMSJ9",
          "dependencies": [
            "aws_efs_file_system.terraform_efs",
            "aws_security_group.Terraform-SG",
            "aws_subnet.subnet1",
            "aws_vpc.Terraform-VPC-test"
          ]
        }
      ]
    },
    {
      "mode": "managed",
      "type": "aws_instance",
      "name": "Terraform-MountClient2",
      "provider": "provider[\"registry.terraform.io/hashicorp/aws\"]",
      "instances": [
        {
          "schema_version": 1,
          "attributes": {
            "ami": "ami-0d64bb532e0502c46",
            "arn": "arn:aws:ec2:eu-west-1:491085428405:instance/i-0d2e64a16c264b0b8",
            "associate_public_ip_address": true,
            "availability_zone": "eu-west-1a",
            "capacity_reservation_specification": [
              {
                "capacity_reservation_preference": "open",
                "capacity_reservation_target": []
              }
            ],
            "cpu_core_count": 1,
            "cpu_options": [
              {
                "amd_sev_snp": "",
                "core_count": 1,
                "threads_per_core": 1
              }
            ],
            "cpu_threads_per_core": 1,
            "credit_specification": [
              {
                "cpu_credits": "standard"
              }
            ],
            "disable_api_stop": false,
            "disable_api_termination": false,
            "ebs_block_device": [],
            "ebs_optimized": false,
            "enclave_options": [
              {
                "enabled": false
              }
            ],
            "ephemeral_block_device": [],
            "get_password_data": false,
            "hibernation": false,
            "host_id": "",
            "host_resource_group_arn": null,
            "iam_instance_profile": "",
            "id": "i-0d2e64a16c264b0b8",
            "instance_initiated_shutdown_behavior": "stop",
            "instance_lifecycle": "",
            "instance_market_options": [],
            "instance_state": "running",
            "instance_type": "t2.micro",
            "ipv6_address_count": 0,
            "ipv6_addresses": [],
            "key_name": "terraform-keypair",
            "launch_template": [],
            "maintenance_options": [
              {
                "auto_recovery": "default"
              }
            ],
            "metadata_options": [
              {
                "http_endpoint": "enabled",
                "http_protocol_ipv6": "disabled",
                "http_put_response_hop_limit": 2,
                "http_tokens": "optional",
                "instance_metadata_tags": "disabled"
              }
            ],
            "monitoring": false,
            "network_interface": [],
            "outpost_arn": "",
            "password_data": "",
            "placement_group": "",
            "placement_partition_number": 0,
            "primary_network_interface_id": "eni-0c3a79e1a294ede7e",
            "private_dns": "ip-10-0-1-86.eu-west-1.compute.internal",
            "private_dns_name_options": [
              {
                "enable_resource_name_dns_a_record": false,
                "enable_resource_name_dns_aaaa_record": false,
                "hostname_type": "ip-name"
              }
            ],
            "private_ip": "10.0.1.86",
            "public_dns": "ec2-34-241-156-163.eu-west-1.compute.amazonaws.com",
            "public_ip": "34.241.156.163",
            "root_block_device": [
              {
                "delete_on_termination": true,
                "device_name": "/dev/sda1",
                "encrypted": false,
                "iops": 3000,
                "kms_key_id": "",
                "tags": {},
                "tags_all": {},
                "throughput": 125,
                "volume_id": "vol-02141c58b82c978d3",
                "volume_size": 8,
                "volume_type": "gp3"
              }
            ],
            "secondary_private_ips": [],
            "security_groups": [],
            "source_dest_check": true,
            "spot_instance_request_id": "",
            "subnet_id": "subnet-006c4693db982e722",
            "tags": {
              "Name": "MountClient2-Server"
            },
            "tags_all": {
              "Name": "MountClient2-Server"
            },
            "tenancy": "default",
            "timeouts": null,
            "user_data": "b35c006e00ed28fbae8ab460bc9ba8895b03d6fc",
            "user_data_base64": null,
            "user_data_replace_on_change": false,
            "volume_tags": null,
            "vpc_security_group_ids": [
              "sg-0dba2d563bc73575a"
            ]
          },
          "sensitive_attributes": [],
          "private": "eyJlMmJmYjczMC1lY2FhLTExZTYtOGY4OC0zNDM2M2JjN2M0YzAiOnsiY3JlYXRlIjo2MDAwMDAwMDAwMDAsImRlbGV0ZSI6MTIwMDAwMDAwMDAwMCwicmVhZCI6OTAwMDAwMDAwMDAwLCJ1cGRhdGUiOjYwMDAwMDAwMDAwMH0sInNjaGVtYV92ZXJzaW9uIjoiMSJ9",
          "dependencies": [
            "aws_efs_file_system.terraform_efs",
            "aws_security_group.Terraform-SG",
            "aws_subnet.subnet1",
            "aws_vpc.Terraform-VPC-test"
          ]
        }
      ]
    },
    {
      "mode": "managed",
      "type": "aws_instance",
      "name": "Terraform-MySql",
      "provider": "provider[\"registry.terraform.io/hashicorp/aws\"]",
      "instances": [
        {
          "schema_version": 1,
          "attributes": {
            "ami": "ami-0d64bb532e0502c46",
            "arn": "arn:aws:ec2:eu-west-1:491085428405:instance/i-03808abf8ed7db02b",
            "associate_public_ip_address": true,
            "availability_zone": "eu-west-1a",
            "capacity_reservation_specification": [
              {
                "capacity_reservation_preference": "open",
                "capacity_reservation_target": []
              }
            ],
            "cpu_core_count": 1,
            "cpu_options": [
              {
                "amd_sev_snp": "",
                "core_count": 1,
                "threads_per_core": 1
              }
            ],
            "cpu_threads_per_core": 1,
            "credit_specification": [
              {
                "cpu_credits": "standard"
              }
            ],
            "disable_api_stop": false,
            "disable_api_termination": false,
            "ebs_block_device": [],
            "ebs_optimized": false,
            "enclave_options": [
              {
                "enabled": false
              }
            ],
            "ephemeral_block_device": [],
            "get_password_data": false,
            "hibernation": false,
            "host_id": "",
            "host_resource_group_arn": null,
            "iam_instance_profile": "",
            "id": "i-03808abf8ed7db02b",
            "instance_initiated_shutdown_behavior": "stop",
            "instance_lifecycle": "",
            "instance_market_options": [],
            "instance_state": "running",
            "instance_type": "t2.micro",
            "ipv6_address_count": 0,
            "ipv6_addresses": [],
            "key_name": "terraform-keypair",
            "launch_template": [],
            "maintenance_options": [
              {
                "auto_recovery": "default"
              }
            ],
            "metadata_options": [
              {
                "http_endpoint": "enabled",
                "http_protocol_ipv6": "disabled",
                "http_put_response_hop_limit": 2,
                "http_tokens": "optional",
                "instance_metadata_tags": "disabled"
              }
            ],
            "monitoring": false,
            "network_interface": [],
            "outpost_arn": "",
            "password_data": "",
            "placement_group": "",
            "placement_partition_number": 0,
            "primary_network_interface_id": "eni-01da035ee5c9adb7d",
            "private_dns": "ip-10-0-1-31.eu-west-1.compute.internal",
            "private_dns_name_options": [
              {
                "enable_resource_name_dns_a_record": false,
                "enable_resource_name_dns_aaaa_record": false,
                "hostname_type": "ip-name"
              }
            ],
            "private_ip": "10.0.1.31",
            "public_dns": "ec2-34-247-163-209.eu-west-1.compute.amazonaws.com",
            "public_ip": "34.247.163.209",
            "root_block_device": [
              {
                "delete_on_termination": true,
                "device_name": "/dev/sda1",
                "encrypted": false,
                "iops": 3000,
                "kms_key_id": "",
                "tags": {},
                "tags_all": {},
                "throughput": 125,
                "volume_id": "vol-01d99ea7a6819a36b",
                "volume_size": 8,
                "volume_type": "gp3"
              }
            ],
            "secondary_private_ips": [],
            "security_groups": [],
            "source_dest_check": true,
            "spot_instance_request_id": "",
            "subnet_id": "subnet-006c4693db982e722",
            "tags": {
              "Name": "MySql-Server"
            },
            "tags_all": {
              "Name": "MySql-Server"
            },
            "tenancy": "default",
            "timeouts": null,
            "user_data": "485997ee3e020763245c25b80ecef7311766af8f",
            "user_data_base64": null,
            "user_data_replace_on_change": false,
            "volume_tags": null,
            "vpc_security_group_ids": [
              "sg-0dba2d563bc73575a"
            ]
          },
          "sensitive_attributes": [],
          "private": "eyJlMmJmYjczMC1lY2FhLTExZTYtOGY4OC0zNDM2M2JjN2M0YzAiOnsiY3JlYXRlIjo2MDAwMDAwMDAwMDAsImRlbGV0ZSI6MTIwMDAwMDAwMDAwMCwicmVhZCI6OTAwMDAwMDAwMDAwLCJ1cGRhdGUiOjYwMDAwMDAwMDAwMH0sInNjaGVtYV92ZXJzaW9uIjoiMSJ9",
          "dependencies": [
            "aws_security_group.Terraform-SG",
            "aws_subnet.subnet1",
            "aws_vpc.Terraform-VPC-test"
          ]
        }
      ]
    },
    {
      "mode": "managed",
      "type": "aws_internet_gateway",
      "name": "Terraform-IGW",
      "provider": "provider[\"registry.terraform.io/hashicorp/aws\"]",
      "instances": [
        {
          "schema_version": 0,
          "attributes": {
            "arn": "arn:aws:ec2:eu-west-1:491085428405:internet-gateway/igw-057f3798c726cb4c2",
            "id": "igw-057f3798c726cb4c2",
            "owner_id": "491085428405",
            "tags": {
              "Name": "Terraform-IGW"
            },
            "tags_all": {
              "Name": "Terraform-IGW"
            },
            "timeouts": null,
            "vpc_id": "vpc-026855cca8625efa7"
          },
          "sensitive_attributes": [],
          "private": "eyJlMmJmYjczMC1lY2FhLTExZTYtOGY4OC0zNDM2M2JjN2M0YzAiOnsiY3JlYXRlIjoxMjAwMDAwMDAwMDAwLCJkZWxldGUiOjEyMDAwMDAwMDAwMDAsInVwZGF0ZSI6MTIwMDAwMDAwMDAwMH19",
          "dependencies": [
            "aws_vpc.Terraform-VPC-test"
          ]
        }
      ]
    },
    {
      "mode": "managed",
      "type": "aws_key_pair",
      "name": "keypair",
      "provider": "provider[\"registry.terraform.io/hashicorp/aws\"]",
      "instances": [
        {
          "schema_version": 1,
          "attributes": {
            "arn": "arn:aws:ec2:eu-west-1:491085428405:key-pair/terraform-keypair",
            "fingerprint": "d2:be:13:48:79:9d:79:11:f1:fe:bd:23:a4:bb:3c:a7",
            "id": "terraform-keypair",
            "key_name": "terraform-keypair",
            "key_name_prefix": "",
            "key_pair_id": "key-07791b08cabd54475",
            "key_type": "rsa",
            "public_key": "ssh-rsa AAAAB3NzaC1yc2EAAAADAQABAAABAQCpoPUcG9jjjv4Y15ge6fDJUM/SA8XteFXXIy0VbPPKgsdsJkihbw1NUic+XunPbO5Vx/Ek/2bGQRcGWKTchtx1luVHwnBQmW48PDmkPnkuHBs56EFzU21UVFKE61MK3kwmk6Dt5wwxcPfLW4fPoFPgqvNAnXnDgTLz1f7KwHnJkE/q6TwODUk/GXiYF+fMNuKnIDmEI7fQ1XPeRxEcP53oA2PNs9akNW0czXHEjeM/ijwqBJr0P/cMdSH71dTmX0eD0gsQiayGMtXsDtzIc4UOX71XRuc5iXjPelP9hdLGmrJ89SFc29vFrWTcPz7seHc1Bl4Co1ujWz74/qA3/siP",
            "tags": null,
            "tags_all": {}
          },
          "sensitive_attributes": [],
          "private": "eyJzY2hlbWFfdmVyc2lvbiI6IjEifQ==",
          "dependencies": [
            "tls_private_key.Terraform-PrivateKey"
          ]
        }
      ]
    },
    {
      "mode": "managed",
      "type": "aws_lambda_function",
      "name": "upload_file_lambda",
      "provider": "provider[\"registry.terraform.io/hashicorp/aws\"]",
      "instances": [
        {
          "schema_version": 0,
          "attributes": {
            "architectures": [
              "x86_64"
            ],
            "arn": "arn:aws:lambda:eu-west-1:491085428405:function:uploadFileToS3",
            "code_sha256": "C/S9jvL/HOwm5811b7TL7+27dpxqSDAg9vtFOSorhXk=",
            "code_signing_config_arn": "",
            "dead_letter_config": [],
            "description": "",
            "environment": [
              {
                "variables": {
                  "BUCKET_NAME": "r0938274-terraform-file-upload-bucket"
                }
              }
            ],
            "ephemeral_storage": [
              {
                "size": 512
              }
            ],
            "file_system_config": [],
            "filename": "lambda_function.zip",
            "function_name": "uploadFileToS3",
            "handler": "lambda_function.lambda_handler",
            "id": "uploadFileToS3",
            "image_config": [],
            "image_uri": "",
            "invoke_arn": "arn:aws:apigateway:eu-west-1:lambda:path/2015-03-31/functions/arn:aws:lambda:eu-west-1:491085428405:function:uploadFileToS3/invocations",
            "kms_key_arn": "",
            "last_modified": "2024-12-17T13:30:15.561+0000",
            "layers": null,
            "logging_config": [
              {
                "application_log_level": "",
                "log_format": "Text",
                "log_group": "/aws/lambda/uploadFileToS3",
                "system_log_level": ""
              }
            ],
            "memory_size": 128,
            "package_type": "Zip",
            "publish": false,
            "qualified_arn": "arn:aws:lambda:eu-west-1:491085428405:function:uploadFileToS3:$LATEST",
            "qualified_invoke_arn": "arn:aws:apigateway:eu-west-1:lambda:path/2015-03-31/functions/arn:aws:lambda:eu-west-1:491085428405:function:uploadFileToS3:$LATEST/invocations",
            "replace_security_groups_on_destroy": null,
            "replacement_security_group_ids": null,
            "reserved_concurrent_executions": -1,
            "role": "arn:aws:iam::491085428405:role/terraform-lambda-role",
            "runtime": "python3.8",
            "s3_bucket": null,
            "s3_key": null,
            "s3_object_version": null,
            "signing_job_arn": "",
            "signing_profile_version_arn": "",
            "skip_destroy": false,
            "snap_start": [],
            "source_code_hash": "C/S9jvL/HOwm5811b7TL7+27dpxqSDAg9vtFOSorhXk=",
            "source_code_size": 822,
            "tags": {
              "Name": "UploadFileToS3"
            },
            "tags_all": {
              "Name": "UploadFileToS3"
            },
            "timeout": 3,
            "timeouts": null,
            "tracing_config": [
              {
                "mode": "PassThrough"
              }
            ],
            "version": "$LATEST",
            "vpc_config": []
          },
          "sensitive_attributes": [],
          "private": "eyJlMmJmYjczMC1lY2FhLTExZTYtOGY4OC0zNDM2M2JjN2M0YzAiOnsiY3JlYXRlIjo2MDAwMDAwMDAwMDAsImRlbGV0ZSI6NjAwMDAwMDAwMDAwLCJ1cGRhdGUiOjYwMDAwMDAwMDAwMH19",
          "dependencies": [
            "aws_iam_role.lambda_role",
            "aws_s3_bucket.Terraform-Bucket"
          ]
        }
      ]
    },
    {
      "mode": "managed",
      "type": "aws_lambda_permission",
      "name": "allow_http_api",
      "provider": "provider[\"registry.terraform.io/hashicorp/aws\"]",
      "instances": [
        {
          "schema_version": 0,
          "attributes": {
            "action": "lambda:InvokeFunction",
            "event_source_token": null,
            "function_name": "uploadFileToS3",
            "function_url_auth_type": null,
            "id": "AllowHttpApiInvoke",
            "principal": "apigateway.amazonaws.com",
            "principal_org_id": null,
            "qualifier": "",
            "source_account": null,
            "source_arn": "arn:aws:execute-api:eu-west-1:491085428405:m0p37uu4p1/production/*",
            "statement_id": "AllowHttpApiInvoke",
            "statement_id_prefix": ""
          },
          "sensitive_attributes": [],
          "private": "bnVsbA==",
          "dependencies": [
            "aws_apigatewayv2_api.http_api",
            "aws_iam_role.lambda_role",
            "aws_lambda_function.upload_file_lambda",
            "aws_s3_bucket.Terraform-Bucket"
          ]
        }
      ]
    },
    {
      "mode": "managed",
      "type": "aws_lb",
      "name": "LoadBalancer",
      "provider": "provider[\"registry.terraform.io/hashicorp/aws\"]",
      "instances": [
        {
          "schema_version": 0,
          "attributes": {
            "access_logs": [
              {
                "bucket": "",
                "enabled": false,
                "prefix": ""
              }
            ],
            "arn": "arn:aws:elasticloadbalancing:eu-west-1:491085428405:loadbalancer/app/Terraform-Webserver-ALB/d1fdf45d2b7a7340",
            "arn_suffix": "app/Terraform-Webserver-ALB/d1fdf45d2b7a7340",
            "client_keep_alive": 3600,
            "connection_logs": [
              {
                "bucket": "",
                "enabled": false,
                "prefix": ""
              }
            ],
            "customer_owned_ipv4_pool": "",
            "desync_mitigation_mode": "defensive",
            "dns_name": "Terraform-Webserver-ALB-2042582704.eu-west-1.elb.amazonaws.com",
            "dns_record_client_routing_policy": null,
            "drop_invalid_header_fields": false,
            "enable_cross_zone_load_balancing": true,
            "enable_deletion_protection": false,
            "enable_http2": true,
            "enable_tls_version_and_cipher_suite_headers": false,
            "enable_waf_fail_open": false,
            "enable_xff_client_port": false,
            "enable_zonal_shift": false,
            "enforce_security_group_inbound_rules_on_private_link_traffic": "",
            "id": "arn:aws:elasticloadbalancing:eu-west-1:491085428405:loadbalancer/app/Terraform-Webserver-ALB/d1fdf45d2b7a7340",
            "idle_timeout": 60,
            "internal": false,
            "ip_address_type": "ipv4",
            "load_balancer_type": "application",
            "name": "Terraform-Webserver-ALB",
            "name_prefix": "",
            "preserve_host_header": false,
            "security_groups": [
              "sg-0dba2d563bc73575a"
            ],
            "subnet_mapping": [
              {
                "allocation_id": "",
                "ipv6_address": "",
                "outpost_id": "",
                "private_ipv4_address": "",
                "subnet_id": "subnet-0050b905ab9341b49"
              },
              {
                "allocation_id": "",
                "ipv6_address": "",
                "outpost_id": "",
                "private_ipv4_address": "",
                "subnet_id": "subnet-006c4693db982e722"
              }
            ],
            "subnets": [
              "subnet-0050b905ab9341b49",
              "subnet-006c4693db982e722"
            ],
            "tags": null,
            "tags_all": {},
            "timeouts": null,
            "vpc_id": "vpc-026855cca8625efa7",
            "xff_header_processing_mode": "append",
            "zone_id": "Z32O12XQLNTSW2"
          },
          "sensitive_attributes": [],
          "private": "eyJlMmJmYjczMC1lY2FhLTExZTYtOGY4OC0zNDM2M2JjN2M0YzAiOnsiY3JlYXRlIjo2MDAwMDAwMDAwMDAsImRlbGV0ZSI6NjAwMDAwMDAwMDAwLCJ1cGRhdGUiOjYwMDAwMDAwMDAwMH19",
          "dependencies": [
            "aws_security_group.Terraform-SG",
            "aws_subnet.subnet1",
            "aws_subnet.subnet2",
            "aws_vpc.Terraform-VPC-test"
          ]
        }
      ]
    },
    {
      "mode": "managed",
      "type": "aws_lb_listener",
      "name": "LoadBalancerListener",
      "provider": "provider[\"registry.terraform.io/hashicorp/aws\"]",
      "instances": [
        {
          "schema_version": 0,
          "attributes": {
            "alpn_policy": null,
            "arn": "arn:aws:elasticloadbalancing:eu-west-1:491085428405:listener/app/Terraform-Webserver-ALB/d1fdf45d2b7a7340/5e1ccfcca79c661b",
            "certificate_arn": null,
            "default_action": [
              {
                "authenticate_cognito": [],
                "authenticate_oidc": [],
                "fixed_response": [],
                "forward": [],
                "order": 1,
                "redirect": [],
                "target_group_arn": "arn:aws:elasticloadbalancing:eu-west-1:491085428405:targetgroup/webserver-target-group/73f430c0be5415c5",
                "type": "forward"
              }
            ],
            "id": "arn:aws:elasticloadbalancing:eu-west-1:491085428405:listener/app/Terraform-Webserver-ALB/d1fdf45d2b7a7340/5e1ccfcca79c661b",
            "load_balancer_arn": "arn:aws:elasticloadbalancing:eu-west-1:491085428405:loadbalancer/app/Terraform-Webserver-ALB/d1fdf45d2b7a7340",
            "mutual_authentication": [],
            "port": 80,
            "protocol": "HTTP",
            "ssl_policy": "",
            "tags": null,
            "tags_all": {},
            "tcp_idle_timeout_seconds": null,
            "timeouts": null
          },
          "sensitive_attributes": [],
          "private": "eyJlMmJmYjczMC1lY2FhLTExZTYtOGY4OC0zNDM2M2JjN2M0YzAiOnsiY3JlYXRlIjozMDAwMDAwMDAwMDAsInVwZGF0ZSI6MzAwMDAwMDAwMDAwfX0=",
          "dependencies": [
            "aws_lb.LoadBalancer",
            "aws_lb_target_group.LoadBalancerTargetGroup",
            "aws_security_group.Terraform-SG",
            "aws_subnet.subnet1",
            "aws_subnet.subnet2",
            "aws_vpc.Terraform-VPC-test"
          ]
        }
      ]
    },
    {
      "mode": "managed",
      "type": "aws_lb_target_group",
      "name": "LoadBalancerTargetGroup",
      "provider": "provider[\"registry.terraform.io/hashicorp/aws\"]",
      "instances": [
        {
          "schema_version": 0,
          "attributes": {
            "arn": "arn:aws:elasticloadbalancing:eu-west-1:491085428405:targetgroup/webserver-target-group/73f430c0be5415c5",
            "arn_suffix": "targetgroup/webserver-target-group/73f430c0be5415c5",
            "connection_termination": null,
            "deregistration_delay": "300",
            "health_check": [
              {
                "enabled": true,
                "healthy_threshold": 3,
                "interval": 30,
                "matcher": "200",
                "path": "/",
                "port": "traffic-port",
                "protocol": "HTTP",
                "timeout": 5,
                "unhealthy_threshold": 3
              }
            ],
            "id": "arn:aws:elasticloadbalancing:eu-west-1:491085428405:targetgroup/webserver-target-group/73f430c0be5415c5",
            "ip_address_type": "ipv4",
            "lambda_multi_value_headers_enabled": false,
            "load_balancer_arns": [],
            "load_balancing_algorithm_type": "round_robin",
            "load_balancing_anomaly_mitigation": "off",
            "load_balancing_cross_zone_enabled": "use_load_balancer_configuration",
            "name": "webserver-target-group",
            "name_prefix": "",
            "port": 80,
            "preserve_client_ip": null,
            "protocol": "HTTP",
            "protocol_version": "HTTP1",
            "proxy_protocol_v2": false,
            "slow_start": 0,
            "stickiness": [
              {
                "cookie_duration": 86400,
                "cookie_name": "",
                "enabled": false,
                "type": "lb_cookie"
              }
            ],
            "tags": null,
            "tags_all": {},
            "target_failover": [
              {
                "on_deregistration": null,
                "on_unhealthy": null
              }
            ],
            "target_group_health": [
              {
                "dns_failover": [
                  {
                    "minimum_healthy_targets_count": "1",
                    "minimum_healthy_targets_percentage": "off"
                  }
                ],
                "unhealthy_state_routing": [
                  {
                    "minimum_healthy_targets_count": 1,
                    "minimum_healthy_targets_percentage": "off"
                  }
                ]
              }
            ],
            "target_health_state": [
              {
                "enable_unhealthy_connection_termination": null,
                "unhealthy_draining_interval": null
              }
            ],
            "target_type": "instance",
            "vpc_id": "vpc-026855cca8625efa7"
          },
          "sensitive_attributes": [],
          "private": "bnVsbA==",
          "dependencies": [
            "aws_vpc.Terraform-VPC-test"
          ]
        }
      ]
    },
    {
      "mode": "managed",
      "type": "aws_lb_target_group_attachment",
      "name": "LoadBalancerGroupAttachment",
      "provider": "provider[\"registry.terraform.io/hashicorp/aws\"]",
      "instances": [
        {
          "index_key": 0,
          "schema_version": 0,
          "attributes": {
            "availability_zone": null,
            "id": "arn:aws:elasticloadbalancing:eu-west-1:491085428405:targetgroup/webserver-target-group/73f430c0be5415c5-2024121713300862580000000f",
            "port": 80,
            "target_group_arn": "arn:aws:elasticloadbalancing:eu-west-1:491085428405:targetgroup/webserver-target-group/73f430c0be5415c5",
            "target_id": "i-064f7d4c658d5988f"
          },
          "sensitive_attributes": [],
          "private": "bnVsbA==",
          "dependencies": [
            "aws_iam_instance_profile.terraform_instance_profile",
            "aws_iam_role.terraform_role",
            "aws_instance.Terraform-Apache",
            "aws_lb_target_group.LoadBalancerTargetGroup",
            "aws_security_group.Terraform-SG",
            "aws_subnet.subnet1",
            "aws_vpc.Terraform-VPC-test"
          ]
        },
        {
          "index_key": 1,
          "schema_version": 0,
          "attributes": {
            "availability_zone": null,
            "id": "arn:aws:elasticloadbalancing:eu-west-1:491085428405:targetgroup/webserver-target-group/73f430c0be5415c5-2024121713300860000000000e",
            "port": 80,
            "target_group_arn": "arn:aws:elasticloadbalancing:eu-west-1:491085428405:targetgroup/webserver-target-group/73f430c0be5415c5",
            "target_id": "i-067830c00f544118a"
          },
          "sensitive_attributes": [],
          "private": "bnVsbA==",
          "dependencies": [
            "aws_iam_instance_profile.terraform_instance_profile",
            "aws_iam_role.terraform_role",
            "aws_instance.Terraform-Apache",
            "aws_lb_target_group.LoadBalancerTargetGroup",
            "aws_security_group.Terraform-SG",
            "aws_subnet.subnet1",
            "aws_vpc.Terraform-VPC-test"
          ]
        }
      ]
    },
    {
      "mode": "managed",
      "type": "aws_route",
      "name": "InternetAccess",
      "provider": "provider[\"registry.terraform.io/hashicorp/aws\"]",
      "instances": [
        {
          "schema_version": 0,
          "attributes": {
            "carrier_gateway_id": "",
            "core_network_arn": "",
            "destination_cidr_block": "0.0.0.0/0",
            "destination_ipv6_cidr_block": "",
            "destination_prefix_list_id": "",
            "egress_only_gateway_id": "",
            "gateway_id": "igw-057f3798c726cb4c2",
            "id": "r-rtb-00b87c7c7026d05f01080289494",
            "instance_id": "",
            "instance_owner_id": "",
            "local_gateway_id": "",
            "nat_gateway_id": "",
            "network_interface_id": "",
            "origin": "CreateRoute",
            "route_table_id": "rtb-00b87c7c7026d05f0",
            "state": "active",
            "timeouts": null,
            "transit_gateway_id": "",
            "vpc_endpoint_id": "",
            "vpc_peering_connection_id": ""
          },
          "sensitive_attributes": [],
          "private": "eyJlMmJmYjczMC1lY2FhLTExZTYtOGY4OC0zNDM2M2JjN2M0YzAiOnsiY3JlYXRlIjozMDAwMDAwMDAwMDAsImRlbGV0ZSI6MzAwMDAwMDAwMDAwLCJ1cGRhdGUiOjEyMDAwMDAwMDAwMH19",
          "dependencies": [
            "aws_internet_gateway.Terraform-IGW",
            "aws_route_table.Terraform-RT",
            "aws_vpc.Terraform-VPC-test"
          ]
        }
      ]
    },
    {
      "mode": "managed",
      "type": "aws_route_table",
      "name": "Terraform-RT",
      "provider": "provider[\"registry.terraform.io/hashicorp/aws\"]",
      "instances": [
        {
          "schema_version": 0,
          "attributes": {
            "arn": "arn:aws:ec2:eu-west-1:491085428405:route-table/rtb-00b87c7c7026d05f0",
            "id": "rtb-00b87c7c7026d05f0",
            "owner_id": "491085428405",
            "propagating_vgws": [],
            "route": [],
            "tags": {
              "Name": "Terraform-RouteTable"
            },
            "tags_all": {
              "Name": "Terraform-RouteTable"
            },
            "timeouts": null,
            "vpc_id": "vpc-026855cca8625efa7"
          },
          "sensitive_attributes": [],
          "private": "eyJlMmJmYjczMC1lY2FhLTExZTYtOGY4OC0zNDM2M2JjN2M0YzAiOnsiY3JlYXRlIjozMDAwMDAwMDAwMDAsImRlbGV0ZSI6MzAwMDAwMDAwMDAwLCJ1cGRhdGUiOjEyMDAwMDAwMDAwMH19",
          "dependencies": [
            "aws_vpc.Terraform-VPC-test"
          ]
        }
      ]
    },
    {
      "mode": "managed",
      "type": "aws_route_table_association",
      "name": "Subnet1Association",
      "provider": "provider[\"registry.terraform.io/hashicorp/aws\"]",
      "instances": [
        {
          "schema_version": 0,
          "attributes": {
            "gateway_id": "",
            "id": "rtbassoc-0ed5c18de9784618d",
            "route_table_id": "rtb-00b87c7c7026d05f0",
            "subnet_id": "subnet-006c4693db982e722",
            "timeouts": null
          },
          "sensitive_attributes": [],
          "private": "eyJlMmJmYjczMC1lY2FhLTExZTYtOGY4OC0zNDM2M2JjN2M0YzAiOnsiY3JlYXRlIjozMDAwMDAwMDAwMDAsImRlbGV0ZSI6MzAwMDAwMDAwMDAwLCJ1cGRhdGUiOjEyMDAwMDAwMDAwMH19",
          "dependencies": [
            "aws_route_table.Terraform-RT",
            "aws_subnet.subnet1",
            "aws_vpc.Terraform-VPC-test"
          ]
        }
      ]
    },
    {
      "mode": "managed",
      "type": "aws_s3_bucket",
      "name": "Terraform-Bucket",
      "provider": "provider[\"registry.terraform.io/hashicorp/aws\"]",
      "instances": [
        {
          "schema_version": 0,
          "attributes": {
            "acceleration_status": "",
            "acl": null,
            "arn": "arn:aws:s3:::r0938274-terraform-file-upload-bucket",
            "bucket": "r0938274-terraform-file-upload-bucket",
            "bucket_domain_name": "r0938274-terraform-file-upload-bucket.s3.amazonaws.com",
            "bucket_prefix": "",
            "bucket_regional_domain_name": "r0938274-terraform-file-upload-bucket.s3.eu-west-1.amazonaws.com",
            "cors_rule": [],
            "force_destroy": false,
            "grant": [
              {
                "id": "1ac0e19dda978c70329b05fd9390c9ca0bceecd6cd0240489a63828880f56c77",
                "permissions": [
                  "FULL_CONTROL"
                ],
                "type": "CanonicalUser",
                "uri": ""
              }
            ],
            "hosted_zone_id": "Z1BKCTXD74EZPE",
            "id": "r0938274-terraform-file-upload-bucket",
            "lifecycle_rule": [],
            "logging": [],
            "object_lock_configuration": [],
            "object_lock_enabled": false,
            "policy": "",
            "region": "eu-west-1",
            "replication_configuration": [],
            "request_payer": "BucketOwner",
            "server_side_encryption_configuration": [
              {
                "rule": [
                  {
                    "apply_server_side_encryption_by_default": [
                      {
                        "kms_master_key_id": "",
                        "sse_algorithm": "AES256"
                      }
                    ],
                    "bucket_key_enabled": false
                  }
                ]
              }
            ],
            "tags": {
              "Name": "Terraform-Bucket"
            },
            "tags_all": {
              "Name": "Terraform-Bucket"
            },
            "timeouts": null,
            "versioning": [
              {
                "enabled": false,
                "mfa_delete": false
              }
            ],
            "website": [],
            "website_domain": null,
            "website_endpoint": null
          },
          "sensitive_attributes": [],
          "private": "eyJlMmJmYjczMC1lY2FhLTExZTYtOGY4OC0zNDM2M2JjN2M0YzAiOnsiY3JlYXRlIjoxMjAwMDAwMDAwMDAwLCJkZWxldGUiOjM2MDAwMDAwMDAwMDAsInJlYWQiOjEyMDAwMDAwMDAwMDAsInVwZGF0ZSI6MTIwMDAwMDAwMDAwMH19"
        }
      ]
    },
    {
      "mode": "managed",
      "type": "aws_security_group",
      "name": "Terraform-SG",
      "provider": "provider[\"registry.terraform.io/hashicorp/aws\"]",
      "instances": [
        {
          "schema_version": 1,
          "attributes": {
            "arn": "arn:aws:ec2:eu-west-1:491085428405:security-group/sg-0dba2d563bc73575a",
            "description": "Managed by Terraform",
            "egress": [
              {
                "cidr_blocks": [
                  "0.0.0.0/0"
                ],
                "description": "",
                "from_port": 0,
                "ipv6_cidr_blocks": [],
                "prefix_list_ids": [],
                "protocol": "-1",
                "security_groups": [],
                "self": false,
                "to_port": 0
              }
            ],
            "id": "sg-0dba2d563bc73575a",
            "ingress": [
              {
                "cidr_blocks": [
                  "0.0.0.0/0"
                ],
                "description": "",
                "from_port": -1,
                "ipv6_cidr_blocks": [],
                "prefix_list_ids": [],
                "protocol": "icmp",
                "security_groups": [],
                "self": false,
                "to_port": -1
              },
              {
                "cidr_blocks": [
                  "0.0.0.0/0"
                ],
                "description": "",
                "from_port": 22,
                "ipv6_cidr_blocks": [],
                "prefix_list_ids": [],
                "protocol": "tcp",
                "security_groups": [],
                "self": false,
                "to_port": 22
              },
              {
                "cidr_blocks": [
                  "0.0.0.0/0"
                ],
                "description": "",
                "from_port": 3306,
                "ipv6_cidr_blocks": [],
                "prefix_list_ids": [],
                "protocol": "tcp",
                "security_groups": [],
                "self": false,
                "to_port": 3306
              },
              {
                "cidr_blocks": [
                  "0.0.0.0/0"
                ],
                "description": "",
                "from_port": 80,
                "ipv6_cidr_blocks": [],
                "prefix_list_ids": [],
                "protocol": "tcp",
                "security_groups": [],
                "self": false,
                "to_port": 80
              }
            ],
            "name": "terraform-20241217132944060300000005",
            "name_prefix": "terraform-",
            "owner_id": "491085428405",
            "revoke_rules_on_delete": false,
            "tags": {
              "Name": "Terraform-SG"
            },
            "tags_all": {
              "Name": "Terraform-SG"
            },
            "timeouts": null,
            "vpc_id": "vpc-026855cca8625efa7"
          },
          "sensitive_attributes": [],
          "private": "eyJlMmJmYjczMC1lY2FhLTExZTYtOGY4OC0zNDM2M2JjN2M0YzAiOnsiY3JlYXRlIjo2MDAwMDAwMDAwMDAsImRlbGV0ZSI6OTAwMDAwMDAwMDAwfSwic2NoZW1hX3ZlcnNpb24iOiIxIn0=",
          "dependencies": [
            "aws_vpc.Terraform-VPC-test"
          ]
        }
      ]
    },
    {
      "mode": "managed",
      "type": "aws_security_group",
      "name": "terraform_efs_sg",
      "provider": "provider[\"registry.terraform.io/hashicorp/aws\"]",
      "instances": [
        {
          "schema_version": 1,
          "attributes": {
            "arn": "arn:aws:ec2:eu-west-1:491085428405:security-group/sg-0b1e4e573c2ad5368",
            "description": "Managed by Terraform",
            "egress": [
              {
                "cidr_blocks": [
                  "0.0.0.0/0"
                ],
                "description": "",
                "from_port": 0,
                "ipv6_cidr_blocks": [],
                "prefix_list_ids": [],
                "protocol": "-1",
                "security_groups": [],
                "self": false,
                "to_port": 0
              }
            ],
            "id": "sg-0b1e4e573c2ad5368",
            "ingress": [
              {
                "cidr_blocks": [
                  "10.0.0.0/16"
                ],
                "description": "",
                "from_port": 2049,
                "ipv6_cidr_blocks": [],
                "prefix_list_ids": [],
                "protocol": "tcp",
                "security_groups": [],
                "self": false,
                "to_port": 2049
              }
            ],
            "name": "terraform-20241217132944053600000004",
            "name_prefix": "terraform-",
            "owner_id": "491085428405",
            "revoke_rules_on_delete": false,
            "tags": {
              "Name": "EFS-Security-Group"
            },
            "tags_all": {
              "Name": "EFS-Security-Group"
            },
            "timeouts": null,
            "vpc_id": "vpc-026855cca8625efa7"
          },
          "sensitive_attributes": [],
          "private": "eyJlMmJmYjczMC1lY2FhLTExZTYtOGY4OC0zNDM2M2JjN2M0YzAiOnsiY3JlYXRlIjo2MDAwMDAwMDAwMDAsImRlbGV0ZSI6OTAwMDAwMDAwMDAwfSwic2NoZW1hX3ZlcnNpb24iOiIxIn0=",
          "dependencies": [
            "aws_vpc.Terraform-VPC-test"
          ]
        }
      ]
    },
    {
      "mode": "managed",
      "type": "aws_subnet",
      "name": "subnet1",
      "provider": "provider[\"registry.terraform.io/hashicorp/aws\"]",
      "instances": [
        {
          "schema_version": 1,
          "attributes": {
            "arn": "arn:aws:ec2:eu-west-1:491085428405:subnet/subnet-006c4693db982e722",
            "assign_ipv6_address_on_creation": false,
            "availability_zone": "eu-west-1a",
            "availability_zone_id": "euw1-az3",
            "cidr_block": "10.0.1.0/24",
            "customer_owned_ipv4_pool": "",
            "enable_dns64": false,
            "enable_lni_at_device_index": 0,
            "enable_resource_name_dns_a_record_on_launch": false,
            "enable_resource_name_dns_aaaa_record_on_launch": false,
            "id": "subnet-006c4693db982e722",
            "ipv6_cidr_block": "",
            "ipv6_cidr_block_association_id": "",
            "ipv6_native": false,
            "map_customer_owned_ip_on_launch": false,
            "map_public_ip_on_launch": true,
            "outpost_arn": "",
            "owner_id": "491085428405",
            "private_dns_hostname_type_on_launch": "ip-name",
            "tags": {
              "Name": "Terraform-subnet-1"
            },
            "tags_all": {
              "Name": "Terraform-subnet-1"
            },
            "timeouts": null,
            "vpc_id": "vpc-026855cca8625efa7"
          },
          "sensitive_attributes": [],
          "private": "eyJlMmJmYjczMC1lY2FhLTExZTYtOGY4OC0zNDM2M2JjN2M0YzAiOnsiY3JlYXRlIjo2MDAwMDAwMDAwMDAsImRlbGV0ZSI6MTIwMDAwMDAwMDAwMH0sInNjaGVtYV92ZXJzaW9uIjoiMSJ9",
          "dependencies": [
            "aws_vpc.Terraform-VPC-test"
          ]
        }
      ]
    },
    {
      "mode": "managed",
      "type": "aws_subnet",
      "name": "subnet2",
      "provider": "provider[\"registry.terraform.io/hashicorp/aws\"]",
      "instances": [
        {
          "schema_version": 1,
          "attributes": {
            "arn": "arn:aws:ec2:eu-west-1:491085428405:subnet/subnet-0050b905ab9341b49",
            "assign_ipv6_address_on_creation": false,
            "availability_zone": "eu-west-1b",
            "availability_zone_id": "euw1-az1",
            "cidr_block": "10.0.2.0/24",
            "customer_owned_ipv4_pool": "",
            "enable_dns64": false,
            "enable_lni_at_device_index": 0,
            "enable_resource_name_dns_a_record_on_launch": false,
            "enable_resource_name_dns_aaaa_record_on_launch": false,
            "id": "subnet-0050b905ab9341b49",
            "ipv6_cidr_block": "",
            "ipv6_cidr_block_association_id": "",
            "ipv6_native": false,
            "map_customer_owned_ip_on_launch": false,
            "map_public_ip_on_launch": false,
            "outpost_arn": "",
            "owner_id": "491085428405",
            "private_dns_hostname_type_on_launch": "ip-name",
            "tags": {
              "Name": "Terraform-subnet-2"
            },
            "tags_all": {
              "Name": "Terraform-subnet-2"
            },
            "timeouts": null,
            "vpc_id": "vpc-026855cca8625efa7"
          },
          "sensitive_attributes": [],
          "private": "eyJlMmJmYjczMC1lY2FhLTExZTYtOGY4OC0zNDM2M2JjN2M0YzAiOnsiY3JlYXRlIjo2MDAwMDAwMDAwMDAsImRlbGV0ZSI6MTIwMDAwMDAwMDAwMH0sInNjaGVtYV92ZXJzaW9uIjoiMSJ9",
          "dependencies": [
            "aws_vpc.Terraform-VPC-test"
          ]
        }
      ]
    },
    {
      "mode": "managed",
      "type": "aws_vpc",
      "name": "Terraform-VPC-test",
      "provider": "provider[\"registry.terraform.io/hashicorp/aws\"]",
      "instances": [
        {
          "schema_version": 1,
          "attributes": {
            "arn": "arn:aws:ec2:eu-west-1:491085428405:vpc/vpc-026855cca8625efa7",
            "assign_generated_ipv6_cidr_block": false,
            "cidr_block": "10.0.0.0/16",
            "default_network_acl_id": "acl-01445d761fdf8a387",
            "default_route_table_id": "rtb-0a259dd7e15f1b82a",
            "default_security_group_id": "sg-0f2dea8f438c8ed38",
            "dhcp_options_id": "dopt-04c34112d7e2fbb82",
            "enable_dns_hostnames": true,
            "enable_dns_support": true,
            "enable_network_address_usage_metrics": false,
            "id": "vpc-026855cca8625efa7",
            "instance_tenancy": "default",
            "ipv4_ipam_pool_id": null,
            "ipv4_netmask_length": null,
            "ipv6_association_id": "",
            "ipv6_cidr_block": "",
            "ipv6_cidr_block_network_border_group": "",
            "ipv6_ipam_pool_id": "",
            "ipv6_netmask_length": 0,
            "main_route_table_id": "rtb-0a259dd7e15f1b82a",
            "owner_id": "491085428405",
            "tags": {
              "Name": "Terraform-VPC"
            },
            "tags_all": {
              "Name": "Terraform-VPC"
            }
          },
          "sensitive_attributes": [],
          "private": "eyJzY2hlbWFfdmVyc2lvbiI6IjEifQ=="
        }
      ]
    },
    {
      "mode": "managed",
      "type": "tls_private_key",
      "name": "Terraform-PrivateKey",
      "provider": "provider[\"registry.terraform.io/hashicorp/tls\"]",
      "instances": [
        {
          "schema_version": 1,
          "attributes": {
            "algorithm": "RSA",
            "ecdsa_curve": "P224",
            "id": "7a20d8fa57f53cb7c1d17a8f78623714475a4b56",
            "private_key_openssh": "-----BEGIN OPENSSH PRIVATE KEY-----\nb3BlbnNzaC1rZXktdjEAAAAABG5vbmUAAAAEbm9uZQAAAAAAAAABAAABFwAAAAdz\nc2gtcnNhAAAAAwEAAQAAAQEAqaD1HBvY447+GNeYHunwyVDP0gPF7XhV1yMtFWzz\nyoLHbCZIoW8NTVInPl7pz2zuVcfxJP9mxkEXBlik3IbcdZblR8JwUJluPDw5pD55\nLhwbOehBc1NtVFRShOtTCt5MJpOg7ecMMXD3y1uHz6BT4KrzQJ15w4Ey89X+ysB5\nyZBP6uk8Dg1JPxl4mBfnzDbipyA5hCO30NVz3kcRHD+d6ANjzbPWpDVtHM1xxI3j\nP4o8KgSa9D/3DHUh+9XU5l9Hg9ILEImshjLV7A7cyHOFDl+9V0bnOYl4z3pT/YXS\nxpqyfPUhXNvbxa1k3D8+7Hh3NQZeAqNbo1s++P6gN/7IjwAAA7icVv09nFb9PQAA\nAAdzc2gtcnNhAAABAQCpoPUcG9jjjv4Y15ge6fDJUM/SA8XteFXXIy0VbPPKgsds\nJkihbw1NUic+XunPbO5Vx/Ek/2bGQRcGWKTchtx1luVHwnBQmW48PDmkPnkuHBs5\n6EFzU21UVFKE61MK3kwmk6Dt5wwxcPfLW4fPoFPgqvNAnXnDgTLz1f7KwHnJkE/q\n6TwODUk/GXiYF+fMNuKnIDmEI7fQ1XPeRxEcP53oA2PNs9akNW0czXHEjeM/ijwq\nBJr0P/cMdSH71dTmX0eD0gsQiayGMtXsDtzIc4UOX71XRuc5iXjPelP9hdLGmrJ8\n9SFc29vFrWTcPz7seHc1Bl4Co1ujWz74/qA3/siPAAAAAwEAAQAAAQBDxOmIRFvf\ndjZwKFo/J4mqdF3C8vz1hdkNraEKaU/w/VS9EYJ89Igk9wh0s6jH1SZXIR1ngZ5G\n4KRZRbr/2+ViGVoa1ETY/qN67zi8NLVnRZVfCjpz38XTJikdr4Kq2eskkmB+C4vk\niNSG61eUDOLV5JZwnzmRcSGxJzK3QDSn4RhUyAv7zL8tKwhODxXI4jF1/1uOjYz4\noTAinWVeY5z14IRT7XMfyiIVJrSL6PcCYmBopakuwL+/hrZIvLjsJ8iP5Z0xqlEe\n9+ttCvm+mwSBXShidDo3cSIVkcAE73+Hq5mn2dysXIKd51s07MYt8byZalGhD2Hv\n0w4hbJxHXNChAAAAgC2Z6cCVD4gPoFmalRU6DHgMdgMqmHaAI6eRHdvrSy7DPco2\nz3fDKVFifsTWhrJZiDtE3hQ7D1ZdKYTX2KWusDymEiw3k8xqntOYJxKjNm8hLpXg\n3bF6kZF7hfyOAFjsTnQNqBvJTDyH/GF4g9FsfmhPqKofrIyW+FQCsifmZTdUAAAA\ngQDZTihncbrU7Zs4NJXgEV4w46XOIwGmHYVHrrcHDwUtrWR9IqRYXMohm91/9t1x\nuCRKaJ0HJ/za6Vnq1VC/vwSSaw7y7jsgwL5eEfQVfBmiOmPANP8unuDkTHZipNBR\nhvvMFXlPUqWv3y0wMyNxw9EqyLvS6VpyEgzqAg/7DH1kXwAAAIEAx9V3xsv4PTbP\nC/s1kq0IA2mJyzU912f8rSubf5tQDXudo0TIL8jAT2RrOt0N4GGEXRnC/0GtyRh0\nTHDs4dVsUbQVSBvRx4wSRUEu4f6Vol9ECltOLWhNQ7H6Qeeyjq5RhNxx5C83j2F4\newP6tsB8kPXtc/E8mkz7ZqWn3rW3idEAAAAAAQID\n-----END OPENSSH PRIVATE KEY-----\n",
            "private_key_pem": "-----BEGIN RSA PRIVATE KEY-----\nMIIEpAIBAAKCAQEAqaD1HBvY447+GNeYHunwyVDP0gPF7XhV1yMtFWzzyoLHbCZI\noW8NTVInPl7pz2zuVcfxJP9mxkEXBlik3IbcdZblR8JwUJluPDw5pD55LhwbOehB\nc1NtVFRShOtTCt5MJpOg7ecMMXD3y1uHz6BT4KrzQJ15w4Ey89X+ysB5yZBP6uk8\nDg1JPxl4mBfnzDbipyA5hCO30NVz3kcRHD+d6ANjzbPWpDVtHM1xxI3jP4o8KgSa\n9D/3DHUh+9XU5l9Hg9ILEImshjLV7A7cyHOFDl+9V0bnOYl4z3pT/YXSxpqyfPUh\nXNvbxa1k3D8+7Hh3NQZeAqNbo1s++P6gN/7IjwIDAQABAoIBAEPE6YhEW992NnAo\nWj8niap0XcLy/PWF2Q2toQppT/D9VL0Rgnz0iCT3CHSzqMfVJlchHWeBnkbgpFlF\nuv/b5WIZWhrURNj+o3rvOLw0tWdFlV8KOnPfxdMmKR2vgqrZ6ySSYH4Li+SI1Ibr\nV5QM4tXklnCfOZFxIbEnMrdANKfhGFTIC/vMvy0rCE4PFcjiMXX/W46NjPihMCKd\nZV5jnPXghFPtcx/KIhUmtIvo9wJiYGilqS7Av7+Gtki8uOwnyI/lnTGqUR73620K\n+b6bBIFdKGJ0OjdxIhWRwATvf4ermafZ3Kxcgp3nWzTsxi3xvJlqUaEPYe/TDiFs\nnEdc0KECgYEA2U4oZ3G61O2bODSV4BFeMOOlziMBph2FR663Bw8FLa1kfSKkWFzK\nIZvdf/bdcbgkSmidByf82ulZ6tVQv78EkmsO8u47IMC+XhH0FXwZojpjwDT/Lp7g\n5Ex2YqTQUYb7zBV5T1Klr98tMDMjccPRKsi70ulachIM6gIP+wx9ZF8CgYEAx9V3\nxsv4PTbPC/s1kq0IA2mJyzU912f8rSubf5tQDXudo0TIL8jAT2RrOt0N4GGEXRnC\n/0GtyRh0THDs4dVsUbQVSBvRx4wSRUEu4f6Vol9ECltOLWhNQ7H6Qeeyjq5RhNxx\n5C83j2F4ewP6tsB8kPXtc/E8mkz7ZqWn3rW3idECgYEAy3BTfTzJJ8zm00DPy30X\nDHgjYw/83DKo80oLSc1zEKdS+5/x8lO0XLCaNtG70VoOh6bW07tJCv0J1EMunMTN\nF/KohSApNOmdj14JgA+1w94cQvaarF/LtZAsCP+5k4nms9KqxmteeH9cw9IsbbZg\nXUieJr+WkFJ7ypxxr5uqzMsCgYEArJFwrREpXxt8szkNq4uXNvMl1oE01VbsglL9\nJrZl7C7LE9prEbDIOgda/ms094be+lMr7Ki4PcfLbtO6DM/0iZ39Htc/UpZolLvU\nk775U033gQYWPeorhwEkP1OqA8MPjK+d/tKzpTMkCv+Fu9n/+GMX2p8BmbJPC/aU\nQCQmynECgYAtmenAlQ+ID6BZmpUVOgx4DHYDKph2gCOnkR3b60suwz3KNs93wylR\nYn7E1oayWYg7RN4UOw9WXSmE19ilrrA8phIsN5PMap7TmCcSozZvIS6V4N2xepGR\ne4X8jgBY7E50DagbyUw8h/xheIPRbH5oT6iqH6yMlvhUArIn5mU3VA==\n-----END RSA PRIVATE KEY-----\n",
            "private_key_pem_pkcs8": "-----BEGIN PRIVATE KEY-----\nMIIEvgIBADANBgkqhkiG9w0BAQEFAASCBKgwggSkAgEAAoIBAQCpoPUcG9jjjv4Y\n15ge6fDJUM/SA8XteFXXIy0VbPPKgsdsJkihbw1NUic+XunPbO5Vx/Ek/2bGQRcG\nWKTchtx1luVHwnBQmW48PDmkPnkuHBs56EFzU21UVFKE61MK3kwmk6Dt5wwxcPfL\nW4fPoFPgqvNAnXnDgTLz1f7KwHnJkE/q6TwODUk/GXiYF+fMNuKnIDmEI7fQ1XPe\nRxEcP53oA2PNs9akNW0czXHEjeM/ijwqBJr0P/cMdSH71dTmX0eD0gsQiayGMtXs\nDtzIc4UOX71XRuc5iXjPelP9hdLGmrJ89SFc29vFrWTcPz7seHc1Bl4Co1ujWz74\n/qA3/siPAgMBAAECggEAQ8TpiERb33Y2cChaPyeJqnRdwvL89YXZDa2hCmlP8P1U\nvRGCfPSIJPcIdLOox9UmVyEdZ4GeRuCkWUW6/9vlYhlaGtRE2P6jeu84vDS1Z0WV\nXwo6c9/F0yYpHa+CqtnrJJJgfguL5IjUhutXlAzi1eSWcJ85kXEhsScyt0A0p+EY\nVMgL+8y/LSsITg8VyOIxdf9bjo2M+KEwIp1lXmOc9eCEU+1zH8oiFSa0i+j3AmJg\naKWpLsC/v4a2SLy47CfIj+WdMapRHvfrbQr5vpsEgV0oYnQ6N3EiFZHABO9/h6uZ\np9ncrFyCnedbNOzGLfG8mWpRoQ9h79MOIWycR1zQoQKBgQDZTihncbrU7Zs4NJXg\nEV4w46XOIwGmHYVHrrcHDwUtrWR9IqRYXMohm91/9t1xuCRKaJ0HJ/za6Vnq1VC/\nvwSSaw7y7jsgwL5eEfQVfBmiOmPANP8unuDkTHZipNBRhvvMFXlPUqWv3y0wMyNx\nw9EqyLvS6VpyEgzqAg/7DH1kXwKBgQDH1XfGy/g9Ns8L+zWSrQgDaYnLNT3XZ/yt\nK5t/m1ANe52jRMgvyMBPZGs63Q3gYYRdGcL/Qa3JGHRMcOzh1WxRtBVIG9HHjBJF\nQS7h/pWiX0QKW04taE1DsfpB57KOrlGE3HHkLzePYXh7A/q2wHyQ9e1z8TyaTPtm\npafetbeJ0QKBgQDLcFN9PMknzObTQM/LfRcMeCNjD/zcMqjzSgtJzXMQp1L7n/Hy\nU7RcsJo20bvRWg6HptbTu0kK/QnUQy6cxM0X8qiFICk06Z2PXgmAD7XD3hxC9pqs\nX8u1kCwI/7mTieaz0qrGa154f1zD0ixttmBdSJ4mv5aQUnvKnHGvm6rMywKBgQCs\nkXCtESlfG3yzOQ2ri5c28yXWgTTVVuyCUv0mtmXsLssT2msRsMg6B1r+azT3ht76\nUyvsqLg9x8tu07oMz/SJnf0e1z9SlmiUu9STvvlTTfeBBhY96iuHASQ/U6oDww+M\nr53+0rOlMyQK/4W72f/4YxfanwGZsk8L9pRAJCbKcQKBgC2Z6cCVD4gPoFmalRU6\nDHgMdgMqmHaAI6eRHdvrSy7DPco2z3fDKVFifsTWhrJZiDtE3hQ7D1ZdKYTX2KWu\nsDymEiw3k8xqntOYJxKjNm8hLpXg3bF6kZF7hfyOAFjsTnQNqBvJTDyH/GF4g9Fs\nfmhPqKofrIyW+FQCsifmZTdU\n-----END PRIVATE KEY-----\n",
            "public_key_fingerprint_md5": "aa:73:52:ac:d5:61:8b:b3:e6:7c:19:f2:c7:30:f9:5a",
            "public_key_fingerprint_sha256": "SHA256:S/3u5dF2r/tIxxohidZlzlBGVcH1zkvvacirXfetYco",
            "public_key_openssh": "ssh-rsa AAAAB3NzaC1yc2EAAAADAQABAAABAQCpoPUcG9jjjv4Y15ge6fDJUM/SA8XteFXXIy0VbPPKgsdsJkihbw1NUic+XunPbO5Vx/Ek/2bGQRcGWKTchtx1luVHwnBQmW48PDmkPnkuHBs56EFzU21UVFKE61MK3kwmk6Dt5wwxcPfLW4fPoFPgqvNAnXnDgTLz1f7KwHnJkE/q6TwODUk/GXiYF+fMNuKnIDmEI7fQ1XPeRxEcP53oA2PNs9akNW0czXHEjeM/ijwqBJr0P/cMdSH71dTmX0eD0gsQiayGMtXsDtzIc4UOX71XRuc5iXjPelP9hdLGmrJ89SFc29vFrWTcPz7seHc1Bl4Co1ujWz74/qA3/siP\n",
            "public_key_pem": "-----BEGIN PUBLIC KEY-----\nMIIBIjANBgkqhkiG9w0BAQEFAAOCAQ8AMIIBCgKCAQEAqaD1HBvY447+GNeYHunw\nyVDP0gPF7XhV1yMtFWzzyoLHbCZIoW8NTVInPl7pz2zuVcfxJP9mxkEXBlik3Ibc\ndZblR8JwUJluPDw5pD55LhwbOehBc1NtVFRShOtTCt5MJpOg7ecMMXD3y1uHz6BT\n4KrzQJ15w4Ey89X+ysB5yZBP6uk8Dg1JPxl4mBfnzDbipyA5hCO30NVz3kcRHD+d\n6ANjzbPWpDVtHM1xxI3jP4o8KgSa9D/3DHUh+9XU5l9Hg9ILEImshjLV7A7cyHOF\nDl+9V0bnOYl4z3pT/YXSxpqyfPUhXNvbxa1k3D8+7Hh3NQZeAqNbo1s++P6gN/7I\njwIDAQAB\n-----END PUBLIC KEY-----\n",
            "rsa_bits": 2048
          },
          "sensitive_attributes": [
            [
              {
                "type": "get_attr",
                "value": "private_key_openssh"
              }
            ],
            [
              {
                "type": "get_attr",
                "value": "private_key_pem_pkcs8"
              }
            ],
            [
              {
                "type": "get_attr",
                "value": "private_key_pem"
              }
            ]
          ]
        }
      ]
    }
  ],
  "check_results": null
}
