{
  "version": 4,
  "terraform_version": "1.10.2",
  "serial": 3916,
  "lineage": "ea68e502-a528-57fd-7eb2-cc36d5f588da",
  "outputs": {
    "Lambda-Command": {
      "value": "url -X POST -H 'filename: example.txt' -d 'Mustafa Test'",
      "type": "string"
    },
    "LoadBalancer_IP": {
      "value": "Terraform-Webserver-ALB-1913308781.eu-west-1.elb.amazonaws.com",
      "type": "string"
    },
    "api_gateway_url": {
      "value": "value: url -X POST -H 'filename: example.txt' -d 'Mustafa Test' https://wz3em7y1y3.execute-api.eu-west-1.amazonaws.com/production/upload",
      "type": "string"
    },
    "efs_dns_name": {
      "value": "fs-0e7d0134d18069e79.efs.eu-west-1.amazonaws.com",
      "type": "string"
    },
    "sql": {
      "value": "sudo mysql -h 10.0.1.31 -u remote -premote -e 'SELECT * FROM files.file'",
      "type": "string"
    }
  },
  "resources": [
    {
      "mode": "data",
      "type": "aws_region",
      "name": "current",
      "provider": "provider[\"registry.terraform.io/hashicorp/aws\"]",
      "instances": [
        {
          "schema_version": 0,
          "attributes": {
            "description": "Europe (Ireland)",
            "endpoint": "ec2.eu-west-1.amazonaws.com",
            "id": "eu-west-1",
            "name": "eu-west-1"
          },
          "sensitive_attributes": []
        }
      ]
    },
    {
      "mode": "managed",
      "type": "aws_apigatewayv2_api",
      "name": "http_api",
      "provider": "provider[\"registry.terraform.io/hashicorp/aws\"]",
      "instances": [
        {
          "schema_version": 0,
          "attributes": {
            "api_endpoint": "https://wz3em7y1y3.execute-api.eu-west-1.amazonaws.com",
            "api_key_selection_expression": "$request.header.x-api-key",
            "arn": "arn:aws:apigateway:eu-west-1::/apis/wz3em7y1y3",
            "body": null,
            "cors_configuration": [],
            "credentials_arn": null,
            "description": "",
            "disable_execute_api_endpoint": false,
            "execution_arn": "arn:aws:execute-api:eu-west-1:491085428405:wz3em7y1y3",
            "fail_on_warnings": null,
            "id": "wz3em7y1y3",
            "name": "LambdaHTTPAPI",
            "protocol_type": "HTTP",
            "route_key": null,
            "route_selection_expression": "$request.method $request.path",
            "tags": {
              "Name": "HTTPAPITrigger"
            },
            "tags_all": {
              "Name": "HTTPAPITrigger"
            },
            "target": null,
            "version": ""
          },
          "sensitive_attributes": [],
          "private": "bnVsbA=="
        }
      ]
    },
    {
      "mode": "managed",
      "type": "aws_apigatewayv2_integration",
      "name": "lambda_integration",
      "provider": "provider[\"registry.terraform.io/hashicorp/aws\"]",
      "instances": [
        {
          "schema_version": 0,
          "attributes": {
            "api_id": "wz3em7y1y3",
            "connection_id": "",
            "connection_type": "INTERNET",
            "content_handling_strategy": "",
            "credentials_arn": "",
            "description": "",
            "id": "5xzyhbk",
            "integration_method": "POST",
            "integration_response_selection_expression": "",
            "integration_subtype": "",
            "integration_type": "AWS_PROXY",
            "integration_uri": "arn:aws:lambda:eu-west-1:491085428405:function:uploadFileToS3",
            "passthrough_behavior": "",
            "payload_format_version": "1.0",
            "request_parameters": null,
            "request_templates": null,
            "response_parameters": [],
            "template_selection_expression": "",
            "timeout_milliseconds": 30000,
            "tls_config": []
          },
          "sensitive_attributes": [],
          "private": "bnVsbA==",
          "dependencies": [
            "aws_apigatewayv2_api.http_api",
            "aws_iam_role.lambda_role",
            "aws_lambda_function.upload_file_lambda",
            "aws_s3_bucket.Terraform-Bucket"
          ]
        }
      ]
    },
    {
      "mode": "managed",
      "type": "aws_apigatewayv2_route",
      "name": "http_route",
      "provider": "provider[\"registry.terraform.io/hashicorp/aws\"]",
      "instances": [
        {
          "schema_version": 0,
          "attributes": {
            "api_id": "wz3em7y1y3",
            "api_key_required": false,
            "authorization_scopes": null,
            "authorization_type": "NONE",
            "authorizer_id": "",
            "id": "4qyty5b",
            "model_selection_expression": "",
            "operation_name": "",
            "request_models": null,
            "request_parameter": [],
            "route_key": "POST /upload",
            "route_response_selection_expression": "",
            "target": "integrations/5xzyhbk"
          },
          "sensitive_attributes": [],
          "private": "bnVsbA==",
          "dependencies": [
            "aws_apigatewayv2_api.http_api",
            "aws_apigatewayv2_integration.lambda_integration",
            "aws_iam_role.lambda_role",
            "aws_lambda_function.upload_file_lambda",
            "aws_s3_bucket.Terraform-Bucket"
          ]
        }
      ]
    },
    {
      "mode": "managed",
      "type": "aws_apigatewayv2_stage",
      "name": "production_stage",
      "provider": "provider[\"registry.terraform.io/hashicorp/aws\"]",
      "instances": [
        {
          "schema_version": 0,
          "attributes": {
            "access_log_settings": [],
            "api_id": "wz3em7y1y3",
            "arn": "arn:aws:apigateway:eu-west-1::/apis/wz3em7y1y3/stages/production",
            "auto_deploy": true,
            "client_certificate_id": "",
            "default_route_settings": [
              {
                "data_trace_enabled": false,
                "detailed_metrics_enabled": false,
                "logging_level": "",
                "throttling_burst_limit": 0,
                "throttling_rate_limit": 0
              }
            ],
            "deployment_id": "",
            "description": "",
            "execution_arn": "arn:aws:execute-api:eu-west-1:491085428405:wz3em7y1y3/production",
            "id": "production",
            "invoke_url": "https://wz3em7y1y3.execute-api.eu-west-1.amazonaws.com/production",
            "name": "production",
            "route_settings": [],
            "stage_variables": null,
            "tags": {
              "Name": "ProductionStage"
            },
            "tags_all": {
              "Name": "ProductionStage"
            }
          },
          "sensitive_attributes": [],
          "private": "bnVsbA==",
          "dependencies": [
            "aws_apigatewayv2_api.http_api"
          ]
        }
      ]
    },
    {
      "mode": "managed",
      "type": "aws_efs_file_system",
      "name": "terraform_efs",
      "provider": "provider[\"registry.terraform.io/hashicorp/aws\"]",
      "instances": [
        {
          "schema_version": 0,
          "attributes": {
            "arn": "arn:aws:elasticfilesystem:eu-west-1:491085428405:file-system/fs-0e7d0134d18069e79",
            "availability_zone_id": "",
            "availability_zone_name": "",
            "creation_token": "terraform-efs",
            "dns_name": "fs-0e7d0134d18069e79.efs.eu-west-1.amazonaws.com",
            "encrypted": false,
            "id": "fs-0e7d0134d18069e79",
            "kms_key_id": "",
            "lifecycle_policy": [],
            "name": "Terraform-EFS",
            "number_of_mount_targets": 0,
            "owner_id": "491085428405",
            "performance_mode": "generalPurpose",
            "protection": [
              {
                "replication_overwrite": "ENABLED"
              }
            ],
            "provisioned_throughput_in_mibps": 0,
            "size_in_bytes": [
              {
                "value": 6144,
                "value_in_ia": 0,
                "value_in_standard": 6144
              }
            ],
            "tags": {
              "Name": "Terraform-EFS"
            },
            "tags_all": {
              "Name": "Terraform-EFS"
            },
            "throughput_mode": "bursting"
          },
          "sensitive_attributes": [],
          "private": "bnVsbA=="
        }
      ]
    },
    {
      "mode": "managed",
      "type": "aws_efs_mount_target",
      "name": "subnet1_mount_target",
      "provider": "provider[\"registry.terraform.io/hashicorp/aws\"]",
      "instances": [
        {
          "schema_version": 0,
          "attributes": {
            "availability_zone_id": "euw1-az3",
            "availability_zone_name": "eu-west-1a",
            "dns_name": "fs-0e7d0134d18069e79.efs.eu-west-1.amazonaws.com",
            "file_system_arn": "arn:aws:elasticfilesystem:eu-west-1:491085428405:file-system/fs-0e7d0134d18069e79",
            "file_system_id": "fs-0e7d0134d18069e79",
            "id": "fsmt-00afb835044486ecc",
            "ip_address": "10.0.1.231",
            "mount_target_dns_name": "eu-west-1a.fs-0e7d0134d18069e79.efs.eu-west-1.amazonaws.com",
            "network_interface_id": "eni-08f0111a308e0ec1c",
            "owner_id": "491085428405",
            "security_groups": [
              "sg-0d8753fc8b2b2f58f"
            ],
            "subnet_id": "subnet-08314c392fdd540d8",
            "timeouts": null
          },
          "sensitive_attributes": [],
          "private": "eyJlMmJmYjczMC1lY2FhLTExZTYtOGY4OC0zNDM2M2JjN2M0YzAiOnsiY3JlYXRlIjoxODAwMDAwMDAwMDAwLCJkZWxldGUiOjYwMDAwMDAwMDAwMH19",
          "dependencies": [
            "aws_efs_file_system.terraform_efs",
            "aws_security_group.terraform_efs_sg",
            "aws_subnet.subnet1",
            "aws_vpc.Terraform-VPC-test"
          ]
        }
      ]
    },
    {
      "mode": "managed",
      "type": "aws_efs_mount_target",
      "name": "subnet2_mount_target",
      "provider": "provider[\"registry.terraform.io/hashicorp/aws\"]",
      "instances": [
        {
          "schema_version": 0,
          "attributes": {
            "availability_zone_id": "euw1-az1",
            "availability_zone_name": "eu-west-1b",
            "dns_name": "fs-0e7d0134d18069e79.efs.eu-west-1.amazonaws.com",
            "file_system_arn": "arn:aws:elasticfilesystem:eu-west-1:491085428405:file-system/fs-0e7d0134d18069e79",
            "file_system_id": "fs-0e7d0134d18069e79",
            "id": "fsmt-02348238e623a731c",
            "ip_address": "10.0.2.179",
            "mount_target_dns_name": "eu-west-1b.fs-0e7d0134d18069e79.efs.eu-west-1.amazonaws.com",
            "network_interface_id": "eni-072dcb62486c220c3",
            "owner_id": "491085428405",
            "security_groups": [
              "sg-0d8753fc8b2b2f58f"
            ],
            "subnet_id": "subnet-0a7c95f2e48f738bf",
            "timeouts": null
          },
          "sensitive_attributes": [],
          "private": "eyJlMmJmYjczMC1lY2FhLTExZTYtOGY4OC0zNDM2M2JjN2M0YzAiOnsiY3JlYXRlIjoxODAwMDAwMDAwMDAwLCJkZWxldGUiOjYwMDAwMDAwMDAwMH19",
          "dependencies": [
            "aws_efs_file_system.terraform_efs",
            "aws_security_group.terraform_efs_sg",
            "aws_subnet.subnet2",
            "aws_vpc.Terraform-VPC-test"
          ]
        }
      ]
    },
    {
      "mode": "managed",
      "type": "aws_iam_instance_profile",
      "name": "terraform_instance_profile",
      "provider": "provider[\"registry.terraform.io/hashicorp/aws\"]",
      "instances": [
        {
          "schema_version": 0,
          "attributes": {
            "arn": "arn:aws:iam::491085428405:instance-profile/terraform-instance-profile",
            "create_date": "2024-12-17T15:17:54Z",
            "id": "terraform-instance-profile",
            "name": "terraform-instance-profile",
            "name_prefix": "",
            "path": "/",
            "role": "terraform-role",
            "tags": null,
            "tags_all": {},
            "unique_id": "AIPAXEVXY622RK5SIJL52"
          },
          "sensitive_attributes": [],
          "private": "bnVsbA==",
          "dependencies": [
            "aws_iam_role.terraform_role"
          ]
        }
      ]
    },
    {
      "mode": "managed",
      "type": "aws_iam_policy",
      "name": "lambda_s3_policy",
      "provider": "provider[\"registry.terraform.io/hashicorp/aws\"]",
      "instances": [
        {
          "schema_version": 0,
          "attributes": {
            "arn": "arn:aws:iam::491085428405:policy/lambda-s3-policy",
            "attachment_count": 0,
            "description": "Allow Lambda to access S3",
            "id": "arn:aws:iam::491085428405:policy/lambda-s3-policy",
            "name": "lambda-s3-policy",
            "name_prefix": "",
            "path": "/",
            "policy": "{\"Statement\":[{\"Action\":[\"s3:PutObject\",\"s3:GetObject\"],\"Effect\":\"Allow\",\"Resource\":\"arn:aws:s3:::r0938274-terraform-file-upload-bucket/*\"}],\"Version\":\"2012-10-17\"}",
            "policy_id": "ANPAXEVXY62277ZNGXTQW",
            "tags": null,
            "tags_all": {}
          },
          "sensitive_attributes": [],
          "private": "bnVsbA==",
          "dependencies": [
            "aws_s3_bucket.Terraform-Bucket"
          ]
        }
      ]
    },
    {
      "mode": "managed",
      "type": "aws_iam_policy",
      "name": "terraform_s3_policy",
      "provider": "provider[\"registry.terraform.io/hashicorp/aws\"]",
      "instances": [
        {
          "schema_version": 0,
          "attributes": {
            "arn": "arn:aws:iam::491085428405:policy/TerraformS3Policy",
            "attachment_count": 0,
            "description": "S3 permissions for Terraform",
            "id": "arn:aws:iam::491085428405:policy/TerraformS3Policy",
            "name": "TerraformS3Policy",
            "name_prefix": "",
            "path": "/",
            "policy": "{\"Statement\":[{\"Action\":[\"s3:ListBucket\",\"s3:GetObject\",\"s3:PutObject\"],\"Effect\":\"Allow\",\"Resource\":[\"arn:aws:s3:::r0938274-terraform-file-upload-bucket\",\"arn:aws:s3:::r0938274-terraform-file-upload-bucket/*\"]}],\"Version\":\"2012-10-17\"}",
            "policy_id": "ANPAXEVXY6222SHGKN4LU",
            "tags": null,
            "tags_all": {}
          },
          "sensitive_attributes": [],
          "private": "bnVsbA=="
        }
      ]
    },
    {
      "mode": "managed",
      "type": "aws_iam_role",
      "name": "lambda_role",
      "provider": "provider[\"registry.terraform.io/hashicorp/aws\"]",
      "instances": [
        {
          "schema_version": 0,
          "attributes": {
            "arn": "arn:aws:iam::491085428405:role/terraform-lambda-role",
            "assume_role_policy": "{\"Statement\":[{\"Action\":\"sts:AssumeRole\",\"Effect\":\"Allow\",\"Principal\":{\"Service\":\"lambda.amazonaws.com\"}}],\"Version\":\"2012-10-17\"}",
            "create_date": "2024-12-17T15:17:53Z",
            "description": "",
            "force_detach_policies": false,
            "id": "terraform-lambda-role",
            "inline_policy": [],
            "managed_policy_arns": [],
            "max_session_duration": 3600,
            "name": "terraform-lambda-role",
            "name_prefix": "",
            "path": "/",
            "permissions_boundary": "",
            "tags": {
              "Name": "LambdaRole"
            },
            "tags_all": {
              "Name": "LambdaRole"
            },
            "unique_id": "AROAXEVXY622XKCKJQ7LG"
          },
          "sensitive_attributes": [],
          "private": "bnVsbA=="
        }
      ]
    },
    {
      "mode": "managed",
      "type": "aws_iam_role",
      "name": "terraform_role",
      "provider": "provider[\"registry.terraform.io/hashicorp/aws\"]",
      "instances": [
        {
          "schema_version": 0,
          "attributes": {
            "arn": "arn:aws:iam::491085428405:role/terraform-role",
            "assume_role_policy": "{\"Statement\":[{\"Action\":\"sts:AssumeRole\",\"Effect\":\"Allow\",\"Principal\":{\"Service\":\"ec2.amazonaws.com\"},\"Sid\":\"\"}],\"Version\":\"2012-10-17\"}",
            "create_date": "2024-12-17T15:17:53Z",
            "description": "",
            "force_detach_policies": false,
            "id": "terraform-role",
            "inline_policy": [],
            "managed_policy_arns": [],
            "max_session_duration": 3600,
            "name": "terraform-role",
            "name_prefix": "",
            "path": "/",
            "permissions_boundary": "",
            "tags": null,
            "tags_all": {},
            "unique_id": "AROAXEVXY622R3PYNESJO"
          },
          "sensitive_attributes": [],
          "private": "bnVsbA=="
        }
      ]
    },
    {
      "mode": "managed",
      "type": "aws_iam_role_policy_attachment",
      "name": "attach_s3_policy",
      "provider": "provider[\"registry.terraform.io/hashicorp/aws\"]",
      "instances": [
        {
          "schema_version": 0,
          "attributes": {
            "id": "terraform-role-20241217151721494900000001",
            "policy_arn": "arn:aws:iam::491085428405:policy/TerraformS3Policy",
            "role": "terraform-role"
          },
          "sensitive_attributes": [],
          "private": "bnVsbA==",
          "dependencies": [
            "aws_iam_policy.terraform_s3_policy",
            "aws_iam_role.terraform_role"
          ]
        }
      ]
    },
    {
      "mode": "managed",
      "type": "aws_iam_role_policy_attachment",
      "name": "lambda_s3_policy_attachment",
      "provider": "provider[\"registry.terraform.io/hashicorp/aws\"]",
      "instances": [
        {
          "schema_version": 0,
          "attributes": {
            "id": "terraform-lambda-role-20241217151725239400000002",
            "policy_arn": "arn:aws:iam::491085428405:policy/lambda-s3-policy",
            "role": "terraform-lambda-role"
          },
          "sensitive_attributes": [],
          "private": "bnVsbA==",
          "dependencies": [
            "aws_iam_policy.lambda_s3_policy",
            "aws_iam_role.lambda_role",
            "aws_s3_bucket.Terraform-Bucket"
          ]
        }
      ]
    },
    {
      "mode": "managed",
      "type": "aws_instance",
      "name": "Terraform-AnsibleClient1",
      "provider": "provider[\"registry.terraform.io/hashicorp/aws\"]",
      "instances": [
        {
          "schema_version": 1,
          "attributes": {
            "ami": "ami-0d64bb532e0502c46",
            "arn": "arn:aws:ec2:eu-west-1:491085428405:instance/i-0c032a6af70c59614",
            "associate_public_ip_address": true,
            "availability_zone": "eu-west-1a",
            "capacity_reservation_specification": [
              {
                "capacity_reservation_preference": "open",
                "capacity_reservation_target": []
              }
            ],
            "cpu_core_count": 1,
            "cpu_options": [
              {
                "amd_sev_snp": "",
                "core_count": 1,
                "threads_per_core": 1
              }
            ],
            "cpu_threads_per_core": 1,
            "credit_specification": [
              {
                "cpu_credits": "standard"
              }
            ],
            "disable_api_stop": false,
            "disable_api_termination": false,
            "ebs_block_device": [],
            "ebs_optimized": false,
            "enclave_options": [
              {
                "enabled": false
              }
            ],
            "ephemeral_block_device": [],
            "get_password_data": false,
            "hibernation": false,
            "host_id": "",
            "host_resource_group_arn": null,
            "iam_instance_profile": "",
            "id": "i-0c032a6af70c59614",
            "instance_initiated_shutdown_behavior": "stop",
            "instance_lifecycle": "",
            "instance_market_options": [],
            "instance_state": "running",
            "instance_type": "t2.micro",
            "ipv6_address_count": 0,
            "ipv6_addresses": [],
            "key_name": "terraform-keypair",
            "launch_template": [],
            "maintenance_options": [
              {
                "auto_recovery": "default"
              }
            ],
            "metadata_options": [
              {
                "http_endpoint": "enabled",
                "http_protocol_ipv6": "disabled",
                "http_put_response_hop_limit": 2,
                "http_tokens": "optional",
                "instance_metadata_tags": "disabled"
              }
            ],
            "monitoring": false,
            "network_interface": [],
            "outpost_arn": "",
            "password_data": "",
            "placement_group": "",
            "placement_partition_number": 0,
            "primary_network_interface_id": "eni-04e44f41e1772ea35",
            "private_dns": "ip-10-0-1-51.eu-west-1.compute.internal",
            "private_dns_name_options": [
              {
                "enable_resource_name_dns_a_record": false,
                "enable_resource_name_dns_aaaa_record": false,
                "hostname_type": "ip-name"
              }
            ],
            "private_ip": "10.0.1.51",
            "public_dns": "ec2-34-246-186-185.eu-west-1.compute.amazonaws.com",
            "public_ip": "34.246.186.185",
            "root_block_device": [
              {
                "delete_on_termination": true,
                "device_name": "/dev/sda1",
                "encrypted": false,
                "iops": 3000,
                "kms_key_id": "",
                "tags": {},
                "tags_all": {},
                "throughput": 125,
                "volume_id": "vol-0b9653440af1f6bf3",
                "volume_size": 8,
                "volume_type": "gp3"
              }
            ],
            "secondary_private_ips": [],
            "security_groups": [],
            "source_dest_check": true,
            "spot_instance_request_id": "",
            "subnet_id": "subnet-08314c392fdd540d8",
            "tags": {
              "Name": "Ansible-Client-1"
            },
            "tags_all": {
              "Name": "Ansible-Client-1"
            },
            "tenancy": "default",
            "timeouts": null,
            "user_data": "0aaa6b2f74cbd145c220821b602eaea800a33abf",
            "user_data_base64": null,
            "user_data_replace_on_change": false,
            "volume_tags": null,
            "vpc_security_group_ids": [
              "sg-0a6af204d09a7c932"
            ]
          },
          "sensitive_attributes": [],
          "private": "eyJlMmJmYjczMC1lY2FhLTExZTYtOGY4OC0zNDM2M2JjN2M0YzAiOnsiY3JlYXRlIjo2MDAwMDAwMDAwMDAsImRlbGV0ZSI6MTIwMDAwMDAwMDAwMCwicmVhZCI6OTAwMDAwMDAwMDAwLCJ1cGRhdGUiOjYwMDAwMDAwMDAwMH0sInNjaGVtYV92ZXJzaW9uIjoiMSJ9",
          "dependencies": [
            "aws_security_group.Terraform-SG",
            "aws_subnet.subnet1",
            "aws_vpc.Terraform-VPC-test"
          ]
        }
      ]
    },
    {
      "mode": "managed",
      "type": "aws_instance",
      "name": "Terraform-AnsibleClient2",
      "provider": "provider[\"registry.terraform.io/hashicorp/aws\"]",
      "instances": [
        {
          "schema_version": 1,
          "attributes": {
            "ami": "ami-0d64bb532e0502c46",
            "arn": "arn:aws:ec2:eu-west-1:491085428405:instance/i-0830c237d33150765",
            "associate_public_ip_address": true,
            "availability_zone": "eu-west-1a",
            "capacity_reservation_specification": [
              {
                "capacity_reservation_preference": "open",
                "capacity_reservation_target": []
              }
            ],
            "cpu_core_count": 1,
            "cpu_options": [
              {
                "amd_sev_snp": "",
                "core_count": 1,
                "threads_per_core": 1
              }
            ],
            "cpu_threads_per_core": 1,
            "credit_specification": [
              {
                "cpu_credits": "standard"
              }
            ],
            "disable_api_stop": false,
            "disable_api_termination": false,
            "ebs_block_device": [],
            "ebs_optimized": false,
            "enclave_options": [
              {
                "enabled": false
              }
            ],
            "ephemeral_block_device": [],
            "get_password_data": false,
            "hibernation": false,
            "host_id": "",
            "host_resource_group_arn": null,
            "iam_instance_profile": "",
            "id": "i-0830c237d33150765",
            "instance_initiated_shutdown_behavior": "stop",
            "instance_lifecycle": "",
            "instance_market_options": [],
            "instance_state": "running",
            "instance_type": "t2.micro",
            "ipv6_address_count": 0,
            "ipv6_addresses": [],
            "key_name": "terraform-keypair",
            "launch_template": [],
            "maintenance_options": [
              {
                "auto_recovery": "default"
              }
            ],
            "metadata_options": [
              {
                "http_endpoint": "enabled",
                "http_protocol_ipv6": "disabled",
                "http_put_response_hop_limit": 2,
                "http_tokens": "optional",
                "instance_metadata_tags": "disabled"
              }
            ],
            "monitoring": false,
            "network_interface": [],
            "outpost_arn": "",
            "password_data": "",
            "placement_group": "",
            "placement_partition_number": 0,
            "primary_network_interface_id": "eni-0429db446acd8c522",
            "private_dns": "ip-10-0-1-52.eu-west-1.compute.internal",
            "private_dns_name_options": [
              {
                "enable_resource_name_dns_a_record": false,
                "enable_resource_name_dns_aaaa_record": false,
                "hostname_type": "ip-name"
              }
            ],
            "private_ip": "10.0.1.52",
            "public_dns": "ec2-54-75-115-201.eu-west-1.compute.amazonaws.com",
            "public_ip": "54.75.115.201",
            "root_block_device": [
              {
                "delete_on_termination": true,
                "device_name": "/dev/sda1",
                "encrypted": false,
                "iops": 3000,
                "kms_key_id": "",
                "tags": {},
                "tags_all": {},
                "throughput": 125,
                "volume_id": "vol-0fc0f77bbd213ca4b",
                "volume_size": 8,
                "volume_type": "gp3"
              }
            ],
            "secondary_private_ips": [],
            "security_groups": [],
            "source_dest_check": true,
            "spot_instance_request_id": "",
            "subnet_id": "subnet-08314c392fdd540d8",
            "tags": {
              "Name": "Ansible-Client-2"
            },
            "tags_all": {
              "Name": "Ansible-Client-2"
            },
            "tenancy": "default",
            "timeouts": null,
            "user_data": "0aaa6b2f74cbd145c220821b602eaea800a33abf",
            "user_data_base64": null,
            "user_data_replace_on_change": false,
            "volume_tags": null,
            "vpc_security_group_ids": [
              "sg-0a6af204d09a7c932"
            ]
          },
          "sensitive_attributes": [],
          "private": "eyJlMmJmYjczMC1lY2FhLTExZTYtOGY4OC0zNDM2M2JjN2M0YzAiOnsiY3JlYXRlIjo2MDAwMDAwMDAwMDAsImRlbGV0ZSI6MTIwMDAwMDAwMDAwMCwicmVhZCI6OTAwMDAwMDAwMDAwLCJ1cGRhdGUiOjYwMDAwMDAwMDAwMH0sInNjaGVtYV92ZXJzaW9uIjoiMSJ9",
          "dependencies": [
            "aws_security_group.Terraform-SG",
            "aws_subnet.subnet1",
            "aws_vpc.Terraform-VPC-test"
          ]
        }
      ]
    },
    {
      "mode": "managed",
      "type": "aws_instance",
      "name": "Terraform-AnsibleServer",
      "provider": "provider[\"registry.terraform.io/hashicorp/aws\"]",
      "instances": [
        {
          "schema_version": 1,
          "attributes": {
            "ami": "ami-0d64bb532e0502c46",
            "arn": "arn:aws:ec2:eu-west-1:491085428405:instance/i-0240df06f357f3033",
            "associate_public_ip_address": true,
            "availability_zone": "eu-west-1a",
            "capacity_reservation_specification": [
              {
                "capacity_reservation_preference": "open",
                "capacity_reservation_target": []
              }
            ],
            "cpu_core_count": 1,
            "cpu_options": [
              {
                "amd_sev_snp": "",
                "core_count": 1,
                "threads_per_core": 1
              }
            ],
            "cpu_threads_per_core": 1,
            "credit_specification": [
              {
                "cpu_credits": "standard"
              }
            ],
            "disable_api_stop": false,
            "disable_api_termination": false,
            "ebs_block_device": [],
            "ebs_optimized": false,
            "enclave_options": [
              {
                "enabled": false
              }
            ],
            "ephemeral_block_device": [],
            "get_password_data": false,
            "hibernation": false,
            "host_id": "",
            "host_resource_group_arn": null,
            "iam_instance_profile": "",
            "id": "i-0240df06f357f3033",
            "instance_initiated_shutdown_behavior": "stop",
            "instance_lifecycle": "",
            "instance_market_options": [],
            "instance_state": "running",
            "instance_type": "t2.micro",
            "ipv6_address_count": 0,
            "ipv6_addresses": [],
            "key_name": "terraform-keypair",
            "launch_template": [],
            "maintenance_options": [
              {
                "auto_recovery": "default"
              }
            ],
            "metadata_options": [
              {
                "http_endpoint": "enabled",
                "http_protocol_ipv6": "disabled",
                "http_put_response_hop_limit": 2,
                "http_tokens": "optional",
                "instance_metadata_tags": "disabled"
              }
            ],
            "monitoring": false,
            "network_interface": [],
            "outpost_arn": "",
            "password_data": "",
            "placement_group": "",
            "placement_partition_number": 0,
            "primary_network_interface_id": "eni-0517b501eb4ede31b",
            "private_dns": "ip-10-0-1-50.eu-west-1.compute.internal",
            "private_dns_name_options": [
              {
                "enable_resource_name_dns_a_record": false,
                "enable_resource_name_dns_aaaa_record": false,
                "hostname_type": "ip-name"
              }
            ],
            "private_ip": "10.0.1.50",
            "public_dns": "ec2-54-170-182-168.eu-west-1.compute.amazonaws.com",
            "public_ip": "54.170.182.168",
            "root_block_device": [
              {
                "delete_on_termination": true,
                "device_name": "/dev/sda1",
                "encrypted": false,
                "iops": 3000,
                "kms_key_id": "",
                "tags": {},
                "tags_all": {},
                "throughput": 125,
                "volume_id": "vol-02fb75236c4e87383",
                "volume_size": 8,
                "volume_type": "gp3"
              }
            ],
            "secondary_private_ips": [],
            "security_groups": [],
            "source_dest_check": true,
            "spot_instance_request_id": "",
            "subnet_id": "subnet-08314c392fdd540d8",
            "tags": {
              "Name": "Ansible-Server"
            },
            "tags_all": {
              "Name": "Ansible-Server"
            },
            "tenancy": "default",
            "timeouts": null,
            "user_data": "b6dfd0c3910babbd1ee080244215d210f70edfc6",
            "user_data_base64": null,
            "user_data_replace_on_change": false,
            "volume_tags": null,
            "vpc_security_group_ids": [
              "sg-0a6af204d09a7c932"
            ]
          },
          "sensitive_attributes": [],
          "private": "eyJlMmJmYjczMC1lY2FhLTExZTYtOGY4OC0zNDM2M2JjN2M0YzAiOnsiY3JlYXRlIjo2MDAwMDAwMDAwMDAsImRlbGV0ZSI6MTIwMDAwMDAwMDAwMCwicmVhZCI6OTAwMDAwMDAwMDAwLCJ1cGRhdGUiOjYwMDAwMDAwMDAwMH0sInNjaGVtYV92ZXJzaW9uIjoiMSJ9",
          "dependencies": [
            "aws_security_group.Terraform-SG",
            "aws_subnet.subnet1",
            "aws_vpc.Terraform-VPC-test"
          ]
        }
      ]
    },
    {
      "mode": "managed",
      "type": "aws_instance",
      "name": "Terraform-Apache",
      "provider": "provider[\"registry.terraform.io/hashicorp/aws\"]",
      "instances": [
        {
          "index_key": 0,
          "schema_version": 1,
          "attributes": {
            "ami": "ami-0d64bb532e0502c46",
            "arn": "arn:aws:ec2:eu-west-1:491085428405:instance/i-0e07b4f32c3b55241",
            "associate_public_ip_address": true,
            "availability_zone": "eu-west-1a",
            "capacity_reservation_specification": [
              {
                "capacity_reservation_preference": "open",
                "capacity_reservation_target": []
              }
            ],
            "cpu_core_count": 1,
            "cpu_options": [
              {
                "amd_sev_snp": "",
                "core_count": 1,
                "threads_per_core": 1
              }
            ],
            "cpu_threads_per_core": 1,
            "credit_specification": [
              {
                "cpu_credits": "standard"
              }
            ],
            "disable_api_stop": false,
            "disable_api_termination": false,
            "ebs_block_device": [],
            "ebs_optimized": false,
            "enclave_options": [
              {
                "enabled": false
              }
            ],
            "ephemeral_block_device": [],
            "get_password_data": false,
            "hibernation": false,
            "host_id": "",
            "host_resource_group_arn": null,
            "iam_instance_profile": "terraform-instance-profile",
            "id": "i-0e07b4f32c3b55241",
            "instance_initiated_shutdown_behavior": "stop",
            "instance_lifecycle": "",
            "instance_market_options": [],
            "instance_state": "running",
            "instance_type": "t2.micro",
            "ipv6_address_count": 0,
            "ipv6_addresses": [],
            "key_name": "terraform-keypair",
            "launch_template": [],
            "maintenance_options": [
              {
                "auto_recovery": "default"
              }
            ],
            "metadata_options": [
              {
                "http_endpoint": "enabled",
                "http_protocol_ipv6": "disabled",
                "http_put_response_hop_limit": 2,
                "http_tokens": "optional",
                "instance_metadata_tags": "disabled"
              }
            ],
            "monitoring": false,
            "network_interface": [],
            "outpost_arn": "",
            "password_data": "",
            "placement_group": "",
            "placement_partition_number": 0,
            "primary_network_interface_id": "eni-00a40a509f4bf6449",
            "private_dns": "ip-10-0-1-245.eu-west-1.compute.internal",
            "private_dns_name_options": [
              {
                "enable_resource_name_dns_a_record": false,
                "enable_resource_name_dns_aaaa_record": false,
                "hostname_type": "ip-name"
              }
            ],
            "private_ip": "10.0.1.245",
            "public_dns": "ec2-34-241-145-191.eu-west-1.compute.amazonaws.com",
            "public_ip": "34.241.145.191",
            "root_block_device": [
              {
                "delete_on_termination": true,
                "device_name": "/dev/sda1",
                "encrypted": false,
                "iops": 3000,
                "kms_key_id": "",
                "tags": {},
                "tags_all": {},
                "throughput": 125,
                "volume_id": "vol-083562c1d6f38980b",
                "volume_size": 8,
                "volume_type": "gp3"
              }
            ],
            "secondary_private_ips": [],
            "security_groups": [],
            "source_dest_check": true,
            "spot_instance_request_id": "",
            "subnet_id": "subnet-08314c392fdd540d8",
            "tags": {
              "Name": "Apache-Webserver"
            },
            "tags_all": {
              "Name": "Apache-Webserver"
            },
            "tenancy": "default",
            "timeouts": null,
            "user_data": "821593217ddcbc25318426da6f98163b51599612",
            "user_data_base64": null,
            "user_data_replace_on_change": false,
            "volume_tags": null,
            "vpc_security_group_ids": [
              "sg-0a6af204d09a7c932"
            ]
          },
          "sensitive_attributes": [],
          "private": "eyJlMmJmYjczMC1lY2FhLTExZTYtOGY4OC0zNDM2M2JjN2M0YzAiOnsiY3JlYXRlIjo2MDAwMDAwMDAwMDAsImRlbGV0ZSI6MTIwMDAwMDAwMDAwMCwicmVhZCI6OTAwMDAwMDAwMDAwLCJ1cGRhdGUiOjYwMDAwMDAwMDAwMH0sInNjaGVtYV92ZXJzaW9uIjoiMSJ9",
          "dependencies": [
            "aws_iam_instance_profile.terraform_instance_profile",
            "aws_iam_role.terraform_role",
            "aws_security_group.Terraform-SG",
            "aws_subnet.subnet1",
            "aws_vpc.Terraform-VPC-test"
          ]
        },
        {
          "index_key": 1,
          "schema_version": 1,
          "attributes": {
            "ami": "ami-0d64bb532e0502c46",
            "arn": "arn:aws:ec2:eu-west-1:491085428405:instance/i-0d91a17cea2cff0b4",
            "associate_public_ip_address": true,
            "availability_zone": "eu-west-1a",
            "capacity_reservation_specification": [
              {
                "capacity_reservation_preference": "open",
                "capacity_reservation_target": []
              }
            ],
            "cpu_core_count": 1,
            "cpu_options": [
              {
                "amd_sev_snp": "",
                "core_count": 1,
                "threads_per_core": 1
              }
            ],
            "cpu_threads_per_core": 1,
            "credit_specification": [
              {
                "cpu_credits": "standard"
              }
            ],
            "disable_api_stop": false,
            "disable_api_termination": false,
            "ebs_block_device": [],
            "ebs_optimized": false,
            "enclave_options": [
              {
                "enabled": false
              }
            ],
            "ephemeral_block_device": [],
            "get_password_data": false,
            "hibernation": false,
            "host_id": "",
            "host_resource_group_arn": null,
            "iam_instance_profile": "terraform-instance-profile",
            "id": "i-0d91a17cea2cff0b4",
            "instance_initiated_shutdown_behavior": "stop",
            "instance_lifecycle": "",
            "instance_market_options": [],
            "instance_state": "running",
            "instance_type": "t2.micro",
            "ipv6_address_count": 0,
            "ipv6_addresses": [],
            "key_name": "terraform-keypair",
            "launch_template": [],
            "maintenance_options": [
              {
                "auto_recovery": "default"
              }
            ],
            "metadata_options": [
              {
                "http_endpoint": "enabled",
                "http_protocol_ipv6": "disabled",
                "http_put_response_hop_limit": 2,
                "http_tokens": "optional",
                "instance_metadata_tags": "disabled"
              }
            ],
            "monitoring": false,
            "network_interface": [],
            "outpost_arn": "",
            "password_data": "",
            "placement_group": "",
            "placement_partition_number": 0,
            "primary_network_interface_id": "eni-0c6ec0cfd63bc6e6e",
            "private_dns": "ip-10-0-1-209.eu-west-1.compute.internal",
            "private_dns_name_options": [
              {
                "enable_resource_name_dns_a_record": false,
                "enable_resource_name_dns_aaaa_record": false,
                "hostname_type": "ip-name"
              }
            ],
            "private_ip": "10.0.1.209",
            "public_dns": "ec2-108-129-197-157.eu-west-1.compute.amazonaws.com",
            "public_ip": "108.129.197.157",
            "root_block_device": [
              {
                "delete_on_termination": true,
                "device_name": "/dev/sda1",
                "encrypted": false,
                "iops": 3000,
                "kms_key_id": "",
                "tags": {},
                "tags_all": {},
                "throughput": 125,
                "volume_id": "vol-0536dea8b492caef8",
                "volume_size": 8,
                "volume_type": "gp3"
              }
            ],
            "secondary_private_ips": [],
            "security_groups": [],
            "source_dest_check": true,
            "spot_instance_request_id": "",
            "subnet_id": "subnet-08314c392fdd540d8",
            "tags": {
              "Name": "Apache-Webserver"
            },
            "tags_all": {
              "Name": "Apache-Webserver"
            },
            "tenancy": "default",
            "timeouts": null,
            "user_data": "821593217ddcbc25318426da6f98163b51599612",
            "user_data_base64": null,
            "user_data_replace_on_change": false,
            "volume_tags": null,
            "vpc_security_group_ids": [
              "sg-0a6af204d09a7c932"
            ]
          },
          "sensitive_attributes": [],
          "private": "eyJlMmJmYjczMC1lY2FhLTExZTYtOGY4OC0zNDM2M2JjN2M0YzAiOnsiY3JlYXRlIjo2MDAwMDAwMDAwMDAsImRlbGV0ZSI6MTIwMDAwMDAwMDAwMCwicmVhZCI6OTAwMDAwMDAwMDAwLCJ1cGRhdGUiOjYwMDAwMDAwMDAwMH0sInNjaGVtYV92ZXJzaW9uIjoiMSJ9",
          "dependencies": [
            "aws_iam_instance_profile.terraform_instance_profile",
            "aws_iam_role.terraform_role",
            "aws_security_group.Terraform-SG",
            "aws_subnet.subnet1",
            "aws_vpc.Terraform-VPC-test"
          ]
        }
      ]
    },
    {
      "mode": "managed",
      "type": "aws_instance",
      "name": "Terraform-MountClient1",
      "provider": "provider[\"registry.terraform.io/hashicorp/aws\"]",
      "instances": [
        {
          "schema_version": 1,
          "attributes": {
            "ami": "ami-0d64bb532e0502c46",
            "arn": "arn:aws:ec2:eu-west-1:491085428405:instance/i-0e96eecc462e9913c",
            "associate_public_ip_address": true,
            "availability_zone": "eu-west-1a",
            "capacity_reservation_specification": [
              {
                "capacity_reservation_preference": "open",
                "capacity_reservation_target": []
              }
            ],
            "cpu_core_count": 1,
            "cpu_options": [
              {
                "amd_sev_snp": "",
                "core_count": 1,
                "threads_per_core": 1
              }
            ],
            "cpu_threads_per_core": 1,
            "credit_specification": [
              {
                "cpu_credits": "standard"
              }
            ],
            "disable_api_stop": false,
            "disable_api_termination": false,
            "ebs_block_device": [],
            "ebs_optimized": false,
            "enclave_options": [
              {
                "enabled": false
              }
            ],
            "ephemeral_block_device": [],
            "get_password_data": false,
            "hibernation": false,
            "host_id": "",
            "host_resource_group_arn": null,
            "iam_instance_profile": "",
            "id": "i-0e96eecc462e9913c",
            "instance_initiated_shutdown_behavior": "stop",
            "instance_lifecycle": "",
            "instance_market_options": [],
            "instance_state": "running",
            "instance_type": "t2.micro",
            "ipv6_address_count": 0,
            "ipv6_addresses": [],
            "key_name": "terraform-keypair",
            "launch_template": [],
            "maintenance_options": [
              {
                "auto_recovery": "default"
              }
            ],
            "metadata_options": [
              {
                "http_endpoint": "enabled",
                "http_protocol_ipv6": "disabled",
                "http_put_response_hop_limit": 2,
                "http_tokens": "optional",
                "instance_metadata_tags": "disabled"
              }
            ],
            "monitoring": false,
            "network_interface": [],
            "outpost_arn": "",
            "password_data": "",
            "placement_group": "",
            "placement_partition_number": 0,
            "primary_network_interface_id": "eni-0d4927dce9adac38e",
            "private_dns": "ip-10-0-1-219.eu-west-1.compute.internal",
            "private_dns_name_options": [
              {
                "enable_resource_name_dns_a_record": false,
                "enable_resource_name_dns_aaaa_record": false,
                "hostname_type": "ip-name"
              }
            ],
            "private_ip": "10.0.1.219",
            "public_dns": "ec2-3-254-173-131.eu-west-1.compute.amazonaws.com",
            "public_ip": "3.254.173.131",
            "root_block_device": [
              {
                "delete_on_termination": true,
                "device_name": "/dev/sda1",
                "encrypted": false,
                "iops": 3000,
                "kms_key_id": "",
                "tags": {},
                "tags_all": {},
                "throughput": 125,
                "volume_id": "vol-02588ea57515c3434",
                "volume_size": 8,
                "volume_type": "gp3"
              }
            ],
            "secondary_private_ips": [],
            "security_groups": [],
            "source_dest_check": true,
            "spot_instance_request_id": "",
            "subnet_id": "subnet-08314c392fdd540d8",
            "tags": {
              "Name": "MountClient1-Server"
            },
            "tags_all": {
              "Name": "MountClient1-Server"
            },
            "tenancy": "default",
            "timeouts": null,
            "user_data": "7978eee52be1259e974634143b10447e7b32004f",
            "user_data_base64": null,
            "user_data_replace_on_change": false,
            "volume_tags": null,
            "vpc_security_group_ids": [
              "sg-0a6af204d09a7c932"
            ]
          },
          "sensitive_attributes": [],
          "private": "eyJlMmJmYjczMC1lY2FhLTExZTYtOGY4OC0zNDM2M2JjN2M0YzAiOnsiY3JlYXRlIjo2MDAwMDAwMDAwMDAsImRlbGV0ZSI6MTIwMDAwMDAwMDAwMCwicmVhZCI6OTAwMDAwMDAwMDAwLCJ1cGRhdGUiOjYwMDAwMDAwMDAwMH0sInNjaGVtYV92ZXJzaW9uIjoiMSJ9",
          "dependencies": [
            "aws_efs_file_system.terraform_efs",
            "aws_security_group.Terraform-SG",
            "aws_subnet.subnet1",
            "aws_vpc.Terraform-VPC-test"
          ]
        }
      ]
    },
    {
      "mode": "managed",
      "type": "aws_instance",
      "name": "Terraform-MountClient2",
      "provider": "provider[\"registry.terraform.io/hashicorp/aws\"]",
      "instances": [
        {
          "schema_version": 1,
          "attributes": {
            "ami": "ami-0d64bb532e0502c46",
            "arn": "arn:aws:ec2:eu-west-1:491085428405:instance/i-0501b12c7e172f0fe",
            "associate_public_ip_address": true,
            "availability_zone": "eu-west-1a",
            "capacity_reservation_specification": [
              {
                "capacity_reservation_preference": "open",
                "capacity_reservation_target": []
              }
            ],
            "cpu_core_count": 1,
            "cpu_options": [
              {
                "amd_sev_snp": "",
                "core_count": 1,
                "threads_per_core": 1
              }
            ],
            "cpu_threads_per_core": 1,
            "credit_specification": [
              {
                "cpu_credits": "standard"
              }
            ],
            "disable_api_stop": false,
            "disable_api_termination": false,
            "ebs_block_device": [],
            "ebs_optimized": false,
            "enclave_options": [
              {
                "enabled": false
              }
            ],
            "ephemeral_block_device": [],
            "get_password_data": false,
            "hibernation": false,
            "host_id": "",
            "host_resource_group_arn": null,
            "iam_instance_profile": "",
            "id": "i-0501b12c7e172f0fe",
            "instance_initiated_shutdown_behavior": "stop",
            "instance_lifecycle": "",
            "instance_market_options": [],
            "instance_state": "running",
            "instance_type": "t2.micro",
            "ipv6_address_count": 0,
            "ipv6_addresses": [],
            "key_name": "terraform-keypair",
            "launch_template": [],
            "maintenance_options": [
              {
                "auto_recovery": "default"
              }
            ],
            "metadata_options": [
              {
                "http_endpoint": "enabled",
                "http_protocol_ipv6": "disabled",
                "http_put_response_hop_limit": 2,
                "http_tokens": "optional",
                "instance_metadata_tags": "disabled"
              }
            ],
            "monitoring": false,
            "network_interface": [],
            "outpost_arn": "",
            "password_data": "",
            "placement_group": "",
            "placement_partition_number": 0,
            "primary_network_interface_id": "eni-0c09a1fd2266913e1",
            "private_dns": "ip-10-0-1-14.eu-west-1.compute.internal",
            "private_dns_name_options": [
              {
                "enable_resource_name_dns_a_record": false,
                "enable_resource_name_dns_aaaa_record": false,
                "hostname_type": "ip-name"
              }
            ],
            "private_ip": "10.0.1.14",
            "public_dns": "ec2-54-247-47-21.eu-west-1.compute.amazonaws.com",
            "public_ip": "54.247.47.21",
            "root_block_device": [
              {
                "delete_on_termination": true,
                "device_name": "/dev/sda1",
                "encrypted": false,
                "iops": 3000,
                "kms_key_id": "",
                "tags": {},
                "tags_all": {},
                "throughput": 125,
                "volume_id": "vol-06a521e256b54c16a",
                "volume_size": 8,
                "volume_type": "gp3"
              }
            ],
            "secondary_private_ips": [],
            "security_groups": [],
            "source_dest_check": true,
            "spot_instance_request_id": "",
            "subnet_id": "subnet-08314c392fdd540d8",
            "tags": {
              "Name": "MountClient2-Server"
            },
            "tags_all": {
              "Name": "MountClient2-Server"
            },
            "tenancy": "default",
            "timeouts": null,
            "user_data": "026bd7ae44eef72b3cfdb91acd4ad04351caf5e5",
            "user_data_base64": null,
            "user_data_replace_on_change": false,
            "volume_tags": null,
            "vpc_security_group_ids": [
              "sg-0a6af204d09a7c932"
            ]
          },
          "sensitive_attributes": [],
          "private": "eyJlMmJmYjczMC1lY2FhLTExZTYtOGY4OC0zNDM2M2JjN2M0YzAiOnsiY3JlYXRlIjo2MDAwMDAwMDAwMDAsImRlbGV0ZSI6MTIwMDAwMDAwMDAwMCwicmVhZCI6OTAwMDAwMDAwMDAwLCJ1cGRhdGUiOjYwMDAwMDAwMDAwMH0sInNjaGVtYV92ZXJzaW9uIjoiMSJ9",
          "dependencies": [
            "aws_efs_file_system.terraform_efs",
            "aws_security_group.Terraform-SG",
            "aws_subnet.subnet1",
            "aws_vpc.Terraform-VPC-test"
          ]
        }
      ]
    },
    {
      "mode": "managed",
      "type": "aws_instance",
      "name": "Terraform-MySql",
      "provider": "provider[\"registry.terraform.io/hashicorp/aws\"]",
      "instances": [
        {
          "schema_version": 1,
          "attributes": {
            "ami": "ami-0d64bb532e0502c46",
            "arn": "arn:aws:ec2:eu-west-1:491085428405:instance/i-09d75261a34cfa62c",
            "associate_public_ip_address": true,
            "availability_zone": "eu-west-1a",
            "capacity_reservation_specification": [
              {
                "capacity_reservation_preference": "open",
                "capacity_reservation_target": []
              }
            ],
            "cpu_core_count": 1,
            "cpu_options": [
              {
                "amd_sev_snp": "",
                "core_count": 1,
                "threads_per_core": 1
              }
            ],
            "cpu_threads_per_core": 1,
            "credit_specification": [
              {
                "cpu_credits": "standard"
              }
            ],
            "disable_api_stop": false,
            "disable_api_termination": false,
            "ebs_block_device": [],
            "ebs_optimized": false,
            "enclave_options": [
              {
                "enabled": false
              }
            ],
            "ephemeral_block_device": [],
            "get_password_data": false,
            "hibernation": false,
            "host_id": "",
            "host_resource_group_arn": null,
            "iam_instance_profile": "",
            "id": "i-09d75261a34cfa62c",
            "instance_initiated_shutdown_behavior": "stop",
            "instance_lifecycle": "",
            "instance_market_options": [],
            "instance_state": "running",
            "instance_type": "t2.micro",
            "ipv6_address_count": 0,
            "ipv6_addresses": [],
            "key_name": "terraform-keypair",
            "launch_template": [],
            "maintenance_options": [
              {
                "auto_recovery": "default"
              }
            ],
            "metadata_options": [
              {
                "http_endpoint": "enabled",
                "http_protocol_ipv6": "disabled",
                "http_put_response_hop_limit": 2,
                "http_tokens": "optional",
                "instance_metadata_tags": "disabled"
              }
            ],
            "monitoring": false,
            "network_interface": [],
            "outpost_arn": "",
            "password_data": "",
            "placement_group": "",
            "placement_partition_number": 0,
            "primary_network_interface_id": "eni-0f49a5d60a53d8cf3",
            "private_dns": "ip-10-0-1-31.eu-west-1.compute.internal",
            "private_dns_name_options": [
              {
                "enable_resource_name_dns_a_record": false,
                "enable_resource_name_dns_aaaa_record": false,
                "hostname_type": "ip-name"
              }
            ],
            "private_ip": "10.0.1.31",
            "public_dns": "ec2-54-195-131-165.eu-west-1.compute.amazonaws.com",
            "public_ip": "54.195.131.165",
            "root_block_device": [
              {
                "delete_on_termination": true,
                "device_name": "/dev/sda1",
                "encrypted": false,
                "iops": 3000,
                "kms_key_id": "",
                "tags": {},
                "tags_all": {},
                "throughput": 125,
                "volume_id": "vol-042bc4e3db1f545fc",
                "volume_size": 8,
                "volume_type": "gp3"
              }
            ],
            "secondary_private_ips": [],
            "security_groups": [],
            "source_dest_check": true,
            "spot_instance_request_id": "",
            "subnet_id": "subnet-08314c392fdd540d8",
            "tags": {
              "Name": "MySql-Server"
            },
            "tags_all": {
              "Name": "MySql-Server"
            },
            "tenancy": "default",
            "timeouts": null,
            "user_data": "485997ee3e020763245c25b80ecef7311766af8f",
            "user_data_base64": null,
            "user_data_replace_on_change": false,
            "volume_tags": null,
            "vpc_security_group_ids": [
              "sg-0a6af204d09a7c932"
            ]
          },
          "sensitive_attributes": [],
          "private": "eyJlMmJmYjczMC1lY2FhLTExZTYtOGY4OC0zNDM2M2JjN2M0YzAiOnsiY3JlYXRlIjo2MDAwMDAwMDAwMDAsImRlbGV0ZSI6MTIwMDAwMDAwMDAwMCwicmVhZCI6OTAwMDAwMDAwMDAwLCJ1cGRhdGUiOjYwMDAwMDAwMDAwMH0sInNjaGVtYV92ZXJzaW9uIjoiMSJ9",
          "dependencies": [
            "aws_security_group.Terraform-SG",
            "aws_subnet.subnet1",
            "aws_vpc.Terraform-VPC-test"
          ]
        }
      ]
    },
    {
      "mode": "managed",
      "type": "aws_internet_gateway",
      "name": "Terraform-IGW",
      "provider": "provider[\"registry.terraform.io/hashicorp/aws\"]",
      "instances": [
        {
          "schema_version": 0,
          "attributes": {
            "arn": "arn:aws:ec2:eu-west-1:491085428405:internet-gateway/igw-07d44d934b6328c6f",
            "id": "igw-07d44d934b6328c6f",
            "owner_id": "491085428405",
            "tags": {
              "Name": "Terraform-IGW"
            },
            "tags_all": {
              "Name": "Terraform-IGW"
            },
            "timeouts": null,
            "vpc_id": "vpc-09d99cbaaf5af9de7"
          },
          "sensitive_attributes": [],
          "private": "eyJlMmJmYjczMC1lY2FhLTExZTYtOGY4OC0zNDM2M2JjN2M0YzAiOnsiY3JlYXRlIjoxMjAwMDAwMDAwMDAwLCJkZWxldGUiOjEyMDAwMDAwMDAwMDAsInVwZGF0ZSI6MTIwMDAwMDAwMDAwMH19",
          "dependencies": [
            "aws_vpc.Terraform-VPC-test"
          ]
        }
      ]
    },
    {
      "mode": "managed",
      "type": "aws_key_pair",
      "name": "keypair",
      "provider": "provider[\"registry.terraform.io/hashicorp/aws\"]",
      "instances": [
        {
          "schema_version": 1,
          "attributes": {
            "arn": "arn:aws:ec2:eu-west-1:491085428405:key-pair/terraform-keypair",
            "fingerprint": "45:67:ce:2e:16:e6:4b:9d:8c:c4:18:89:74:85:bf:04",
            "id": "terraform-keypair",
            "key_name": "terraform-keypair",
            "key_name_prefix": "",
            "key_pair_id": "key-0cc3135cb87411dc2",
            "key_type": "rsa",
            "public_key": "ssh-rsa AAAAB3NzaC1yc2EAAAADAQABAAABAQCmGOUpOgFtHlGOb2y0l7/zPvPmLU4SI4+SMw1e6d1sG3SJyJPeH/4cCKgVj412on0dHZh2q3eEANaakEXI2LPaQCMBOWx9GR+wit6wVejz7ZwDOrNh/N7XXUAyKYwMRSF4nkf+bdY9JZx4XUcH9SaDv9/QbyeojJTtjaHPJfkSllsLjTKuZqx/vk4iuLa7WhYEzfdLjK3LWeEwhc5cKQcdaQW40VUBBcPYVGkkkSfB4rqbSl9YqUhwFHtMmNejxTsexV0z6Xu9pNH90j3topZsx4gRWzr08FTbFRXeUvXpFr20dX7W7/9aMVGRuzMQNvSGFiOn5XswrlRZSQU/KfwN",
            "tags": null,
            "tags_all": {}
          },
          "sensitive_attributes": [],
          "private": "eyJzY2hlbWFfdmVyc2lvbiI6IjEifQ==",
          "dependencies": [
            "tls_private_key.Terraform-PrivateKey"
          ]
        }
      ]
    },
    {
      "mode": "managed",
      "type": "aws_lambda_function",
      "name": "upload_file_lambda",
      "provider": "provider[\"registry.terraform.io/hashicorp/aws\"]",
      "instances": [
        {
          "schema_version": 0,
          "attributes": {
            "architectures": [
              "x86_64"
            ],
            "arn": "arn:aws:lambda:eu-west-1:491085428405:function:uploadFileToS3",
            "code_sha256": "C/S9jvL/HOwm5811b7TL7+27dpxqSDAg9vtFOSorhXk=",
            "code_signing_config_arn": "",
            "dead_letter_config": [],
            "description": "",
            "environment": [
              {
                "variables": {
                  "BUCKET_NAME": "r0938274-terraform-file-upload-bucket"
                }
              }
            ],
            "ephemeral_storage": [
              {
                "size": 512
              }
            ],
            "file_system_config": [],
            "filename": "lambda_function.zip",
            "function_name": "uploadFileToS3",
            "handler": "lambda_function.lambda_handler",
            "id": "uploadFileToS3",
            "image_config": [],
            "image_uri": "",
            "invoke_arn": "arn:aws:apigateway:eu-west-1:lambda:path/2015-03-31/functions/arn:aws:lambda:eu-west-1:491085428405:function:uploadFileToS3/invocations",
            "kms_key_arn": "",
            "last_modified": "2024-12-17T15:18:02.236+0000",
            "layers": null,
            "logging_config": [
              {
                "application_log_level": "",
                "log_format": "Text",
                "log_group": "/aws/lambda/uploadFileToS3",
                "system_log_level": ""
              }
            ],
            "memory_size": 128,
            "package_type": "Zip",
            "publish": false,
            "qualified_arn": "arn:aws:lambda:eu-west-1:491085428405:function:uploadFileToS3:$LATEST",
            "qualified_invoke_arn": "arn:aws:apigateway:eu-west-1:lambda:path/2015-03-31/functions/arn:aws:lambda:eu-west-1:491085428405:function:uploadFileToS3:$LATEST/invocations",
            "replace_security_groups_on_destroy": null,
            "replacement_security_group_ids": null,
            "reserved_concurrent_executions": -1,
            "role": "arn:aws:iam::491085428405:role/terraform-lambda-role",
            "runtime": "python3.8",
            "s3_bucket": null,
            "s3_key": null,
            "s3_object_version": null,
            "signing_job_arn": "",
            "signing_profile_version_arn": "",
            "skip_destroy": false,
            "snap_start": [],
            "source_code_hash": "C/S9jvL/HOwm5811b7TL7+27dpxqSDAg9vtFOSorhXk=",
            "source_code_size": 822,
            "tags": {
              "Name": "UploadFileToS3"
            },
            "tags_all": {
              "Name": "UploadFileToS3"
            },
            "timeout": 3,
            "timeouts": null,
            "tracing_config": [
              {
                "mode": "PassThrough"
              }
            ],
            "version": "$LATEST",
            "vpc_config": []
          },
          "sensitive_attributes": [],
          "private": "eyJlMmJmYjczMC1lY2FhLTExZTYtOGY4OC0zNDM2M2JjN2M0YzAiOnsiY3JlYXRlIjo2MDAwMDAwMDAwMDAsImRlbGV0ZSI6NjAwMDAwMDAwMDAwLCJ1cGRhdGUiOjYwMDAwMDAwMDAwMH19",
          "dependencies": [
            "aws_iam_role.lambda_role",
            "aws_s3_bucket.Terraform-Bucket"
          ]
        }
      ]
    },
    {
      "mode": "managed",
      "type": "aws_lambda_permission",
      "name": "allow_http_api",
      "provider": "provider[\"registry.terraform.io/hashicorp/aws\"]",
      "instances": [
        {
          "schema_version": 0,
          "attributes": {
            "action": "lambda:InvokeFunction",
            "event_source_token": null,
            "function_name": "uploadFileToS3",
            "function_url_auth_type": null,
            "id": "AllowHttpApiInvoke",
            "principal": "apigateway.amazonaws.com",
            "principal_org_id": null,
            "qualifier": "",
            "source_account": null,
            "source_arn": "arn:aws:execute-api:eu-west-1:491085428405:wz3em7y1y3/production/*",
            "statement_id": "AllowHttpApiInvoke",
            "statement_id_prefix": ""
          },
          "sensitive_attributes": [],
          "private": "bnVsbA==",
          "dependencies": [
            "aws_apigatewayv2_api.http_api",
            "aws_iam_role.lambda_role",
            "aws_lambda_function.upload_file_lambda",
            "aws_s3_bucket.Terraform-Bucket"
          ]
        }
      ]
    },
    {
      "mode": "managed",
      "type": "aws_lb",
      "name": "LoadBalancer",
      "provider": "provider[\"registry.terraform.io/hashicorp/aws\"]",
      "instances": [
        {
          "schema_version": 0,
          "attributes": {
            "access_logs": [
              {
                "bucket": "",
                "enabled": false,
                "prefix": ""
              }
            ],
            "arn": "arn:aws:elasticloadbalancing:eu-west-1:491085428405:loadbalancer/app/Terraform-Webserver-ALB/e85bdb2e1dfc0c60",
            "arn_suffix": "app/Terraform-Webserver-ALB/e85bdb2e1dfc0c60",
            "client_keep_alive": 3600,
            "connection_logs": [
              {
                "bucket": "",
                "enabled": false,
                "prefix": ""
              }
            ],
            "customer_owned_ipv4_pool": "",
            "desync_mitigation_mode": "defensive",
            "dns_name": "Terraform-Webserver-ALB-1913308781.eu-west-1.elb.amazonaws.com",
            "dns_record_client_routing_policy": null,
            "drop_invalid_header_fields": false,
            "enable_cross_zone_load_balancing": true,
            "enable_deletion_protection": false,
            "enable_http2": true,
            "enable_tls_version_and_cipher_suite_headers": false,
            "enable_waf_fail_open": false,
            "enable_xff_client_port": false,
            "enable_zonal_shift": false,
            "enforce_security_group_inbound_rules_on_private_link_traffic": "",
            "id": "arn:aws:elasticloadbalancing:eu-west-1:491085428405:loadbalancer/app/Terraform-Webserver-ALB/e85bdb2e1dfc0c60",
            "idle_timeout": 60,
            "internal": false,
            "ip_address_type": "ipv4",
            "load_balancer_type": "application",
            "name": "Terraform-Webserver-ALB",
            "name_prefix": "",
            "preserve_host_header": false,
            "security_groups": [
              "sg-0a6af204d09a7c932"
            ],
            "subnet_mapping": [
              {
                "allocation_id": "",
                "ipv6_address": "",
                "outpost_id": "",
                "private_ipv4_address": "",
                "subnet_id": "subnet-08314c392fdd540d8"
              },
              {
                "allocation_id": "",
                "ipv6_address": "",
                "outpost_id": "",
                "private_ipv4_address": "",
                "subnet_id": "subnet-0a7c95f2e48f738bf"
              }
            ],
            "subnets": [
              "subnet-08314c392fdd540d8",
              "subnet-0a7c95f2e48f738bf"
            ],
            "tags": null,
            "tags_all": {},
            "timeouts": null,
            "vpc_id": "vpc-09d99cbaaf5af9de7",
            "xff_header_processing_mode": "append",
            "zone_id": "Z32O12XQLNTSW2"
          },
          "sensitive_attributes": [],
          "private": "eyJlMmJmYjczMC1lY2FhLTExZTYtOGY4OC0zNDM2M2JjN2M0YzAiOnsiY3JlYXRlIjo2MDAwMDAwMDAwMDAsImRlbGV0ZSI6NjAwMDAwMDAwMDAwLCJ1cGRhdGUiOjYwMDAwMDAwMDAwMH19",
          "dependencies": [
            "aws_security_group.Terraform-SG",
            "aws_subnet.subnet1",
            "aws_subnet.subnet2",
            "aws_vpc.Terraform-VPC-test"
          ]
        }
      ]
    },
    {
      "mode": "managed",
      "type": "aws_lb_listener",
      "name": "LoadBalancerListener",
      "provider": "provider[\"registry.terraform.io/hashicorp/aws\"]",
      "instances": [
        {
          "schema_version": 0,
          "attributes": {
            "alpn_policy": null,
            "arn": "arn:aws:elasticloadbalancing:eu-west-1:491085428405:listener/app/Terraform-Webserver-ALB/e85bdb2e1dfc0c60/ada2fcff1296b2c8",
            "certificate_arn": null,
            "default_action": [
              {
                "authenticate_cognito": [],
                "authenticate_oidc": [],
                "fixed_response": [],
                "forward": [],
                "order": 1,
                "redirect": [],
                "target_group_arn": "arn:aws:elasticloadbalancing:eu-west-1:491085428405:targetgroup/webserver-target-group/b3565dfb41fc0adc",
                "type": "forward"
              }
            ],
            "id": "arn:aws:elasticloadbalancing:eu-west-1:491085428405:listener/app/Terraform-Webserver-ALB/e85bdb2e1dfc0c60/ada2fcff1296b2c8",
            "load_balancer_arn": "arn:aws:elasticloadbalancing:eu-west-1:491085428405:loadbalancer/app/Terraform-Webserver-ALB/e85bdb2e1dfc0c60",
            "mutual_authentication": [],
            "port": 80,
            "protocol": "HTTP",
            "ssl_policy": "",
            "tags": null,
            "tags_all": {},
            "tcp_idle_timeout_seconds": null,
            "timeouts": null
          },
          "sensitive_attributes": [],
          "private": "eyJlMmJmYjczMC1lY2FhLTExZTYtOGY4OC0zNDM2M2JjN2M0YzAiOnsiY3JlYXRlIjozMDAwMDAwMDAwMDAsInVwZGF0ZSI6MzAwMDAwMDAwMDAwfX0=",
          "dependencies": [
            "aws_lb.LoadBalancer",
            "aws_lb_target_group.LoadBalancerTargetGroup",
            "aws_security_group.Terraform-SG",
            "aws_subnet.subnet1",
            "aws_subnet.subnet2",
            "aws_vpc.Terraform-VPC-test"
          ]
        }
      ]
    },
    {
      "mode": "managed",
      "type": "aws_lb_target_group",
      "name": "LoadBalancerTargetGroup",
      "provider": "provider[\"registry.terraform.io/hashicorp/aws\"]",
      "instances": [
        {
          "schema_version": 0,
          "attributes": {
            "arn": "arn:aws:elasticloadbalancing:eu-west-1:491085428405:targetgroup/webserver-target-group/b3565dfb41fc0adc",
            "arn_suffix": "targetgroup/webserver-target-group/b3565dfb41fc0adc",
            "connection_termination": null,
            "deregistration_delay": "300",
            "health_check": [
              {
                "enabled": true,
                "healthy_threshold": 3,
                "interval": 30,
                "matcher": "200",
                "path": "/",
                "port": "traffic-port",
                "protocol": "HTTP",
                "timeout": 5,
                "unhealthy_threshold": 3
              }
            ],
            "id": "arn:aws:elasticloadbalancing:eu-west-1:491085428405:targetgroup/webserver-target-group/b3565dfb41fc0adc",
            "ip_address_type": "ipv4",
            "lambda_multi_value_headers_enabled": false,
            "load_balancer_arns": [],
            "load_balancing_algorithm_type": "round_robin",
            "load_balancing_anomaly_mitigation": "off",
            "load_balancing_cross_zone_enabled": "use_load_balancer_configuration",
            "name": "webserver-target-group",
            "name_prefix": "",
            "port": 80,
            "preserve_client_ip": null,
            "protocol": "HTTP",
            "protocol_version": "HTTP1",
            "proxy_protocol_v2": false,
            "slow_start": 0,
            "stickiness": [
              {
                "cookie_duration": 86400,
                "cookie_name": "",
                "enabled": false,
                "type": "lb_cookie"
              }
            ],
            "tags": null,
            "tags_all": {},
            "target_failover": [
              {
                "on_deregistration": null,
                "on_unhealthy": null
              }
            ],
            "target_group_health": [
              {
                "dns_failover": [
                  {
                    "minimum_healthy_targets_count": "1",
                    "minimum_healthy_targets_percentage": "off"
                  }
                ],
                "unhealthy_state_routing": [
                  {
                    "minimum_healthy_targets_count": 1,
                    "minimum_healthy_targets_percentage": "off"
                  }
                ]
              }
            ],
            "target_health_state": [
              {
                "enable_unhealthy_connection_termination": null,
                "unhealthy_draining_interval": null
              }
            ],
            "target_type": "instance",
            "vpc_id": "vpc-09d99cbaaf5af9de7"
          },
          "sensitive_attributes": [],
          "private": "bnVsbA==",
          "dependencies": [
            "aws_vpc.Terraform-VPC-test"
          ]
        }
      ]
    },
    {
      "mode": "managed",
      "type": "aws_lb_target_group_attachment",
      "name": "LoadBalancerGroupAttachment",
      "provider": "provider[\"registry.terraform.io/hashicorp/aws\"]",
      "instances": [
        {
          "index_key": 0,
          "schema_version": 0,
          "attributes": {
            "availability_zone": null,
            "id": "arn:aws:elasticloadbalancing:eu-west-1:491085428405:targetgroup/webserver-target-group/b3565dfb41fc0adc-2024121715180356630000000f",
            "port": 80,
            "target_group_arn": "arn:aws:elasticloadbalancing:eu-west-1:491085428405:targetgroup/webserver-target-group/b3565dfb41fc0adc",
            "target_id": "i-0e07b4f32c3b55241"
          },
          "sensitive_attributes": [],
          "private": "bnVsbA==",
          "dependencies": [
            "aws_iam_instance_profile.terraform_instance_profile",
            "aws_iam_role.terraform_role",
            "aws_instance.Terraform-Apache",
            "aws_lb_target_group.LoadBalancerTargetGroup",
            "aws_security_group.Terraform-SG",
            "aws_subnet.subnet1",
            "aws_vpc.Terraform-VPC-test"
          ]
        },
        {
          "index_key": 1,
          "schema_version": 0,
          "attributes": {
            "availability_zone": null,
            "id": "arn:aws:elasticloadbalancing:eu-west-1:491085428405:targetgroup/webserver-target-group/b3565dfb41fc0adc-2024121715180334870000000e",
            "port": 80,
            "target_group_arn": "arn:aws:elasticloadbalancing:eu-west-1:491085428405:targetgroup/webserver-target-group/b3565dfb41fc0adc",
            "target_id": "i-0d91a17cea2cff0b4"
          },
          "sensitive_attributes": [],
          "private": "bnVsbA==",
          "dependencies": [
            "aws_iam_instance_profile.terraform_instance_profile",
            "aws_iam_role.terraform_role",
            "aws_instance.Terraform-Apache",
            "aws_lb_target_group.LoadBalancerTargetGroup",
            "aws_security_group.Terraform-SG",
            "aws_subnet.subnet1",
            "aws_vpc.Terraform-VPC-test"
          ]
        }
      ]
    },
    {
      "mode": "managed",
      "type": "aws_route",
      "name": "InternetAccess",
      "provider": "provider[\"registry.terraform.io/hashicorp/aws\"]",
      "instances": [
        {
          "schema_version": 0,
          "attributes": {
            "carrier_gateway_id": "",
            "core_network_arn": "",
            "destination_cidr_block": "0.0.0.0/0",
            "destination_ipv6_cidr_block": "",
            "destination_prefix_list_id": "",
            "egress_only_gateway_id": "",
            "gateway_id": "igw-07d44d934b6328c6f",
            "id": "r-rtb-095578876c4d5245d1080289494",
            "instance_id": "",
            "instance_owner_id": "",
            "local_gateway_id": "",
            "nat_gateway_id": "",
            "network_interface_id": "",
            "origin": "CreateRoute",
            "route_table_id": "rtb-095578876c4d5245d",
            "state": "active",
            "timeouts": null,
            "transit_gateway_id": "",
            "vpc_endpoint_id": "",
            "vpc_peering_connection_id": ""
          },
          "sensitive_attributes": [],
          "private": "eyJlMmJmYjczMC1lY2FhLTExZTYtOGY4OC0zNDM2M2JjN2M0YzAiOnsiY3JlYXRlIjozMDAwMDAwMDAwMDAsImRlbGV0ZSI6MzAwMDAwMDAwMDAwLCJ1cGRhdGUiOjEyMDAwMDAwMDAwMH19",
          "dependencies": [
            "aws_internet_gateway.Terraform-IGW",
            "aws_route_table.Terraform-RT",
            "aws_vpc.Terraform-VPC-test"
          ]
        }
      ]
    },
    {
      "mode": "managed",
      "type": "aws_route_table",
      "name": "Terraform-RT",
      "provider": "provider[\"registry.terraform.io/hashicorp/aws\"]",
      "instances": [
        {
          "schema_version": 0,
          "attributes": {
            "arn": "arn:aws:ec2:eu-west-1:491085428405:route-table/rtb-095578876c4d5245d",
            "id": "rtb-095578876c4d5245d",
            "owner_id": "491085428405",
            "propagating_vgws": [],
            "route": [],
            "tags": {
              "Name": "Terraform-RouteTable"
            },
            "tags_all": {
              "Name": "Terraform-RouteTable"
            },
            "timeouts": null,
            "vpc_id": "vpc-09d99cbaaf5af9de7"
          },
          "sensitive_attributes": [],
          "private": "eyJlMmJmYjczMC1lY2FhLTExZTYtOGY4OC0zNDM2M2JjN2M0YzAiOnsiY3JlYXRlIjozMDAwMDAwMDAwMDAsImRlbGV0ZSI6MzAwMDAwMDAwMDAwLCJ1cGRhdGUiOjEyMDAwMDAwMDAwMH19",
          "dependencies": [
            "aws_vpc.Terraform-VPC-test"
          ]
        }
      ]
    },
    {
      "mode": "managed",
      "type": "aws_route_table_association",
      "name": "Subnet1Association",
      "provider": "provider[\"registry.terraform.io/hashicorp/aws\"]",
      "instances": [
        {
          "schema_version": 0,
          "attributes": {
            "gateway_id": "",
            "id": "rtbassoc-0c160530990ab24ea",
            "route_table_id": "rtb-095578876c4d5245d",
            "subnet_id": "subnet-08314c392fdd540d8",
            "timeouts": null
          },
          "sensitive_attributes": [],
          "private": "eyJlMmJmYjczMC1lY2FhLTExZTYtOGY4OC0zNDM2M2JjN2M0YzAiOnsiY3JlYXRlIjozMDAwMDAwMDAwMDAsImRlbGV0ZSI6MzAwMDAwMDAwMDAwLCJ1cGRhdGUiOjEyMDAwMDAwMDAwMH19",
          "dependencies": [
            "aws_route_table.Terraform-RT",
            "aws_subnet.subnet1",
            "aws_vpc.Terraform-VPC-test"
          ]
        }
      ]
    },
    {
      "mode": "managed",
      "type": "aws_s3_bucket",
      "name": "Terraform-Bucket",
      "provider": "provider[\"registry.terraform.io/hashicorp/aws\"]",
      "instances": [
        {
          "schema_version": 0,
          "attributes": {
            "acceleration_status": "",
            "acl": null,
            "arn": "arn:aws:s3:::r0938274-terraform-file-upload-bucket",
            "bucket": "r0938274-terraform-file-upload-bucket",
            "bucket_domain_name": "r0938274-terraform-file-upload-bucket.s3.amazonaws.com",
            "bucket_prefix": "",
            "bucket_regional_domain_name": "r0938274-terraform-file-upload-bucket.s3.eu-west-1.amazonaws.com",
            "cors_rule": [],
            "force_destroy": false,
            "grant": [
              {
                "id": "1ac0e19dda978c70329b05fd9390c9ca0bceecd6cd0240489a63828880f56c77",
                "permissions": [
                  "FULL_CONTROL"
                ],
                "type": "CanonicalUser",
                "uri": ""
              }
            ],
            "hosted_zone_id": "Z1BKCTXD74EZPE",
            "id": "r0938274-terraform-file-upload-bucket",
            "lifecycle_rule": [],
            "logging": [],
            "object_lock_configuration": [],
            "object_lock_enabled": false,
            "policy": "",
            "region": "eu-west-1",
            "replication_configuration": [],
            "request_payer": "BucketOwner",
            "server_side_encryption_configuration": [
              {
                "rule": [
                  {
                    "apply_server_side_encryption_by_default": [
                      {
                        "kms_master_key_id": "",
                        "sse_algorithm": "AES256"
                      }
                    ],
                    "bucket_key_enabled": false
                  }
                ]
              }
            ],
            "tags": {
              "Name": "Terraform-Bucket"
            },
            "tags_all": {
              "Name": "Terraform-Bucket"
            },
            "timeouts": null,
            "versioning": [
              {
                "enabled": false,
                "mfa_delete": false
              }
            ],
            "website": [],
            "website_domain": null,
            "website_endpoint": null
          },
          "sensitive_attributes": [],
          "private": "eyJlMmJmYjczMC1lY2FhLTExZTYtOGY4OC0zNDM2M2JjN2M0YzAiOnsiY3JlYXRlIjoxMjAwMDAwMDAwMDAwLCJkZWxldGUiOjM2MDAwMDAwMDAwMDAsInJlYWQiOjEyMDAwMDAwMDAwMDAsInVwZGF0ZSI6MTIwMDAwMDAwMDAwMH19"
        }
      ]
    },
    {
      "mode": "managed",
      "type": "aws_security_group",
      "name": "Terraform-SG",
      "provider": "provider[\"registry.terraform.io/hashicorp/aws\"]",
      "instances": [
        {
          "schema_version": 1,
          "attributes": {
            "arn": "arn:aws:ec2:eu-west-1:491085428405:security-group/sg-0a6af204d09a7c932",
            "description": "Managed by Terraform",
            "egress": [
              {
                "cidr_blocks": [
                  "0.0.0.0/0"
                ],
                "description": "",
                "from_port": 0,
                "ipv6_cidr_blocks": [],
                "prefix_list_ids": [],
                "protocol": "-1",
                "security_groups": [],
                "self": false,
                "to_port": 0
              }
            ],
            "id": "sg-0a6af204d09a7c932",
            "ingress": [
              {
                "cidr_blocks": [
                  "0.0.0.0/0"
                ],
                "description": "",
                "from_port": -1,
                "ipv6_cidr_blocks": [],
                "prefix_list_ids": [],
                "protocol": "icmp",
                "security_groups": [],
                "self": false,
                "to_port": -1
              },
              {
                "cidr_blocks": [
                  "0.0.0.0/0"
                ],
                "description": "",
                "from_port": 22,
                "ipv6_cidr_blocks": [],
                "prefix_list_ids": [],
                "protocol": "tcp",
                "security_groups": [],
                "self": false,
                "to_port": 22
              },
              {
                "cidr_blocks": [
                  "0.0.0.0/0"
                ],
                "description": "",
                "from_port": 3306,
                "ipv6_cidr_blocks": [],
                "prefix_list_ids": [],
                "protocol": "tcp",
                "security_groups": [],
                "self": false,
                "to_port": 3306
              },
              {
                "cidr_blocks": [
                  "0.0.0.0/0"
                ],
                "description": "",
                "from_port": 80,
                "ipv6_cidr_blocks": [],
                "prefix_list_ids": [],
                "protocol": "tcp",
                "security_groups": [],
                "self": false,
                "to_port": 80
              }
            ],
            "name": "terraform-20241217151737342000000005",
            "name_prefix": "terraform-",
            "owner_id": "491085428405",
            "revoke_rules_on_delete": false,
            "tags": {
              "Name": "Terraform-SG"
            },
            "tags_all": {
              "Name": "Terraform-SG"
            },
            "timeouts": null,
            "vpc_id": "vpc-09d99cbaaf5af9de7"
          },
          "sensitive_attributes": [],
          "private": "eyJlMmJmYjczMC1lY2FhLTExZTYtOGY4OC0zNDM2M2JjN2M0YzAiOnsiY3JlYXRlIjo2MDAwMDAwMDAwMDAsImRlbGV0ZSI6OTAwMDAwMDAwMDAwfSwic2NoZW1hX3ZlcnNpb24iOiIxIn0=",
          "dependencies": [
            "aws_vpc.Terraform-VPC-test"
          ]
        }
      ]
    },
    {
      "mode": "managed",
      "type": "aws_security_group",
      "name": "terraform_efs_sg",
      "provider": "provider[\"registry.terraform.io/hashicorp/aws\"]",
      "instances": [
        {
          "schema_version": 1,
          "attributes": {
            "arn": "arn:aws:ec2:eu-west-1:491085428405:security-group/sg-0d8753fc8b2b2f58f",
            "description": "Managed by Terraform",
            "egress": [
              {
                "cidr_blocks": [
                  "0.0.0.0/0"
                ],
                "description": "",
                "from_port": 0,
                "ipv6_cidr_blocks": [],
                "prefix_list_ids": [],
                "protocol": "-1",
                "security_groups": [],
                "self": false,
                "to_port": 0
              }
            ],
            "id": "sg-0d8753fc8b2b2f58f",
            "ingress": [
              {
                "cidr_blocks": [
                  "10.0.0.0/16"
                ],
                "description": "",
                "from_port": 2049,
                "ipv6_cidr_blocks": [],
                "prefix_list_ids": [],
                "protocol": "tcp",
                "security_groups": [],
                "self": false,
                "to_port": 2049
              }
            ],
            "name": "terraform-20241217151737341800000004",
            "name_prefix": "terraform-",
            "owner_id": "491085428405",
            "revoke_rules_on_delete": false,
            "tags": {
              "Name": "EFS-Security-Group"
            },
            "tags_all": {
              "Name": "EFS-Security-Group"
            },
            "timeouts": null,
            "vpc_id": "vpc-09d99cbaaf5af9de7"
          },
          "sensitive_attributes": [],
          "private": "eyJlMmJmYjczMC1lY2FhLTExZTYtOGY4OC0zNDM2M2JjN2M0YzAiOnsiY3JlYXRlIjo2MDAwMDAwMDAwMDAsImRlbGV0ZSI6OTAwMDAwMDAwMDAwfSwic2NoZW1hX3ZlcnNpb24iOiIxIn0=",
          "dependencies": [
            "aws_vpc.Terraform-VPC-test"
          ]
        }
      ]
    },
    {
      "mode": "managed",
      "type": "aws_subnet",
      "name": "subnet1",
      "provider": "provider[\"registry.terraform.io/hashicorp/aws\"]",
      "instances": [
        {
          "schema_version": 1,
          "attributes": {
            "arn": "arn:aws:ec2:eu-west-1:491085428405:subnet/subnet-08314c392fdd540d8",
            "assign_ipv6_address_on_creation": false,
            "availability_zone": "eu-west-1a",
            "availability_zone_id": "euw1-az3",
            "cidr_block": "10.0.1.0/24",
            "customer_owned_ipv4_pool": "",
            "enable_dns64": false,
            "enable_lni_at_device_index": 0,
            "enable_resource_name_dns_a_record_on_launch": false,
            "enable_resource_name_dns_aaaa_record_on_launch": false,
            "id": "subnet-08314c392fdd540d8",
            "ipv6_cidr_block": "",
            "ipv6_cidr_block_association_id": "",
            "ipv6_native": false,
            "map_customer_owned_ip_on_launch": false,
            "map_public_ip_on_launch": true,
            "outpost_arn": "",
            "owner_id": "491085428405",
            "private_dns_hostname_type_on_launch": "ip-name",
            "tags": {
              "Name": "Terraform-subnet-1"
            },
            "tags_all": {
              "Name": "Terraform-subnet-1"
            },
            "timeouts": null,
            "vpc_id": "vpc-09d99cbaaf5af9de7"
          },
          "sensitive_attributes": [],
          "private": "eyJlMmJmYjczMC1lY2FhLTExZTYtOGY4OC0zNDM2M2JjN2M0YzAiOnsiY3JlYXRlIjo2MDAwMDAwMDAwMDAsImRlbGV0ZSI6MTIwMDAwMDAwMDAwMH0sInNjaGVtYV92ZXJzaW9uIjoiMSJ9",
          "dependencies": [
            "aws_vpc.Terraform-VPC-test"
          ]
        }
      ]
    },
    {
      "mode": "managed",
      "type": "aws_subnet",
      "name": "subnet2",
      "provider": "provider[\"registry.terraform.io/hashicorp/aws\"]",
      "instances": [
        {
          "schema_version": 1,
          "attributes": {
            "arn": "arn:aws:ec2:eu-west-1:491085428405:subnet/subnet-0a7c95f2e48f738bf",
            "assign_ipv6_address_on_creation": false,
            "availability_zone": "eu-west-1b",
            "availability_zone_id": "euw1-az1",
            "cidr_block": "10.0.2.0/24",
            "customer_owned_ipv4_pool": "",
            "enable_dns64": false,
            "enable_lni_at_device_index": 0,
            "enable_resource_name_dns_a_record_on_launch": false,
            "enable_resource_name_dns_aaaa_record_on_launch": false,
            "id": "subnet-0a7c95f2e48f738bf",
            "ipv6_cidr_block": "",
            "ipv6_cidr_block_association_id": "",
            "ipv6_native": false,
            "map_customer_owned_ip_on_launch": false,
            "map_public_ip_on_launch": false,
            "outpost_arn": "",
            "owner_id": "491085428405",
            "private_dns_hostname_type_on_launch": "ip-name",
            "tags": {
              "Name": "Terraform-subnet-2"
            },
            "tags_all": {
              "Name": "Terraform-subnet-2"
            },
            "timeouts": null,
            "vpc_id": "vpc-09d99cbaaf5af9de7"
          },
          "sensitive_attributes": [],
          "private": "eyJlMmJmYjczMC1lY2FhLTExZTYtOGY4OC0zNDM2M2JjN2M0YzAiOnsiY3JlYXRlIjo2MDAwMDAwMDAwMDAsImRlbGV0ZSI6MTIwMDAwMDAwMDAwMH0sInNjaGVtYV92ZXJzaW9uIjoiMSJ9",
          "dependencies": [
            "aws_vpc.Terraform-VPC-test"
          ]
        }
      ]
    },
    {
      "mode": "managed",
      "type": "aws_vpc",
      "name": "Terraform-VPC-test",
      "provider": "provider[\"registry.terraform.io/hashicorp/aws\"]",
      "instances": [
        {
          "schema_version": 1,
          "attributes": {
            "arn": "arn:aws:ec2:eu-west-1:491085428405:vpc/vpc-09d99cbaaf5af9de7",
            "assign_generated_ipv6_cidr_block": false,
            "cidr_block": "10.0.0.0/16",
            "default_network_acl_id": "acl-05de8d26a26c8a9af",
            "default_route_table_id": "rtb-01d1abed399d950f4",
            "default_security_group_id": "sg-0e7a11f79022b8bf1",
            "dhcp_options_id": "dopt-04c34112d7e2fbb82",
            "enable_dns_hostnames": true,
            "enable_dns_support": true,
            "enable_network_address_usage_metrics": false,
            "id": "vpc-09d99cbaaf5af9de7",
            "instance_tenancy": "default",
            "ipv4_ipam_pool_id": null,
            "ipv4_netmask_length": null,
            "ipv6_association_id": "",
            "ipv6_cidr_block": "",
            "ipv6_cidr_block_network_border_group": "",
            "ipv6_ipam_pool_id": "",
            "ipv6_netmask_length": 0,
            "main_route_table_id": "rtb-01d1abed399d950f4",
            "owner_id": "491085428405",
            "tags": {
              "Name": "Terraform-VPC"
            },
            "tags_all": {
              "Name": "Terraform-VPC"
            }
          },
          "sensitive_attributes": [],
          "private": "eyJzY2hlbWFfdmVyc2lvbiI6IjEifQ=="
        }
      ]
    },
    {
      "mode": "managed",
      "type": "tls_private_key",
      "name": "Terraform-PrivateKey",
      "provider": "provider[\"registry.terraform.io/hashicorp/tls\"]",
      "instances": [
        {
          "schema_version": 1,
          "attributes": {
            "algorithm": "RSA",
            "ecdsa_curve": "P224",
            "id": "0e449b404e7f96c4eca9e379f7a0e02e027ba3f4",
            "private_key_openssh": "-----BEGIN OPENSSH PRIVATE KEY-----\nb3BlbnNzaC1rZXktdjEAAAAABG5vbmUAAAAEbm9uZQAAAAAAAAABAAABFwAAAAdz\nc2gtcnNhAAAAAwEAAQAAAQEAphjlKToBbR5Rjm9stJe/8z7z5i1OEiOPkjMNXund\nbBt0iciT3h/+HAioFY+NdqJ9HR2Ydqt3hADWmpBFyNiz2kAjATlsfRkfsIresFXo\n8+2cAzqzYfze111AMimMDEUheJ5H/m3WPSWceF1HB/Umg7/f0G8nqIyU7Y2hzyX5\nEpZbC40yrmasf75OIri2u1oWBM33S4yty1nhMIXOXCkHHWkFuNFVAQXD2FRpJJEn\nweK6m0pfWKlIcBR7TJjXo8U7HsVdM+l7vaTR/dI97aKWbMeIEVs69PBU2xUV3lL1\n6Ra9tHV+1u//WjFRkbszEDb0hhYjp+V7MK5UWUkFPyn8DQAAA7hGPhKIRj4SiAAA\nAAdzc2gtcnNhAAABAQCmGOUpOgFtHlGOb2y0l7/zPvPmLU4SI4+SMw1e6d1sG3SJ\nyJPeH/4cCKgVj412on0dHZh2q3eEANaakEXI2LPaQCMBOWx9GR+wit6wVejz7ZwD\nOrNh/N7XXUAyKYwMRSF4nkf+bdY9JZx4XUcH9SaDv9/QbyeojJTtjaHPJfkSllsL\njTKuZqx/vk4iuLa7WhYEzfdLjK3LWeEwhc5cKQcdaQW40VUBBcPYVGkkkSfB4rqb\nSl9YqUhwFHtMmNejxTsexV0z6Xu9pNH90j3topZsx4gRWzr08FTbFRXeUvXpFr20\ndX7W7/9aMVGRuzMQNvSGFiOn5XswrlRZSQU/KfwNAAAAAwEAAQAAAQBymmzL1FUV\nmDzHnYQQ2z+7M22QHSRoCZdPVeBc49o+dHcldnroYYSwjRyEu+bsu1K+WyROhSLS\nts1cGj28RiFabrR4bMm5SzN9WWQroSs523GxHLiW3KZZTOM1eUtDUBO3KOcd22Ve\nDWx39ExFZlYrw6FHLNrdRhqgCgBicJ35vx26d8u54T14aQBwpmaEVpILDtlbF9kD\nMgPRTYWTgyjvClpnlSrEQeYStY46wJovIEujj4IGRO5n14Ssh/WFZaJ1qHyfyA72\nH4GjxLlg6iBPhLDxOYeS0wdy/oGmOxfw3La828b2S0XyIab2DbqBYq8B3jWRppJ2\nYHrBQB4v/k9hAAAAgCIofdANStwwEY+XlzW/QQG0bfY/0JhB7XYwaDZfmGYfGCnH\nQV4gUhyVZVw1LnF75bAk0EXCIXI1HKs/vXaQJdwzO0Q91vS5F4EsFEVshIcKfEt8\nxI4Z7sAqCr3KmYwkrt1F7RK8l7TzCY2pjkYU2QvMLJxZL1fYdRrflySFdtq2AAAA\ngQDXyyQDise18YEnMi0UcFqkFeLYWcBKrJ4FMCczB4Grb6aJeQOuxD9y1vD3VQCq\neRrjUQjQJQy6JrjTs2YUOl7H5sgnqwQrUpoX80ANITSvywNyXv+fcts2DW1p54g3\ngS985LkYddg6SpYn8zldk+5qzvs9hMVhh5cXHJ2o9tlbZQAAAIEAxQtbA0EZh3FK\nL3NZ/pGN+QPPM9XOveBvsoTfCO2lr3zwvGdjyq1Re0Zykm9yeqAAi9ec+a/cdQhZ\nbUZqJdxAOEnG/ptgS/v5ovEE9kpp8T5GCzZfNBuDPMkgS1CvI1vtB63/QuY2UpkG\nqNY0hQDWOkiYNFxWi2/K71mPVZn6F4kAAAAAAQID\n-----END OPENSSH PRIVATE KEY-----\n",
            "private_key_pem": "-----BEGIN RSA PRIVATE KEY-----\nMIIEowIBAAKCAQEAphjlKToBbR5Rjm9stJe/8z7z5i1OEiOPkjMNXundbBt0iciT\n3h/+HAioFY+NdqJ9HR2Ydqt3hADWmpBFyNiz2kAjATlsfRkfsIresFXo8+2cAzqz\nYfze111AMimMDEUheJ5H/m3WPSWceF1HB/Umg7/f0G8nqIyU7Y2hzyX5EpZbC40y\nrmasf75OIri2u1oWBM33S4yty1nhMIXOXCkHHWkFuNFVAQXD2FRpJJEnweK6m0pf\nWKlIcBR7TJjXo8U7HsVdM+l7vaTR/dI97aKWbMeIEVs69PBU2xUV3lL16Ra9tHV+\n1u//WjFRkbszEDb0hhYjp+V7MK5UWUkFPyn8DQIDAQABAoIBAHKabMvUVRWYPMed\nhBDbP7szbZAdJGgJl09V4Fzj2j50dyV2euhhhLCNHIS75uy7Ur5bJE6FItK2zVwa\nPbxGIVputHhsyblLM31ZZCuhKznbcbEcuJbcpllM4zV5S0NQE7co5x3bZV4NbHf0\nTEVmVivDoUcs2t1GGqAKAGJwnfm/Hbp3y7nhPXhpAHCmZoRWkgsO2VsX2QMyA9FN\nhZODKO8KWmeVKsRB5hK1jjrAmi8gS6OPggZE7mfXhKyH9YVlonWofJ/IDvYfgaPE\nuWDqIE+EsPE5h5LTB3L+gaY7F/DctrzbxvZLRfIhpvYNuoFirwHeNZGmknZgesFA\nHi/+T2ECgYEA18skA4rHtfGBJzItFHBapBXi2FnASqyeBTAnMweBq2+miXkDrsQ/\nctbw91UAqnka41EI0CUMuia407NmFDpex+bIJ6sEK1KaF/NADSE0r8sDcl7/n3Lb\nNg1taeeIN4EvfOS5GHXYOkqWJ/M5XZPuas77PYTFYYeXFxydqPbZW2UCgYEAxQtb\nA0EZh3FKL3NZ/pGN+QPPM9XOveBvsoTfCO2lr3zwvGdjyq1Re0Zykm9yeqAAi9ec\n+a/cdQhZbUZqJdxAOEnG/ptgS/v5ovEE9kpp8T5GCzZfNBuDPMkgS1CvI1vtB63/\nQuY2UpkGqNY0hQDWOkiYNFxWi2/K71mPVZn6F4kCgYAuAkTScIN2GmC0D7Gm2vGo\nbHYqNLCX+0fRyVuCOMZ/29VBGEkduP/iJ0vHIBt9PUbrUnqzjkKxadIcaPKJu4w7\nyMvCEWdZKUprctSkOAE4veslNnX/9Agi9Sfv3Yqgcu3CDi4ctft9KivrpqMDfafm\no+zTR/yhd7xSFCrVPJRJNQKBgQCKM7K8D5bmRnFv4ooGYPSg6SkVBCsjRh1Rqpv8\nWSJSeWEn46Q8bV+vBPQq/PvgQgTgEHRLNCt98kM2v6KHt3lbgXOO9E+QO8UVodKH\nJB42VCUwjAwuMfXUVoTODmMoe7s+Ha3hsDH9sNLY7JSdjL601mHap8ETv28ofTpp\nIbwlcQKBgCIofdANStwwEY+XlzW/QQG0bfY/0JhB7XYwaDZfmGYfGCnHQV4gUhyV\nZVw1LnF75bAk0EXCIXI1HKs/vXaQJdwzO0Q91vS5F4EsFEVshIcKfEt8xI4Z7sAq\nCr3KmYwkrt1F7RK8l7TzCY2pjkYU2QvMLJxZL1fYdRrflySFdtq2\n-----END RSA PRIVATE KEY-----\n",
            "private_key_pem_pkcs8": "-----BEGIN PRIVATE KEY-----\nMIIEvQIBADANBgkqhkiG9w0BAQEFAASCBKcwggSjAgEAAoIBAQCmGOUpOgFtHlGO\nb2y0l7/zPvPmLU4SI4+SMw1e6d1sG3SJyJPeH/4cCKgVj412on0dHZh2q3eEANaa\nkEXI2LPaQCMBOWx9GR+wit6wVejz7ZwDOrNh/N7XXUAyKYwMRSF4nkf+bdY9JZx4\nXUcH9SaDv9/QbyeojJTtjaHPJfkSllsLjTKuZqx/vk4iuLa7WhYEzfdLjK3LWeEw\nhc5cKQcdaQW40VUBBcPYVGkkkSfB4rqbSl9YqUhwFHtMmNejxTsexV0z6Xu9pNH9\n0j3topZsx4gRWzr08FTbFRXeUvXpFr20dX7W7/9aMVGRuzMQNvSGFiOn5XswrlRZ\nSQU/KfwNAgMBAAECggEAcppsy9RVFZg8x52EENs/uzNtkB0kaAmXT1XgXOPaPnR3\nJXZ66GGEsI0chLvm7LtSvlskToUi0rbNXBo9vEYhWm60eGzJuUszfVlkK6ErOdtx\nsRy4ltymWUzjNXlLQ1ATtyjnHdtlXg1sd/RMRWZWK8OhRyza3UYaoAoAYnCd+b8d\nunfLueE9eGkAcKZmhFaSCw7ZWxfZAzID0U2Fk4Mo7wpaZ5UqxEHmErWOOsCaLyBL\no4+CBkTuZ9eErIf1hWWidah8n8gO9h+Bo8S5YOogT4Sw8TmHktMHcv6BpjsX8Ny2\nvNvG9ktF8iGm9g26gWKvAd41kaaSdmB6wUAeL/5PYQKBgQDXyyQDise18YEnMi0U\ncFqkFeLYWcBKrJ4FMCczB4Grb6aJeQOuxD9y1vD3VQCqeRrjUQjQJQy6JrjTs2YU\nOl7H5sgnqwQrUpoX80ANITSvywNyXv+fcts2DW1p54g3gS985LkYddg6SpYn8zld\nk+5qzvs9hMVhh5cXHJ2o9tlbZQKBgQDFC1sDQRmHcUovc1n+kY35A88z1c694G+y\nhN8I7aWvfPC8Z2PKrVF7RnKSb3J6oACL15z5r9x1CFltRmol3EA4Scb+m2BL+/mi\n8QT2SmnxPkYLNl80G4M8ySBLUK8jW+0Hrf9C5jZSmQao1jSFANY6SJg0XFaLb8rv\nWY9VmfoXiQKBgC4CRNJwg3YaYLQPsaba8ahsdio0sJf7R9HJW4I4xn/b1UEYSR24\n/+InS8cgG309RutSerOOQrFp0hxo8om7jDvIy8IRZ1kpSmty1KQ4ATi96yU2df/0\nCCL1J+/diqBy7cIOLhy1+30qK+umowN9p+aj7NNH/KF3vFIUKtU8lEk1AoGBAIoz\nsrwPluZGcW/iigZg9KDpKRUEKyNGHVGqm/xZIlJ5YSfjpDxtX68E9Cr8++BCBOAQ\ndEs0K33yQza/ooe3eVuBc470T5A7xRWh0ockHjZUJTCMDC4x9dRWhM4OYyh7uz4d\nreGwMf2w0tjslJ2MvrTWYdqnwRO/byh9OmkhvCVxAoGAIih90A1K3DARj5eXNb9B\nAbRt9j/QmEHtdjBoNl+YZh8YKcdBXiBSHJVlXDUucXvlsCTQRcIhcjUcqz+9dpAl\n3DM7RD3W9LkXgSwURWyEhwp8S3zEjhnuwCoKvcqZjCSu3UXtEryXtPMJjamORhTZ\nC8wsnFkvV9h1Gt+XJIV22rY=\n-----END PRIVATE KEY-----\n",
            "public_key_fingerprint_md5": "2b:cd:a2:aa:15:ec:e3:00:49:94:91:a8:80:fd:ec:51",
            "public_key_fingerprint_sha256": "SHA256:s2a3HcoOQd7DZI5TZtN9mAKeMhZZh/F+gzxTaRvMf5E",
            "public_key_openssh": "ssh-rsa AAAAB3NzaC1yc2EAAAADAQABAAABAQCmGOUpOgFtHlGOb2y0l7/zPvPmLU4SI4+SMw1e6d1sG3SJyJPeH/4cCKgVj412on0dHZh2q3eEANaakEXI2LPaQCMBOWx9GR+wit6wVejz7ZwDOrNh/N7XXUAyKYwMRSF4nkf+bdY9JZx4XUcH9SaDv9/QbyeojJTtjaHPJfkSllsLjTKuZqx/vk4iuLa7WhYEzfdLjK3LWeEwhc5cKQcdaQW40VUBBcPYVGkkkSfB4rqbSl9YqUhwFHtMmNejxTsexV0z6Xu9pNH90j3topZsx4gRWzr08FTbFRXeUvXpFr20dX7W7/9aMVGRuzMQNvSGFiOn5XswrlRZSQU/KfwN\n",
            "public_key_pem": "-----BEGIN PUBLIC KEY-----\nMIIBIjANBgkqhkiG9w0BAQEFAAOCAQ8AMIIBCgKCAQEAphjlKToBbR5Rjm9stJe/\n8z7z5i1OEiOPkjMNXundbBt0iciT3h/+HAioFY+NdqJ9HR2Ydqt3hADWmpBFyNiz\n2kAjATlsfRkfsIresFXo8+2cAzqzYfze111AMimMDEUheJ5H/m3WPSWceF1HB/Um\ng7/f0G8nqIyU7Y2hzyX5EpZbC40yrmasf75OIri2u1oWBM33S4yty1nhMIXOXCkH\nHWkFuNFVAQXD2FRpJJEnweK6m0pfWKlIcBR7TJjXo8U7HsVdM+l7vaTR/dI97aKW\nbMeIEVs69PBU2xUV3lL16Ra9tHV+1u//WjFRkbszEDb0hhYjp+V7MK5UWUkFPyn8\nDQIDAQAB\n-----END PUBLIC KEY-----\n",
            "rsa_bits": 2048
          },
          "sensitive_attributes": [
            [
              {
                "type": "get_attr",
                "value": "private_key_pem"
              }
            ],
            [
              {
                "type": "get_attr",
                "value": "private_key_openssh"
              }
            ],
            [
              {
                "type": "get_attr",
                "value": "private_key_pem_pkcs8"
              }
            ]
          ]
        }
      ]
    }
  ],
  "check_results": null
}
